// !$*UTF8*$!
{
	archiveVersion = 1;
	classes = {
	};
	objectVersion = 46;
	objects = {

/* Begin PBXBuildFile section */
		4D06F69719186AF1005597F9 /* EELMenu.m in Sources */ = {isa = PBXBuildFile; fileRef = 4D06F69619186AF1005597F9 /* EELMenu.m */; };
		4D22EE1F1969DD4D00268853 /* Settings.bundle in Resources */ = {isa = PBXBuildFile; fileRef = 4D22EE1E1969DD4D00268853 /* Settings.bundle */; };
		4D37D4641949139500034769 /* EELListTableViewCell.m in Sources */ = {isa = PBXBuildFile; fileRef = 4D37D4621949139500034769 /* EELListTableViewCell.m */; };
		4D37D4651949139500034769 /* EELListTableViewCell.xib in Resources */ = {isa = PBXBuildFile; fileRef = 4D37D4631949139500034769 /* EELListTableViewCell.xib */; };
		4D37D4671949284D00034769 /* EELReviewCell.xib in Resources */ = {isa = PBXBuildFile; fileRef = 4D37D4661949284D00034769 /* EELReviewCell.xib */; };
		4D37D46B19494F9F00034769 /* EELListHeaderTableViewCell.m in Sources */ = {isa = PBXBuildFile; fileRef = 4D37D46919494F9F00034769 /* EELListHeaderTableViewCell.m */; };
		4D37D46C19494F9F00034769 /* EELListHeaderTableViewCell.xib in Resources */ = {isa = PBXBuildFile; fileRef = 4D37D46A19494F9F00034769 /* EELListHeaderTableViewCell.xib */; };
		4D544BA219441518000718D7 /* EELReviewCell.m in Sources */ = {isa = PBXBuildFile; fileRef = 4D544BA119441518000718D7 /* EELReviewCell.m */; };
		4D544BA61944F1E9000718D7 /* EELDispensaryInfoListDataSource.m in Sources */ = {isa = PBXBuildFile; fileRef = 4D544BA51944F1E9000718D7 /* EELDispensaryInfoListDataSource.m */; };
		4D75E0C51943F73A00A25AB6 /* EELDispensaryDetailDataSource.m in Sources */ = {isa = PBXBuildFile; fileRef = 4D75E0C41943F73A00A25AB6 /* EELDispensaryDetailDataSource.m */; };
		4D75E0CE1943F96C00A25AB6 /* EELReviewsDataSource.m in Sources */ = {isa = PBXBuildFile; fileRef = 4D75E0CD1943F96C00A25AB6 /* EELReviewsDataSource.m */; };
		4D75E0D11943FBE200A25AB6 /* EELDetailViewController.m in Sources */ = {isa = PBXBuildFile; fileRef = 4D75E0D01943FBE200A25AB6 /* EELDetailViewController.m */; };
		4D75E0D41944022800A25AB6 /* EELDetailHeader.m in Sources */ = {isa = PBXBuildFile; fileRef = 4D75E0D31944022800A25AB6 /* EELDetailHeader.m */; };
		4D8718D419A2DA8C000DBC94 /* EELDispensaryMoreInfoDataSource.m in Sources */ = {isa = PBXBuildFile; fileRef = 4D8718D319A2DA8C000DBC94 /* EELDispensaryMoreInfoDataSource.m */; };
		4D8718D719A3BF89000DBC94 /* EELDetailInfoCell.m in Sources */ = {isa = PBXBuildFile; fileRef = 4D8718D619A3BF89000DBC94 /* EELDetailInfoCell.m */; };
		4D8718D919A3BFB2000DBC94 /* EELDetailInfoCell.xib in Resources */ = {isa = PBXBuildFile; fileRef = 4D8718D819A3BFB2000DBC94 /* EELDetailInfoCell.xib */; };
		4D8718DC19A3D024000DBC94 /* EELLeaflyClient.m in Sources */ = {isa = PBXBuildFile; fileRef = 4D8718DB19A3D024000DBC94 /* EELLeaflyClient.m */; };
		4D8718E219A3D0E1000DBC94 /* EELStrain.m in Sources */ = {isa = PBXBuildFile; fileRef = 4D8718E119A3D0E1000DBC94 /* EELStrain.m */; };
		4D8718E819A3DB50000DBC94 /* EELStrainInfo.m in Sources */ = {isa = PBXBuildFile; fileRef = 4D8718E719A3DB50000DBC94 /* EELStrainInfo.m */; };
		4D87F4B9194984CF00740558 /* EELMenuViewController.m in Sources */ = {isa = PBXBuildFile; fileRef = 4D87F4B8194984CF00740558 /* EELMenuViewController.m */; };
		4D87F4BC1949851B00740558 /* EELMenuDataSource.m in Sources */ = {isa = PBXBuildFile; fileRef = 4D87F4BB1949851B00740558 /* EELMenuDataSource.m */; };
		4D87F4BF1949865600740558 /* EELMenuItemsDataSource.m in Sources */ = {isa = PBXBuildFile; fileRef = 4D87F4BE1949865600740558 /* EELMenuItemsDataSource.m */; };
		4D87F4C21949884000740558 /* EELMenuItemCell.m in Sources */ = {isa = PBXBuildFile; fileRef = 4D87F4C11949884000740558 /* EELMenuItemCell.m */; };
		4D87F4C41949887E00740558 /* EELMenuItemCell.xib in Resources */ = {isa = PBXBuildFile; fileRef = 4D87F4C31949887E00740558 /* EELMenuItemCell.xib */; };
		4D87F4CE19499D7D00740558 /* EELFlowerMenuItemsDataSource.m in Sources */ = {isa = PBXBuildFile; fileRef = 4D87F4CD19499D7D00740558 /* EELFlowerMenuItemsDataSource.m */; };
		4D87F4D119499D9500740558 /* EELConcentratesMenuItemsDataSource.m in Sources */ = {isa = PBXBuildFile; fileRef = 4D87F4D019499D9500740558 /* EELConcentratesMenuItemsDataSource.m */; };
		4D87F4D419499E6200740558 /* EELEdiblesMenuItemsDataSource.m in Sources */ = {isa = PBXBuildFile; fileRef = 4D87F4D319499E6200740558 /* EELEdiblesMenuItemsDataSource.m */; };
		4D8B0A27198C2532001ECC83 /* EELWMResponse.m in Sources */ = {isa = PBXBuildFile; fileRef = 4D8B0A26198C2532001ECC83 /* EELWMResponse.m */; };
		4D8B0A2A198C3EE2001ECC83 /* EELStoreHours.m in Sources */ = {isa = PBXBuildFile; fileRef = 4D8B0A29198C3EE2001ECC83 /* EELStoreHours.m */; };
		4D9DDDF01915AC89006E5B03 /* EELWMClient.m in Sources */ = {isa = PBXBuildFile; fileRef = 4D9DDDEF1915AC89006E5B03 /* EELWMClient.m */; };
		4D9DDDF61915AFEB006E5B03 /* EELDispensary.m in Sources */ = {isa = PBXBuildFile; fileRef = 4D9DDDF51915AFEB006E5B03 /* EELDispensary.m */; };
		4D9DDDF91915BA75006E5B03 /* EELAccount.m in Sources */ = {isa = PBXBuildFile; fileRef = 4D9DDDF81915BA75006E5B03 /* EELAccount.m */; };
		4D9DDDFC1915BA81006E5B03 /* EELReview.m in Sources */ = {isa = PBXBuildFile; fileRef = 4D9DDDFB1915BA81006E5B03 /* EELReview.m */; };
		4D9DDE0419169629006E5B03 /* EELMenuItem.m in Sources */ = {isa = PBXBuildFile; fileRef = 4D9DDE0319169629006E5B03 /* EELMenuItem.m */; };
		4D9DDE0B1916AD74006E5B03 /* EELArrayDataSource.m in Sources */ = {isa = PBXBuildFile; fileRef = 4D9DDE0A1916AD74006E5B03 /* EELArrayDataSource.m */; };
		4DC1A1121912F9A200228F5A /* Foundation.framework in Frameworks */ = {isa = PBXBuildFile; fileRef = 4DC1A1111912F9A200228F5A /* Foundation.framework */; };
		4DC1A1141912F9A200228F5A /* CoreGraphics.framework in Frameworks */ = {isa = PBXBuildFile; fileRef = 4DC1A1131912F9A200228F5A /* CoreGraphics.framework */; };
		4DC1A1161912F9A200228F5A /* UIKit.framework in Frameworks */ = {isa = PBXBuildFile; fileRef = 4DC1A1151912F9A200228F5A /* UIKit.framework */; };
		4DC1A11C1912F9A200228F5A /* InfoPlist.strings in Resources */ = {isa = PBXBuildFile; fileRef = 4DC1A11A1912F9A200228F5A /* InfoPlist.strings */; };
		4DC1A11E1912F9A200228F5A /* main.m in Sources */ = {isa = PBXBuildFile; fileRef = 4DC1A11D1912F9A200228F5A /* main.m */; };
		4DC1A1221912F9A200228F5A /* EELAppDelegate.m in Sources */ = {isa = PBXBuildFile; fileRef = 4DC1A1211912F9A200228F5A /* EELAppDelegate.m */; };
		4DC1A1251912F9A200228F5A /* Main.storyboard in Resources */ = {isa = PBXBuildFile; fileRef = 4DC1A1231912F9A200228F5A /* Main.storyboard */; };
		4DC1A12A1912F9A200228F5A /* Images.xcassets in Resources */ = {isa = PBXBuildFile; fileRef = 4DC1A1291912F9A200228F5A /* Images.xcassets */; };
		4DC1A1311912F9A200228F5A /* XCTest.framework in Frameworks */ = {isa = PBXBuildFile; fileRef = 4DC1A1301912F9A200228F5A /* XCTest.framework */; };
		4DC1A1321912F9A200228F5A /* Foundation.framework in Frameworks */ = {isa = PBXBuildFile; fileRef = 4DC1A1111912F9A200228F5A /* Foundation.framework */; };
		4DC1A1331912F9A200228F5A /* UIKit.framework in Frameworks */ = {isa = PBXBuildFile; fileRef = 4DC1A1151912F9A200228F5A /* UIKit.framework */; };
		4DC1A13B1912F9A200228F5A /* InfoPlist.strings in Resources */ = {isa = PBXBuildFile; fileRef = 4DC1A1391912F9A200228F5A /* InfoPlist.strings */; };
		4DC1A13D1912F9A200228F5A /* weedlyTests.m in Sources */ = {isa = PBXBuildFile; fileRef = 4DC1A13C1912F9A200228F5A /* weedlyTests.m */; };
		4DC1A1471912FAA300228F5A /* MapKit.framework in Frameworks */ = {isa = PBXBuildFile; fileRef = 4DC1A1461912FAA300228F5A /* MapKit.framework */; };
		4DCFE51A1948BE3100139D52 /* EELDetailListCell.xib in Resources */ = {isa = PBXBuildFile; fileRef = 4DCFE5191948BE3100139D52 /* EELDetailListCell.xib */; };
		4DCFE51D1948BEA500139D52 /* EELDeal.m in Sources */ = {isa = PBXBuildFile; fileRef = 4DCFE51C1948BEA500139D52 /* EELDeal.m */; };
		4DCFE5201948BF1400139D52 /* EELDetailListCell.m in Sources */ = {isa = PBXBuildFile; fileRef = 4DCFE51F1948BF1400139D52 /* EELDetailListCell.m */; };
		4DCFE5221948C05300139D52 /* EELDetailHeader.xib in Resources */ = {isa = PBXBuildFile; fileRef = 4DCFE5211948C05300139D52 /* EELDetailHeader.xib */; };
		4DD1FFF8194641650072D5B4 /* EELListTableView.m in Sources */ = {isa = PBXBuildFile; fileRef = 4DD1FFF7194641650072D5B4 /* EELListTableView.m */; };
		4DD4930C1915827D001A6203 /* EELMainViewController.m in Sources */ = {isa = PBXBuildFile; fileRef = 4DD4930B1915827D001A6203 /* EELMainViewController.m */; };
		4DD86E171959F28B002D0A3C /* EELDealViewController.m in Sources */ = {isa = PBXBuildFile; fileRef = 4DD86E161959F28B002D0A3C /* EELDealViewController.m */; };
		A40B92E6198C88EC00EB1684 /* EELYLocationManager.m in Sources */ = {isa = PBXBuildFile; fileRef = A40B92E5198C88EC00EB1684 /* EELYLocationManager.m */; };
		A416BC0E198C51CB00ACC39B /* AAPLAction.m in Sources */ = {isa = PBXBuildFile; fileRef = A416BBFA198C51CB00ACC39B /* AAPLAction.m */; };
		A416BC0F198C51CB00ACC39B /* AAPLBasicCell.m in Sources */ = {isa = PBXBuildFile; fileRef = A416BBFC198C51CB00ACC39B /* AAPLBasicCell.m */; };
		A416BC10198C51CB00ACC39B /* AAPLCollectionViewCell.m in Sources */ = {isa = PBXBuildFile; fileRef = A416BBFF198C51CB00ACC39B /* AAPLCollectionViewCell.m */; };
		A416BC11198C51CB00ACC39B /* AAPLContentLoading.m in Sources */ = {isa = PBXBuildFile; fileRef = A416BC01198C51CB00ACC39B /* AAPLContentLoading.m */; };
		A416BC12198C51CB00ACC39B /* AAPLHairlineView.m in Sources */ = {isa = PBXBuildFile; fileRef = A416BC03198C51CB00ACC39B /* AAPLHairlineView.m */; };
		A416BC13198C51CB00ACC39B /* AAPLPinnableHeaderView.m in Sources */ = {isa = PBXBuildFile; fileRef = A416BC05198C51CB00ACC39B /* AAPLPinnableHeaderView.m */; };
		A416BC14198C51CB00ACC39B /* AAPLPlaceholderView.m in Sources */ = {isa = PBXBuildFile; fileRef = A416BC07198C51CB00ACC39B /* AAPLPlaceholderView.m */; };
		A416BC15198C51CB00ACC39B /* AAPLSectionHeaderView.m in Sources */ = {isa = PBXBuildFile; fileRef = A416BC09198C51CB00ACC39B /* AAPLSectionHeaderView.m */; };
		A416BC16198C51CB00ACC39B /* AAPLSegmentedHeaderView.m in Sources */ = {isa = PBXBuildFile; fileRef = A416BC0B198C51CB00ACC39B /* AAPLSegmentedHeaderView.m */; };
		A416BC17198C51CB00ACC39B /* AAPLStateMachine.m in Sources */ = {isa = PBXBuildFile; fileRef = A416BC0D198C51CB00ACC39B /* AAPLStateMachine.m */; };
		A416BC20198C51DB00ACC39B /* AAPLDataSource+Headers.m in Sources */ = {isa = PBXBuildFile; fileRef = A416BC19198C51DA00ACC39B /* AAPLDataSource+Headers.m */; };
		A416BC21198C51DB00ACC39B /* NSObject+KVOBlock.m in Sources */ = {isa = PBXBuildFile; fileRef = A416BC1B198C51DB00ACC39B /* NSObject+KVOBlock.m */; };
		A416BC22198C51DB00ACC39B /* UICollectionView+Helpers.m in Sources */ = {isa = PBXBuildFile; fileRef = A416BC1D198C51DB00ACC39B /* UICollectionView+Helpers.m */; };
		A416BC23198C51DB00ACC39B /* UIView+Helpers.m in Sources */ = {isa = PBXBuildFile; fileRef = A416BC1F198C51DB00ACC39B /* UIView+Helpers.m */; };
		A416BC2F198C51EB00ACC39B /* AAPLBasicDataSource.m in Sources */ = {isa = PBXBuildFile; fileRef = A416BC25198C51EB00ACC39B /* AAPLBasicDataSource.m */; };
		A416BC30198C51EB00ACC39B /* AAPLComposedDataSource_Private.m in Sources */ = {isa = PBXBuildFile; fileRef = A416BC27198C51EB00ACC39B /* AAPLComposedDataSource_Private.m */; };
		A416BC31198C51EB00ACC39B /* AAPLComposedDataSource.m in Sources */ = {isa = PBXBuildFile; fileRef = A416BC29198C51EB00ACC39B /* AAPLComposedDataSource.m */; };
		A416BC32198C51EB00ACC39B /* AAPLDataSource.m in Sources */ = {isa = PBXBuildFile; fileRef = A416BC2C198C51EB00ACC39B /* AAPLDataSource.m */; };
		A416BC33198C51EB00ACC39B /* AAPLSegmentedDataSource.m in Sources */ = {isa = PBXBuildFile; fileRef = A416BC2E198C51EB00ACC39B /* AAPLSegmentedDataSource.m */; };
		A416BC43198C522F00ACC39B /* AAPLCollectionViewGridLayout_Internal.m in Sources */ = {isa = PBXBuildFile; fileRef = A416BC35198C522F00ACC39B /* AAPLCollectionViewGridLayout_Internal.m */; };
		A416BC44198C522F00ACC39B /* AAPLCollectionViewGridLayout.m in Sources */ = {isa = PBXBuildFile; fileRef = A416BC38198C522F00ACC39B /* AAPLCollectionViewGridLayout.m */; };
		A416BC45198C522F00ACC39B /* AAPLCollectionViewGridLayoutAttributes.m in Sources */ = {isa = PBXBuildFile; fileRef = A416BC3B198C522F00ACC39B /* AAPLCollectionViewGridLayoutAttributes.m */; };
		A416BC46198C522F00ACC39B /* AAPLLayoutMetrics.m in Sources */ = {isa = PBXBuildFile; fileRef = A416BC3E198C522F00ACC39B /* AAPLLayoutMetrics.m */; };
		A416BC47198C522F00ACC39B /* AAPLCollectionViewController.m in Sources */ = {isa = PBXBuildFile; fileRef = A416BC40198C522F00ACC39B /* AAPLCollectionViewController.m */; };
		A416BC48198C522F00ACC39B /* AAPLSwipeToEditStateMachine.m in Sources */ = {isa = PBXBuildFile; fileRef = A416BC42198C522F00ACC39B /* AAPLSwipeToEditStateMachine.m */; };
		BE8BDD8F4BD4453BBD4478C3 /* libPods.a in Frameworks */ = {isa = PBXBuildFile; fileRef = F50009311F37485CA198D2EA /* libPods.a */; };
/* End PBXBuildFile section */

/* Begin PBXContainerItemProxy section */
		4DC1A1341912F9A200228F5A /* PBXContainerItemProxy */ = {
			isa = PBXContainerItemProxy;
			containerPortal = 4DC1A1061912F9A200228F5A /* Project object */;
			proxyType = 1;
			remoteGlobalIDString = 4DC1A10D1912F9A200228F5A;
			remoteInfo = weedly;
		};
/* End PBXContainerItemProxy section */

/* Begin PBXFileReference section */
		4D06F69519186AF1005597F9 /* EELMenu.h */ = {isa = PBXFileReference; fileEncoding = 4; lastKnownFileType = sourcecode.c.h; name = EELMenu.h; path = models/EELMenu.h; sourceTree = "<group>"; };
		4D06F69619186AF1005597F9 /* EELMenu.m */ = {isa = PBXFileReference; fileEncoding = 4; lastKnownFileType = sourcecode.c.objc; name = EELMenu.m; path = models/EELMenu.m; sourceTree = "<group>"; };
		4D22EE1E1969DD4D00268853 /* Settings.bundle */ = {isa = PBXFileReference; lastKnownFileType = "wrapper.plug-in"; name = Settings.bundle; path = weedly/Settings.bundle; sourceTree = "<group>"; };
		4D37D4611949139500034769 /* EELListTableViewCell.h */ = {isa = PBXFileReference; fileEncoding = 4; lastKnownFileType = sourcecode.c.h; name = EELListTableViewCell.h; path = views/EELListTableViewCell.h; sourceTree = "<group>"; };
		4D37D4621949139500034769 /* EELListTableViewCell.m */ = {isa = PBXFileReference; fileEncoding = 4; lastKnownFileType = sourcecode.c.objc; name = EELListTableViewCell.m; path = views/EELListTableViewCell.m; sourceTree = "<group>"; };
		4D37D4631949139500034769 /* EELListTableViewCell.xib */ = {isa = PBXFileReference; fileEncoding = 4; lastKnownFileType = file.xib; name = EELListTableViewCell.xib; path = views/EELListTableViewCell.xib; sourceTree = "<group>"; };
		4D37D4661949284D00034769 /* EELReviewCell.xib */ = {isa = PBXFileReference; fileEncoding = 4; lastKnownFileType = file.xib; name = EELReviewCell.xib; path = views/EELReviewCell.xib; sourceTree = "<group>"; };
		4D37D46819494F9F00034769 /* EELListHeaderTableViewCell.h */ = {isa = PBXFileReference; fileEncoding = 4; lastKnownFileType = sourcecode.c.h; name = EELListHeaderTableViewCell.h; path = views/EELListHeaderTableViewCell.h; sourceTree = "<group>"; };
		4D37D46919494F9F00034769 /* EELListHeaderTableViewCell.m */ = {isa = PBXFileReference; fileEncoding = 4; lastKnownFileType = sourcecode.c.objc; name = EELListHeaderTableViewCell.m; path = views/EELListHeaderTableViewCell.m; sourceTree = "<group>"; };
		4D37D46A19494F9F00034769 /* EELListHeaderTableViewCell.xib */ = {isa = PBXFileReference; fileEncoding = 4; lastKnownFileType = file.xib; name = EELListHeaderTableViewCell.xib; path = views/EELListHeaderTableViewCell.xib; sourceTree = "<group>"; };
		4D544BA019441518000718D7 /* EELReviewCell.h */ = {isa = PBXFileReference; fileEncoding = 4; lastKnownFileType = sourcecode.c.h; path = EELReviewCell.h; sourceTree = "<group>"; };
		4D544BA119441518000718D7 /* EELReviewCell.m */ = {isa = PBXFileReference; fileEncoding = 4; lastKnownFileType = sourcecode.c.objc; path = EELReviewCell.m; sourceTree = "<group>"; };
		4D544BA41944F1E9000718D7 /* EELDispensaryInfoListDataSource.h */ = {isa = PBXFileReference; fileEncoding = 4; lastKnownFileType = sourcecode.c.h; path = EELDispensaryInfoListDataSource.h; sourceTree = "<group>"; };
		4D544BA51944F1E9000718D7 /* EELDispensaryInfoListDataSource.m */ = {isa = PBXFileReference; fileEncoding = 4; lastKnownFileType = sourcecode.c.objc; path = EELDispensaryInfoListDataSource.m; sourceTree = "<group>"; };
		4D75E0C31943F73A00A25AB6 /* EELDispensaryDetailDataSource.h */ = {isa = PBXFileReference; fileEncoding = 4; lastKnownFileType = sourcecode.c.h; path = EELDispensaryDetailDataSource.h; sourceTree = "<group>"; };
		4D75E0C41943F73A00A25AB6 /* EELDispensaryDetailDataSource.m */ = {isa = PBXFileReference; fileEncoding = 4; lastKnownFileType = sourcecode.c.objc; path = EELDispensaryDetailDataSource.m; sourceTree = "<group>"; };
		4D75E0CC1943F96C00A25AB6 /* EELReviewsDataSource.h */ = {isa = PBXFileReference; fileEncoding = 4; lastKnownFileType = sourcecode.c.h; path = EELReviewsDataSource.h; sourceTree = "<group>"; };
		4D75E0CD1943F96C00A25AB6 /* EELReviewsDataSource.m */ = {isa = PBXFileReference; fileEncoding = 4; lastKnownFileType = sourcecode.c.objc; path = EELReviewsDataSource.m; sourceTree = "<group>"; };
		4D75E0CF1943FBE200A25AB6 /* EELDetailViewController.h */ = {isa = PBXFileReference; fileEncoding = 4; lastKnownFileType = sourcecode.c.h; name = EELDetailViewController.h; path = controllers/EELDetailViewController.h; sourceTree = "<group>"; };
		4D75E0D01943FBE200A25AB6 /* EELDetailViewController.m */ = {isa = PBXFileReference; fileEncoding = 4; lastKnownFileType = sourcecode.c.objc; name = EELDetailViewController.m; path = controllers/EELDetailViewController.m; sourceTree = "<group>"; };
		4D75E0D21944022800A25AB6 /* EELDetailHeader.h */ = {isa = PBXFileReference; fileEncoding = 4; lastKnownFileType = sourcecode.c.h; path = EELDetailHeader.h; sourceTree = "<group>"; };
		4D75E0D31944022800A25AB6 /* EELDetailHeader.m */ = {isa = PBXFileReference; fileEncoding = 4; lastKnownFileType = sourcecode.c.objc; path = EELDetailHeader.m; sourceTree = "<group>"; };
		4D8718D219A2DA8C000DBC94 /* EELDispensaryMoreInfoDataSource.h */ = {isa = PBXFileReference; fileEncoding = 4; lastKnownFileType = sourcecode.c.h; path = EELDispensaryMoreInfoDataSource.h; sourceTree = "<group>"; };
		4D8718D319A2DA8C000DBC94 /* EELDispensaryMoreInfoDataSource.m */ = {isa = PBXFileReference; fileEncoding = 4; lastKnownFileType = sourcecode.c.objc; path = EELDispensaryMoreInfoDataSource.m; sourceTree = "<group>"; };
		4D8718D519A3BF89000DBC94 /* EELDetailInfoCell.h */ = {isa = PBXFileReference; fileEncoding = 4; lastKnownFileType = sourcecode.c.h; name = EELDetailInfoCell.h; path = views/EELDetailInfoCell.h; sourceTree = "<group>"; };
		4D8718D619A3BF89000DBC94 /* EELDetailInfoCell.m */ = {isa = PBXFileReference; fileEncoding = 4; lastKnownFileType = sourcecode.c.objc; name = EELDetailInfoCell.m; path = views/EELDetailInfoCell.m; sourceTree = "<group>"; };
		4D8718D819A3BFB2000DBC94 /* EELDetailInfoCell.xib */ = {isa = PBXFileReference; fileEncoding = 4; lastKnownFileType = file.xib; name = EELDetailInfoCell.xib; path = views/EELDetailInfoCell.xib; sourceTree = "<group>"; };
		4D8718DA19A3D024000DBC94 /* EELLeaflyClient.h */ = {isa = PBXFileReference; fileEncoding = 4; lastKnownFileType = sourcecode.c.h; name = EELLeaflyClient.h; path = models/EELLeaflyClient.h; sourceTree = "<group>"; };
		4D8718DB19A3D024000DBC94 /* EELLeaflyClient.m */ = {isa = PBXFileReference; fileEncoding = 4; lastKnownFileType = sourcecode.c.objc; name = EELLeaflyClient.m; path = models/EELLeaflyClient.m; sourceTree = "<group>"; };
		4D8718E019A3D0E1000DBC94 /* EELStrain.h */ = {isa = PBXFileReference; fileEncoding = 4; lastKnownFileType = sourcecode.c.h; name = EELStrain.h; path = models/EELStrain.h; sourceTree = "<group>"; };
		4D8718E119A3D0E1000DBC94 /* EELStrain.m */ = {isa = PBXFileReference; fileEncoding = 4; lastKnownFileType = sourcecode.c.objc; name = EELStrain.m; path = models/EELStrain.m; sourceTree = "<group>"; };
		4D8718E619A3DB50000DBC94 /* EELStrainInfo.h */ = {isa = PBXFileReference; fileEncoding = 4; lastKnownFileType = sourcecode.c.h; name = EELStrainInfo.h; path = models/EELStrainInfo.h; sourceTree = "<group>"; };
		4D8718E719A3DB50000DBC94 /* EELStrainInfo.m */ = {isa = PBXFileReference; fileEncoding = 4; lastKnownFileType = sourcecode.c.objc; name = EELStrainInfo.m; path = models/EELStrainInfo.m; sourceTree = "<group>"; };
		4D87F4B7194984CF00740558 /* EELMenuViewController.h */ = {isa = PBXFileReference; fileEncoding = 4; lastKnownFileType = sourcecode.c.h; name = EELMenuViewController.h; path = controllers/EELMenuViewController.h; sourceTree = "<group>"; };
		4D87F4B8194984CF00740558 /* EELMenuViewController.m */ = {isa = PBXFileReference; fileEncoding = 4; lastKnownFileType = sourcecode.c.objc; name = EELMenuViewController.m; path = controllers/EELMenuViewController.m; sourceTree = "<group>"; };
		4D87F4BA1949851B00740558 /* EELMenuDataSource.h */ = {isa = PBXFileReference; fileEncoding = 4; lastKnownFileType = sourcecode.c.h; path = EELMenuDataSource.h; sourceTree = "<group>"; };
		4D87F4BB1949851B00740558 /* EELMenuDataSource.m */ = {isa = PBXFileReference; fileEncoding = 4; lastKnownFileType = sourcecode.c.objc; path = EELMenuDataSource.m; sourceTree = "<group>"; };
		4D87F4BD1949865600740558 /* EELMenuItemsDataSource.h */ = {isa = PBXFileReference; fileEncoding = 4; lastKnownFileType = sourcecode.c.h; path = EELMenuItemsDataSource.h; sourceTree = "<group>"; };
		4D87F4BE1949865600740558 /* EELMenuItemsDataSource.m */ = {isa = PBXFileReference; fileEncoding = 4; lastKnownFileType = sourcecode.c.objc; path = EELMenuItemsDataSource.m; sourceTree = "<group>"; };
		4D87F4C01949884000740558 /* EELMenuItemCell.h */ = {isa = PBXFileReference; fileEncoding = 4; lastKnownFileType = sourcecode.c.h; path = EELMenuItemCell.h; sourceTree = "<group>"; };
		4D87F4C11949884000740558 /* EELMenuItemCell.m */ = {isa = PBXFileReference; fileEncoding = 4; lastKnownFileType = sourcecode.c.objc; path = EELMenuItemCell.m; sourceTree = "<group>"; };
		4D87F4C31949887E00740558 /* EELMenuItemCell.xib */ = {isa = PBXFileReference; fileEncoding = 4; lastKnownFileType = file.xib; name = EELMenuItemCell.xib; path = views/EELMenuItemCell.xib; sourceTree = "<group>"; };
		4D87F4CC19499D7D00740558 /* EELFlowerMenuItemsDataSource.h */ = {isa = PBXFileReference; fileEncoding = 4; lastKnownFileType = sourcecode.c.h; path = EELFlowerMenuItemsDataSource.h; sourceTree = "<group>"; };
		4D87F4CD19499D7D00740558 /* EELFlowerMenuItemsDataSource.m */ = {isa = PBXFileReference; fileEncoding = 4; lastKnownFileType = sourcecode.c.objc; path = EELFlowerMenuItemsDataSource.m; sourceTree = "<group>"; };
		4D87F4CF19499D9500740558 /* EELConcentratesMenuItemsDataSource.h */ = {isa = PBXFileReference; fileEncoding = 4; lastKnownFileType = sourcecode.c.h; path = EELConcentratesMenuItemsDataSource.h; sourceTree = "<group>"; };
		4D87F4D019499D9500740558 /* EELConcentratesMenuItemsDataSource.m */ = {isa = PBXFileReference; fileEncoding = 4; lastKnownFileType = sourcecode.c.objc; path = EELConcentratesMenuItemsDataSource.m; sourceTree = "<group>"; };
		4D87F4D219499E6200740558 /* EELEdiblesMenuItemsDataSource.h */ = {isa = PBXFileReference; fileEncoding = 4; lastKnownFileType = sourcecode.c.h; path = EELEdiblesMenuItemsDataSource.h; sourceTree = "<group>"; };
		4D87F4D319499E6200740558 /* EELEdiblesMenuItemsDataSource.m */ = {isa = PBXFileReference; fileEncoding = 4; lastKnownFileType = sourcecode.c.objc; path = EELEdiblesMenuItemsDataSource.m; sourceTree = "<group>"; };
		4D8B0A25198C2532001ECC83 /* EELWMResponse.h */ = {isa = PBXFileReference; fileEncoding = 4; lastKnownFileType = sourcecode.c.h; name = EELWMResponse.h; path = models/EELWMResponse.h; sourceTree = "<group>"; };
		4D8B0A26198C2532001ECC83 /* EELWMResponse.m */ = {isa = PBXFileReference; fileEncoding = 4; lastKnownFileType = sourcecode.c.objc; name = EELWMResponse.m; path = models/EELWMResponse.m; sourceTree = "<group>"; };
		4D8B0A28198C3EE2001ECC83 /* EELStoreHours.h */ = {isa = PBXFileReference; fileEncoding = 4; lastKnownFileType = sourcecode.c.h; name = EELStoreHours.h; path = models/EELStoreHours.h; sourceTree = "<group>"; };
		4D8B0A29198C3EE2001ECC83 /* EELStoreHours.m */ = {isa = PBXFileReference; fileEncoding = 4; lastKnownFileType = sourcecode.c.objc; name = EELStoreHours.m; path = models/EELStoreHours.m; sourceTree = "<group>"; };
		4D9DDDEE1915AC89006E5B03 /* EELWMClient.h */ = {isa = PBXFileReference; fileEncoding = 4; lastKnownFileType = sourcecode.c.h; name = EELWMClient.h; path = models/EELWMClient.h; sourceTree = "<group>"; };
		4D9DDDEF1915AC89006E5B03 /* EELWMClient.m */ = {isa = PBXFileReference; fileEncoding = 4; lastKnownFileType = sourcecode.c.objc; name = EELWMClient.m; path = models/EELWMClient.m; sourceTree = "<group>"; };
		4D9DDDF41915AFEB006E5B03 /* EELDispensary.h */ = {isa = PBXFileReference; fileEncoding = 4; lastKnownFileType = sourcecode.c.h; name = EELDispensary.h; path = models/EELDispensary.h; sourceTree = "<group>"; };
		4D9DDDF51915AFEB006E5B03 /* EELDispensary.m */ = {isa = PBXFileReference; fileEncoding = 4; lastKnownFileType = sourcecode.c.objc; name = EELDispensary.m; path = models/EELDispensary.m; sourceTree = "<group>"; };
		4D9DDDF71915BA75006E5B03 /* EELAccount.h */ = {isa = PBXFileReference; fileEncoding = 4; lastKnownFileType = sourcecode.c.h; name = EELAccount.h; path = models/EELAccount.h; sourceTree = "<group>"; };
		4D9DDDF81915BA75006E5B03 /* EELAccount.m */ = {isa = PBXFileReference; fileEncoding = 4; lastKnownFileType = sourcecode.c.objc; name = EELAccount.m; path = models/EELAccount.m; sourceTree = "<group>"; };
		4D9DDDFA1915BA81006E5B03 /* EELReview.h */ = {isa = PBXFileReference; fileEncoding = 4; lastKnownFileType = sourcecode.c.h; name = EELReview.h; path = models/EELReview.h; sourceTree = "<group>"; };
		4D9DDDFB1915BA81006E5B03 /* EELReview.m */ = {isa = PBXFileReference; fileEncoding = 4; lastKnownFileType = sourcecode.c.objc; name = EELReview.m; path = models/EELReview.m; sourceTree = "<group>"; };
		4D9DDE0219169629006E5B03 /* EELMenuItem.h */ = {isa = PBXFileReference; fileEncoding = 4; lastKnownFileType = sourcecode.c.h; name = EELMenuItem.h; path = models/EELMenuItem.h; sourceTree = "<group>"; };
		4D9DDE0319169629006E5B03 /* EELMenuItem.m */ = {isa = PBXFileReference; fileEncoding = 4; lastKnownFileType = sourcecode.c.objc; name = EELMenuItem.m; path = models/EELMenuItem.m; sourceTree = "<group>"; };
		4D9DDE091916AD74006E5B03 /* EELArrayDataSource.h */ = {isa = PBXFileReference; fileEncoding = 4; lastKnownFileType = sourcecode.c.h; name = EELArrayDataSource.h; path = "data sources/EELArrayDataSource.h"; sourceTree = "<group>"; };
		4D9DDE0A1916AD74006E5B03 /* EELArrayDataSource.m */ = {isa = PBXFileReference; fileEncoding = 4; lastKnownFileType = sourcecode.c.objc; name = EELArrayDataSource.m; path = "data sources/EELArrayDataSource.m"; sourceTree = "<group>"; };
		4DC1A10E1912F9A200228F5A /* Weedly.app */ = {isa = PBXFileReference; explicitFileType = wrapper.application; includeInIndex = 0; path = Weedly.app; sourceTree = BUILT_PRODUCTS_DIR; };
		4DC1A1111912F9A200228F5A /* Foundation.framework */ = {isa = PBXFileReference; lastKnownFileType = wrapper.framework; name = Foundation.framework; path = System/Library/Frameworks/Foundation.framework; sourceTree = SDKROOT; };
		4DC1A1131912F9A200228F5A /* CoreGraphics.framework */ = {isa = PBXFileReference; lastKnownFileType = wrapper.framework; name = CoreGraphics.framework; path = System/Library/Frameworks/CoreGraphics.framework; sourceTree = SDKROOT; };
		4DC1A1151912F9A200228F5A /* UIKit.framework */ = {isa = PBXFileReference; lastKnownFileType = wrapper.framework; name = UIKit.framework; path = System/Library/Frameworks/UIKit.framework; sourceTree = SDKROOT; };
		4DC1A1191912F9A200228F5A /* weedly-Info.plist */ = {isa = PBXFileReference; lastKnownFileType = text.plist.xml; path = "weedly-Info.plist"; sourceTree = "<group>"; };
		4DC1A11B1912F9A200228F5A /* en */ = {isa = PBXFileReference; lastKnownFileType = text.plist.strings; name = en; path = en.lproj/InfoPlist.strings; sourceTree = "<group>"; };
		4DC1A11D1912F9A200228F5A /* main.m */ = {isa = PBXFileReference; lastKnownFileType = sourcecode.c.objc; path = main.m; sourceTree = "<group>"; };
		4DC1A11F1912F9A200228F5A /* weedly-Prefix.pch */ = {isa = PBXFileReference; lastKnownFileType = sourcecode.c.h; path = "weedly-Prefix.pch"; sourceTree = "<group>"; };
		4DC1A1201912F9A200228F5A /* EELAppDelegate.h */ = {isa = PBXFileReference; lastKnownFileType = sourcecode.c.h; path = EELAppDelegate.h; sourceTree = "<group>"; };
		4DC1A1211912F9A200228F5A /* EELAppDelegate.m */ = {isa = PBXFileReference; lastKnownFileType = sourcecode.c.objc; path = EELAppDelegate.m; sourceTree = "<group>"; };
		4DC1A1241912F9A200228F5A /* Base */ = {isa = PBXFileReference; lastKnownFileType = file.storyboard; name = Base; path = Base.lproj/Main.storyboard; sourceTree = "<group>"; };
		4DC1A1291912F9A200228F5A /* Images.xcassets */ = {isa = PBXFileReference; lastKnownFileType = folder.assetcatalog; path = Images.xcassets; sourceTree = "<group>"; };
		4DC1A12F1912F9A200228F5A /* weedlyTests.xctest */ = {isa = PBXFileReference; explicitFileType = wrapper.cfbundle; includeInIndex = 0; path = weedlyTests.xctest; sourceTree = BUILT_PRODUCTS_DIR; };
		4DC1A1301912F9A200228F5A /* XCTest.framework */ = {isa = PBXFileReference; lastKnownFileType = wrapper.framework; name = XCTest.framework; path = Library/Frameworks/XCTest.framework; sourceTree = DEVELOPER_DIR; };
		4DC1A1381912F9A200228F5A /* weedlyTests-Info.plist */ = {isa = PBXFileReference; lastKnownFileType = text.plist.xml; path = "weedlyTests-Info.plist"; sourceTree = "<group>"; };
		4DC1A13A1912F9A200228F5A /* en */ = {isa = PBXFileReference; lastKnownFileType = text.plist.strings; name = en; path = en.lproj/InfoPlist.strings; sourceTree = "<group>"; };
		4DC1A13C1912F9A200228F5A /* weedlyTests.m */ = {isa = PBXFileReference; lastKnownFileType = sourcecode.c.objc; path = weedlyTests.m; sourceTree = "<group>"; };
		4DC1A1461912FAA300228F5A /* MapKit.framework */ = {isa = PBXFileReference; lastKnownFileType = wrapper.framework; name = MapKit.framework; path = System/Library/Frameworks/MapKit.framework; sourceTree = SDKROOT; };
		4DC1A1481912FB6E00228F5A /* EELUsefulConstants.h */ = {isa = PBXFileReference; fileEncoding = 4; lastKnownFileType = sourcecode.c.h; path = EELUsefulConstants.h; sourceTree = "<group>"; };
		4DCFE5191948BE3100139D52 /* EELDetailListCell.xib */ = {isa = PBXFileReference; fileEncoding = 4; lastKnownFileType = file.xib; name = EELDetailListCell.xib; path = views/EELDetailListCell.xib; sourceTree = "<group>"; };
		4DCFE51B1948BEA500139D52 /* EELDeal.h */ = {isa = PBXFileReference; fileEncoding = 4; lastKnownFileType = sourcecode.c.h; name = EELDeal.h; path = models/EELDeal.h; sourceTree = "<group>"; };
		4DCFE51C1948BEA500139D52 /* EELDeal.m */ = {isa = PBXFileReference; fileEncoding = 4; lastKnownFileType = sourcecode.c.objc; name = EELDeal.m; path = models/EELDeal.m; sourceTree = "<group>"; };
		4DCFE51E1948BF1400139D52 /* EELDetailListCell.h */ = {isa = PBXFileReference; fileEncoding = 4; lastKnownFileType = sourcecode.c.h; name = EELDetailListCell.h; path = views/EELDetailListCell.h; sourceTree = "<group>"; };
		4DCFE51F1948BF1400139D52 /* EELDetailListCell.m */ = {isa = PBXFileReference; fileEncoding = 4; lastKnownFileType = sourcecode.c.objc; name = EELDetailListCell.m; path = views/EELDetailListCell.m; sourceTree = "<group>"; };
		4DCFE5211948C05300139D52 /* EELDetailHeader.xib */ = {isa = PBXFileReference; fileEncoding = 4; lastKnownFileType = file.xib; name = EELDetailHeader.xib; path = views/EELDetailHeader.xib; sourceTree = "<group>"; };
		4DD1FFF6194641650072D5B4 /* EELListTableView.h */ = {isa = PBXFileReference; fileEncoding = 4; lastKnownFileType = sourcecode.c.h; path = EELListTableView.h; sourceTree = "<group>"; };
		4DD1FFF7194641650072D5B4 /* EELListTableView.m */ = {isa = PBXFileReference; fileEncoding = 4; lastKnownFileType = sourcecode.c.objc; path = EELListTableView.m; sourceTree = "<group>"; };
		4DD4930A1915827D001A6203 /* EELMainViewController.h */ = {isa = PBXFileReference; fileEncoding = 4; lastKnownFileType = sourcecode.c.h; name = EELMainViewController.h; path = controllers/EELMainViewController.h; sourceTree = "<group>"; };
		4DD4930B1915827D001A6203 /* EELMainViewController.m */ = {isa = PBXFileReference; fileEncoding = 4; lastKnownFileType = sourcecode.c.objc; name = EELMainViewController.m; path = controllers/EELMainViewController.m; sourceTree = "<group>"; };
		4DD86E151959F28B002D0A3C /* EELDealViewController.h */ = {isa = PBXFileReference; fileEncoding = 4; lastKnownFileType = sourcecode.c.h; name = EELDealViewController.h; path = controllers/EELDealViewController.h; sourceTree = "<group>"; };
		4DD86E161959F28B002D0A3C /* EELDealViewController.m */ = {isa = PBXFileReference; fileEncoding = 4; lastKnownFileType = sourcecode.c.objc; name = EELDealViewController.m; path = controllers/EELDealViewController.m; sourceTree = "<group>"; };
		A40B92E4198C88EC00EB1684 /* EELYLocationManager.h */ = {isa = PBXFileReference; fileEncoding = 4; lastKnownFileType = sourcecode.c.h; path = EELYLocationManager.h; sourceTree = "<group>"; };
		A40B92E5198C88EC00EB1684 /* EELYLocationManager.m */ = {isa = PBXFileReference; fileEncoding = 4; lastKnownFileType = sourcecode.c.objc; path = EELYLocationManager.m; sourceTree = "<group>"; };
		A416BBF9198C51CB00ACC39B /* AAPLAction.h */ = {isa = PBXFileReference; fileEncoding = 4; lastKnownFileType = sourcecode.c.h; path = AAPLAction.h; sourceTree = "<group>"; };
		A416BBFA198C51CB00ACC39B /* AAPLAction.m */ = {isa = PBXFileReference; fileEncoding = 4; lastKnownFileType = sourcecode.c.objc; path = AAPLAction.m; sourceTree = "<group>"; };
		A416BBFB198C51CB00ACC39B /* AAPLBasicCell.h */ = {isa = PBXFileReference; fileEncoding = 4; lastKnownFileType = sourcecode.c.h; path = AAPLBasicCell.h; sourceTree = "<group>"; };
		A416BBFC198C51CB00ACC39B /* AAPLBasicCell.m */ = {isa = PBXFileReference; fileEncoding = 4; lastKnownFileType = sourcecode.c.objc; path = AAPLBasicCell.m; sourceTree = "<group>"; };
		A416BBFD198C51CB00ACC39B /* AAPLCollectionViewCell_Private.h */ = {isa = PBXFileReference; fileEncoding = 4; lastKnownFileType = sourcecode.c.h; path = AAPLCollectionViewCell_Private.h; sourceTree = "<group>"; };
		A416BBFE198C51CB00ACC39B /* AAPLCollectionViewCell.h */ = {isa = PBXFileReference; fileEncoding = 4; lastKnownFileType = sourcecode.c.h; path = AAPLCollectionViewCell.h; sourceTree = "<group>"; };
		A416BBFF198C51CB00ACC39B /* AAPLCollectionViewCell.m */ = {isa = PBXFileReference; fileEncoding = 4; lastKnownFileType = sourcecode.c.objc; path = AAPLCollectionViewCell.m; sourceTree = "<group>"; };
		A416BC00198C51CB00ACC39B /* AAPLContentLoading.h */ = {isa = PBXFileReference; fileEncoding = 4; lastKnownFileType = sourcecode.c.h; path = AAPLContentLoading.h; sourceTree = "<group>"; };
		A416BC01198C51CB00ACC39B /* AAPLContentLoading.m */ = {isa = PBXFileReference; fileEncoding = 4; lastKnownFileType = sourcecode.c.objc; path = AAPLContentLoading.m; sourceTree = "<group>"; };
		A416BC02198C51CB00ACC39B /* AAPLHairlineView.h */ = {isa = PBXFileReference; fileEncoding = 4; lastKnownFileType = sourcecode.c.h; path = AAPLHairlineView.h; sourceTree = "<group>"; };
		A416BC03198C51CB00ACC39B /* AAPLHairlineView.m */ = {isa = PBXFileReference; fileEncoding = 4; lastKnownFileType = sourcecode.c.objc; path = AAPLHairlineView.m; sourceTree = "<group>"; };
		A416BC04198C51CB00ACC39B /* AAPLPinnableHeaderView.h */ = {isa = PBXFileReference; fileEncoding = 4; lastKnownFileType = sourcecode.c.h; path = AAPLPinnableHeaderView.h; sourceTree = "<group>"; };
		A416BC05198C51CB00ACC39B /* AAPLPinnableHeaderView.m */ = {isa = PBXFileReference; fileEncoding = 4; lastKnownFileType = sourcecode.c.objc; path = AAPLPinnableHeaderView.m; sourceTree = "<group>"; };
		A416BC06198C51CB00ACC39B /* AAPLPlaceholderView.h */ = {isa = PBXFileReference; fileEncoding = 4; lastKnownFileType = sourcecode.c.h; path = AAPLPlaceholderView.h; sourceTree = "<group>"; };
		A416BC07198C51CB00ACC39B /* AAPLPlaceholderView.m */ = {isa = PBXFileReference; fileEncoding = 4; lastKnownFileType = sourcecode.c.objc; path = AAPLPlaceholderView.m; sourceTree = "<group>"; };
		A416BC08198C51CB00ACC39B /* AAPLSectionHeaderView.h */ = {isa = PBXFileReference; fileEncoding = 4; lastKnownFileType = sourcecode.c.h; path = AAPLSectionHeaderView.h; sourceTree = "<group>"; };
		A416BC09198C51CB00ACC39B /* AAPLSectionHeaderView.m */ = {isa = PBXFileReference; fileEncoding = 4; lastKnownFileType = sourcecode.c.objc; path = AAPLSectionHeaderView.m; sourceTree = "<group>"; };
		A416BC0A198C51CB00ACC39B /* AAPLSegmentedHeaderView.h */ = {isa = PBXFileReference; fileEncoding = 4; lastKnownFileType = sourcecode.c.h; path = AAPLSegmentedHeaderView.h; sourceTree = "<group>"; };
		A416BC0B198C51CB00ACC39B /* AAPLSegmentedHeaderView.m */ = {isa = PBXFileReference; fileEncoding = 4; lastKnownFileType = sourcecode.c.objc; path = AAPLSegmentedHeaderView.m; sourceTree = "<group>"; };
		A416BC0C198C51CB00ACC39B /* AAPLStateMachine.h */ = {isa = PBXFileReference; fileEncoding = 4; lastKnownFileType = sourcecode.c.h; path = AAPLStateMachine.h; sourceTree = "<group>"; };
		A416BC0D198C51CB00ACC39B /* AAPLStateMachine.m */ = {isa = PBXFileReference; fileEncoding = 4; lastKnownFileType = sourcecode.c.objc; path = AAPLStateMachine.m; sourceTree = "<group>"; };
		A416BC18198C51DA00ACC39B /* AAPLDataSource+Headers.h */ = {isa = PBXFileReference; fileEncoding = 4; lastKnownFileType = sourcecode.c.h; name = "AAPLDataSource+Headers.h"; path = "Categories/AAPLDataSource+Headers.h"; sourceTree = "<group>"; };
		A416BC19198C51DA00ACC39B /* AAPLDataSource+Headers.m */ = {isa = PBXFileReference; fileEncoding = 4; lastKnownFileType = sourcecode.c.objc; name = "AAPLDataSource+Headers.m"; path = "Categories/AAPLDataSource+Headers.m"; sourceTree = "<group>"; };
		A416BC1A198C51DB00ACC39B /* NSObject+KVOBlock.h */ = {isa = PBXFileReference; fileEncoding = 4; lastKnownFileType = sourcecode.c.h; name = "NSObject+KVOBlock.h"; path = "Categories/NSObject+KVOBlock.h"; sourceTree = "<group>"; };
		A416BC1B198C51DB00ACC39B /* NSObject+KVOBlock.m */ = {isa = PBXFileReference; fileEncoding = 4; lastKnownFileType = sourcecode.c.objc; name = "NSObject+KVOBlock.m"; path = "Categories/NSObject+KVOBlock.m"; sourceTree = "<group>"; };
		A416BC1C198C51DB00ACC39B /* UICollectionView+Helpers.h */ = {isa = PBXFileReference; fileEncoding = 4; lastKnownFileType = sourcecode.c.h; name = "UICollectionView+Helpers.h"; path = "Categories/UICollectionView+Helpers.h"; sourceTree = "<group>"; };
		A416BC1D198C51DB00ACC39B /* UICollectionView+Helpers.m */ = {isa = PBXFileReference; fileEncoding = 4; lastKnownFileType = sourcecode.c.objc; name = "UICollectionView+Helpers.m"; path = "Categories/UICollectionView+Helpers.m"; sourceTree = "<group>"; };
		A416BC1E198C51DB00ACC39B /* UIView+Helpers.h */ = {isa = PBXFileReference; fileEncoding = 4; lastKnownFileType = sourcecode.c.h; name = "UIView+Helpers.h"; path = "Categories/UIView+Helpers.h"; sourceTree = "<group>"; };
		A416BC1F198C51DB00ACC39B /* UIView+Helpers.m */ = {isa = PBXFileReference; fileEncoding = 4; lastKnownFileType = sourcecode.c.objc; name = "UIView+Helpers.m"; path = "Categories/UIView+Helpers.m"; sourceTree = "<group>"; };
		A416BC24198C51EB00ACC39B /* AAPLBasicDataSource.h */ = {isa = PBXFileReference; fileEncoding = 4; lastKnownFileType = sourcecode.c.h; name = AAPLBasicDataSource.h; path = DataSources/AAPLBasicDataSource.h; sourceTree = "<group>"; };
		A416BC25198C51EB00ACC39B /* AAPLBasicDataSource.m */ = {isa = PBXFileReference; fileEncoding = 4; lastKnownFileType = sourcecode.c.objc; name = AAPLBasicDataSource.m; path = DataSources/AAPLBasicDataSource.m; sourceTree = "<group>"; };
		A416BC26198C51EB00ACC39B /* AAPLComposedDataSource_Private.h */ = {isa = PBXFileReference; fileEncoding = 4; lastKnownFileType = sourcecode.c.h; name = AAPLComposedDataSource_Private.h; path = DataSources/AAPLComposedDataSource_Private.h; sourceTree = "<group>"; };
		A416BC27198C51EB00ACC39B /* AAPLComposedDataSource_Private.m */ = {isa = PBXFileReference; fileEncoding = 4; lastKnownFileType = sourcecode.c.objc; name = AAPLComposedDataSource_Private.m; path = DataSources/AAPLComposedDataSource_Private.m; sourceTree = "<group>"; };
		A416BC28198C51EB00ACC39B /* AAPLComposedDataSource.h */ = {isa = PBXFileReference; fileEncoding = 4; lastKnownFileType = sourcecode.c.h; name = AAPLComposedDataSource.h; path = DataSources/AAPLComposedDataSource.h; sourceTree = "<group>"; };
		A416BC29198C51EB00ACC39B /* AAPLComposedDataSource.m */ = {isa = PBXFileReference; fileEncoding = 4; lastKnownFileType = sourcecode.c.objc; name = AAPLComposedDataSource.m; path = DataSources/AAPLComposedDataSource.m; sourceTree = "<group>"; };
		A416BC2A198C51EB00ACC39B /* AAPLDataSource_Private.h */ = {isa = PBXFileReference; fileEncoding = 4; lastKnownFileType = sourcecode.c.h; name = AAPLDataSource_Private.h; path = DataSources/AAPLDataSource_Private.h; sourceTree = "<group>"; };
		A416BC2B198C51EB00ACC39B /* AAPLDataSource.h */ = {isa = PBXFileReference; fileEncoding = 4; lastKnownFileType = sourcecode.c.h; name = AAPLDataSource.h; path = DataSources/AAPLDataSource.h; sourceTree = "<group>"; };
		A416BC2C198C51EB00ACC39B /* AAPLDataSource.m */ = {isa = PBXFileReference; fileEncoding = 4; lastKnownFileType = sourcecode.c.objc; name = AAPLDataSource.m; path = DataSources/AAPLDataSource.m; sourceTree = "<group>"; };
		A416BC2D198C51EB00ACC39B /* AAPLSegmentedDataSource.h */ = {isa = PBXFileReference; fileEncoding = 4; lastKnownFileType = sourcecode.c.h; name = AAPLSegmentedDataSource.h; path = DataSources/AAPLSegmentedDataSource.h; sourceTree = "<group>"; };
		A416BC2E198C51EB00ACC39B /* AAPLSegmentedDataSource.m */ = {isa = PBXFileReference; fileEncoding = 4; lastKnownFileType = sourcecode.c.objc; name = AAPLSegmentedDataSource.m; path = DataSources/AAPLSegmentedDataSource.m; sourceTree = "<group>"; };
		A416BC34198C522F00ACC39B /* AAPLCollectionViewGridLayout_Internal.h */ = {isa = PBXFileReference; fileEncoding = 4; lastKnownFileType = sourcecode.c.h; name = AAPLCollectionViewGridLayout_Internal.h; path = Layouts/AAPLCollectionViewGridLayout_Internal.h; sourceTree = "<group>"; };
		A416BC35198C522F00ACC39B /* AAPLCollectionViewGridLayout_Internal.m */ = {isa = PBXFileReference; fileEncoding = 4; lastKnownFileType = sourcecode.c.objc; name = AAPLCollectionViewGridLayout_Internal.m; path = Layouts/AAPLCollectionViewGridLayout_Internal.m; sourceTree = "<group>"; };
		A416BC36198C522F00ACC39B /* AAPLCollectionViewGridLayout_Private.h */ = {isa = PBXFileReference; fileEncoding = 4; lastKnownFileType = sourcecode.c.h; name = AAPLCollectionViewGridLayout_Private.h; path = Layouts/AAPLCollectionViewGridLayout_Private.h; sourceTree = "<group>"; };
		A416BC37198C522F00ACC39B /* AAPLCollectionViewGridLayout.h */ = {isa = PBXFileReference; fileEncoding = 4; lastKnownFileType = sourcecode.c.h; name = AAPLCollectionViewGridLayout.h; path = Layouts/AAPLCollectionViewGridLayout.h; sourceTree = "<group>"; };
		A416BC38198C522F00ACC39B /* AAPLCollectionViewGridLayout.m */ = {isa = PBXFileReference; fileEncoding = 4; lastKnownFileType = sourcecode.c.objc; name = AAPLCollectionViewGridLayout.m; path = Layouts/AAPLCollectionViewGridLayout.m; sourceTree = "<group>"; };
		A416BC39198C522F00ACC39B /* AAPLCollectionViewGridLayoutAttributes_Private.h */ = {isa = PBXFileReference; fileEncoding = 4; lastKnownFileType = sourcecode.c.h; name = AAPLCollectionViewGridLayoutAttributes_Private.h; path = Layouts/AAPLCollectionViewGridLayoutAttributes_Private.h; sourceTree = "<group>"; };
		A416BC3A198C522F00ACC39B /* AAPLCollectionViewGridLayoutAttributes.h */ = {isa = PBXFileReference; fileEncoding = 4; lastKnownFileType = sourcecode.c.h; name = AAPLCollectionViewGridLayoutAttributes.h; path = Layouts/AAPLCollectionViewGridLayoutAttributes.h; sourceTree = "<group>"; };
		A416BC3B198C522F00ACC39B /* AAPLCollectionViewGridLayoutAttributes.m */ = {isa = PBXFileReference; fileEncoding = 4; lastKnownFileType = sourcecode.c.objc; name = AAPLCollectionViewGridLayoutAttributes.m; path = Layouts/AAPLCollectionViewGridLayoutAttributes.m; sourceTree = "<group>"; };
		A416BC3C198C522F00ACC39B /* AAPLLayoutMetrics_Private.h */ = {isa = PBXFileReference; fileEncoding = 4; lastKnownFileType = sourcecode.c.h; name = AAPLLayoutMetrics_Private.h; path = Layouts/AAPLLayoutMetrics_Private.h; sourceTree = "<group>"; };
		A416BC3D198C522F00ACC39B /* AAPLLayoutMetrics.h */ = {isa = PBXFileReference; fileEncoding = 4; lastKnownFileType = sourcecode.c.h; name = AAPLLayoutMetrics.h; path = Layouts/AAPLLayoutMetrics.h; sourceTree = "<group>"; };
		A416BC3E198C522F00ACC39B /* AAPLLayoutMetrics.m */ = {isa = PBXFileReference; fileEncoding = 4; lastKnownFileType = sourcecode.c.objc; name = AAPLLayoutMetrics.m; path = Layouts/AAPLLayoutMetrics.m; sourceTree = "<group>"; };
		A416BC3F198C522F00ACC39B /* AAPLCollectionViewController.h */ = {isa = PBXFileReference; fileEncoding = 4; lastKnownFileType = sourcecode.c.h; name = AAPLCollectionViewController.h; path = ViewControllers/AAPLCollectionViewController.h; sourceTree = "<group>"; };
		A416BC40198C522F00ACC39B /* AAPLCollectionViewController.m */ = {isa = PBXFileReference; fileEncoding = 4; lastKnownFileType = sourcecode.c.objc; name = AAPLCollectionViewController.m; path = ViewControllers/AAPLCollectionViewController.m; sourceTree = "<group>"; };
		A416BC41198C522F00ACC39B /* AAPLSwipeToEditStateMachine.h */ = {isa = PBXFileReference; fileEncoding = 4; lastKnownFileType = sourcecode.c.h; name = AAPLSwipeToEditStateMachine.h; path = ViewControllers/AAPLSwipeToEditStateMachine.h; sourceTree = "<group>"; };
		A416BC42198C522F00ACC39B /* AAPLSwipeToEditStateMachine.m */ = {isa = PBXFileReference; fileEncoding = 4; lastKnownFileType = sourcecode.c.objc; name = AAPLSwipeToEditStateMachine.m; path = ViewControllers/AAPLSwipeToEditStateMachine.m; sourceTree = "<group>"; };
		D13BE086C5424174BDE85D1C /* Pods.xcconfig */ = {isa = PBXFileReference; includeInIndex = 1; lastKnownFileType = text.xcconfig; name = Pods.xcconfig; path = Pods/Pods.xcconfig; sourceTree = "<group>"; };
		F50009311F37485CA198D2EA /* libPods.a */ = {isa = PBXFileReference; explicitFileType = archive.ar; includeInIndex = 0; path = libPods.a; sourceTree = BUILT_PRODUCTS_DIR; };
/* End PBXFileReference section */

/* Begin PBXFrameworksBuildPhase section */
		4DC1A10B1912F9A200228F5A /* Frameworks */ = {
			isa = PBXFrameworksBuildPhase;
			buildActionMask = 2147483647;
			files = (
				4DC1A1471912FAA300228F5A /* MapKit.framework in Frameworks */,
				4DC1A1141912F9A200228F5A /* CoreGraphics.framework in Frameworks */,
				4DC1A1161912F9A200228F5A /* UIKit.framework in Frameworks */,
				4DC1A1121912F9A200228F5A /* Foundation.framework in Frameworks */,
				BE8BDD8F4BD4453BBD4478C3 /* libPods.a in Frameworks */,
			);
			runOnlyForDeploymentPostprocessing = 0;
		};
		4DC1A12C1912F9A200228F5A /* Frameworks */ = {
			isa = PBXFrameworksBuildPhase;
			buildActionMask = 2147483647;
			files = (
				4DC1A1311912F9A200228F5A /* XCTest.framework in Frameworks */,
				4DC1A1331912F9A200228F5A /* UIKit.framework in Frameworks */,
				4DC1A1321912F9A200228F5A /* Foundation.framework in Frameworks */,
			);
			runOnlyForDeploymentPostprocessing = 0;
		};
/* End PBXFrameworksBuildPhase section */

/* Begin PBXGroup section */
		4D09EB5C1949726300161685 /* Cells */ = {
			isa = PBXGroup;
			children = (
				4D37D46819494F9F00034769 /* EELListHeaderTableViewCell.h */,
				4D37D46919494F9F00034769 /* EELListHeaderTableViewCell.m */,
				4D37D46A19494F9F00034769 /* EELListHeaderTableViewCell.xib */,
				4D37D4611949139500034769 /* EELListTableViewCell.h */,
				4D37D4621949139500034769 /* EELListTableViewCell.m */,
				4D37D4631949139500034769 /* EELListTableViewCell.xib */,
			);
			name = Cells;
			sourceTree = "<group>";
		};
		4D09EB5D1949726E00161685 /* Cells */ = {
			isa = PBXGroup;
			children = (
				4D87F4C5194988C600740558 /* detail cells */,
				4D87F4C6194988D200740558 /* menu cells */,
			);
			name = Cells;
			sourceTree = "<group>";
		};
		4D75E0C21943F71C00A25AB6 /* DataSources */ = {
			isa = PBXGroup;
			children = (
				4DC960791948FB4800FEABB6 /* Map / list sources */,
				4DC960781948FB3900FEABB6 /* Detail sources */,
			);
			name = DataSources;
			sourceTree = "<group>";
		};
		4D8718E319A3D1E6000DBC94 /* dispensary */ = {
			isa = PBXGroup;
			children = (
				4DCFE51B1948BEA500139D52 /* EELDeal.h */,
				4DCFE51C1948BEA500139D52 /* EELDeal.m */,
				4D9DDDF41915AFEB006E5B03 /* EELDispensary.h */,
				4D9DDDF51915AFEB006E5B03 /* EELDispensary.m */,
				4D9DDDFA1915BA81006E5B03 /* EELReview.h */,
				4D9DDDFB1915BA81006E5B03 /* EELReview.m */,
				4D8B0A28198C3EE2001ECC83 /* EELStoreHours.h */,
				4D8B0A29198C3EE2001ECC83 /* EELStoreHours.m */,
			);
			name = dispensary;
			sourceTree = "<group>";
		};
		4D8718E419A3D1F4000DBC94 /* menu */ = {
			isa = PBXGroup;
			children = (
				4D06F69519186AF1005597F9 /* EELMenu.h */,
				4D06F69619186AF1005597F9 /* EELMenu.m */,
				4D9DDE0219169629006E5B03 /* EELMenuItem.h */,
				4D9DDE0319169629006E5B03 /* EELMenuItem.m */,
				4D8718E919A3DD5F000DBC94 /* strain */,
			);
			name = menu;
			sourceTree = "<group>";
		};
		4D8718E519A3D1FE000DBC94 /* user */ = {
			isa = PBXGroup;
			children = (
				4D9DDDF71915BA75006E5B03 /* EELAccount.h */,
				4D9DDDF81915BA75006E5B03 /* EELAccount.m */,
			);
			name = user;
			sourceTree = "<group>";
		};
		4D8718E919A3DD5F000DBC94 /* strain */ = {
			isa = PBXGroup;
			children = (
				4D8718E019A3D0E1000DBC94 /* EELStrain.h */,
				4D8718E119A3D0E1000DBC94 /* EELStrain.m */,
				4D8718E619A3DB50000DBC94 /* EELStrainInfo.h */,
				4D8718E719A3DB50000DBC94 /* EELStrainInfo.m */,
			);
			name = strain;
			sourceTree = "<group>";
		};
		4D87F4C5194988C600740558 /* detail cells */ = {
			isa = PBXGroup;
			children = (
				4D75E0D21944022800A25AB6 /* EELDetailHeader.h */,
				4D75E0D31944022800A25AB6 /* EELDetailHeader.m */,
				4DCFE5211948C05300139D52 /* EELDetailHeader.xib */,
				4D544BA019441518000718D7 /* EELReviewCell.h */,
				4D544BA119441518000718D7 /* EELReviewCell.m */,
				4D37D4661949284D00034769 /* EELReviewCell.xib */,
				4DCFE5191948BE3100139D52 /* EELDetailListCell.xib */,
				4DCFE51E1948BF1400139D52 /* EELDetailListCell.h */,
				4DCFE51F1948BF1400139D52 /* EELDetailListCell.m */,
				4D8718D519A3BF89000DBC94 /* EELDetailInfoCell.h */,
				4D8718D619A3BF89000DBC94 /* EELDetailInfoCell.m */,
				4D8718D819A3BFB2000DBC94 /* EELDetailInfoCell.xib */,
			);
			name = "detail cells";
			sourceTree = "<group>";
		};
		4D87F4C6194988D200740558 /* menu cells */ = {
			isa = PBXGroup;
			children = (
				4D87F4C01949884000740558 /* EELMenuItemCell.h */,
				4D87F4C11949884000740558 /* EELMenuItemCell.m */,
				4D87F4C31949887E00740558 /* EELMenuItemCell.xib */,
			);
			name = "menu cells";
			sourceTree = "<group>";
		};
		4D87F4CA19499D4700740558 /* menu data sources */ = {
			isa = PBXGroup;
			children = (
				4D87F4BA1949851B00740558 /* EELMenuDataSource.h */,
				4D87F4BB1949851B00740558 /* EELMenuDataSource.m */,
				4D87F4BD1949865600740558 /* EELMenuItemsDataSource.h */,
				4D87F4BE1949865600740558 /* EELMenuItemsDataSource.m */,
				4D87F4CC19499D7D00740558 /* EELFlowerMenuItemsDataSource.h */,
				4D87F4CD19499D7D00740558 /* EELFlowerMenuItemsDataSource.m */,
				4D87F4CF19499D9500740558 /* EELConcentratesMenuItemsDataSource.h */,
				4D87F4D019499D9500740558 /* EELConcentratesMenuItemsDataSource.m */,
				4D87F4D219499E6200740558 /* EELEdiblesMenuItemsDataSource.h */,
				4D87F4D319499E6200740558 /* EELEdiblesMenuItemsDataSource.m */,
			);
			name = "menu data sources";
			sourceTree = "<group>";
		};
		4D87F4CB19499D5200740558 /* detail data sources */ = {
			isa = PBXGroup;
			children = (
				4D75E0C31943F73A00A25AB6 /* EELDispensaryDetailDataSource.h */,
				4D75E0C41943F73A00A25AB6 /* EELDispensaryDetailDataSource.m */,
				4D544BA41944F1E9000718D7 /* EELDispensaryInfoListDataSource.h */,
				4D544BA51944F1E9000718D7 /* EELDispensaryInfoListDataSource.m */,
				4D8718D219A2DA8C000DBC94 /* EELDispensaryMoreInfoDataSource.h */,
				4D8718D319A2DA8C000DBC94 /* EELDispensaryMoreInfoDataSource.m */,
				4D75E0CC1943F96C00A25AB6 /* EELReviewsDataSource.h */,
				4D75E0CD1943F96C00A25AB6 /* EELReviewsDataSource.m */,
			);
			name = "detail data sources";
			sourceTree = "<group>";
		};
		4D8B0A24198C155C001ECC83 /* APIs */ = {
			isa = PBXGroup;
			children = (
				4D9DDDEE1915AC89006E5B03 /* EELWMClient.h */,
				4D9DDDEF1915AC89006E5B03 /* EELWMClient.m */,
				4D8B0A25198C2532001ECC83 /* EELWMResponse.h */,
				4D8B0A26198C2532001ECC83 /* EELWMResponse.m */,
				4D8718DA19A3D024000DBC94 /* EELLeaflyClient.h */,
				4D8718DB19A3D024000DBC94 /* EELLeaflyClient.m */,
			);
			name = APIs;
			sourceTree = "<group>";
		};
		4D8B0A2B198DDC20001ECC83 /* Collection View FW */ = {
			isa = PBXGroup;
			children = (
				A416BC34198C522F00ACC39B /* AAPLCollectionViewGridLayout_Internal.h */,
				A416BC35198C522F00ACC39B /* AAPLCollectionViewGridLayout_Internal.m */,
				A416BC36198C522F00ACC39B /* AAPLCollectionViewGridLayout_Private.h */,
				A416BC37198C522F00ACC39B /* AAPLCollectionViewGridLayout.h */,
				A416BC38198C522F00ACC39B /* AAPLCollectionViewGridLayout.m */,
				A416BC39198C522F00ACC39B /* AAPLCollectionViewGridLayoutAttributes_Private.h */,
				A416BC3A198C522F00ACC39B /* AAPLCollectionViewGridLayoutAttributes.h */,
				A416BC3B198C522F00ACC39B /* AAPLCollectionViewGridLayoutAttributes.m */,
				A416BC3C198C522F00ACC39B /* AAPLLayoutMetrics_Private.h */,
				A416BC3D198C522F00ACC39B /* AAPLLayoutMetrics.h */,
				A416BC3E198C522F00ACC39B /* AAPLLayoutMetrics.m */,
				A416BC3F198C522F00ACC39B /* AAPLCollectionViewController.h */,
				A416BC40198C522F00ACC39B /* AAPLCollectionViewController.m */,
				A416BC41198C522F00ACC39B /* AAPLSwipeToEditStateMachine.h */,
				A416BC42198C522F00ACC39B /* AAPLSwipeToEditStateMachine.m */,
				A416BC24198C51EB00ACC39B /* AAPLBasicDataSource.h */,
				A416BC25198C51EB00ACC39B /* AAPLBasicDataSource.m */,
				A416BC26198C51EB00ACC39B /* AAPLComposedDataSource_Private.h */,
				A416BC27198C51EB00ACC39B /* AAPLComposedDataSource_Private.m */,
				A416BC28198C51EB00ACC39B /* AAPLComposedDataSource.h */,
				A416BC29198C51EB00ACC39B /* AAPLComposedDataSource.m */,
				A416BC2A198C51EB00ACC39B /* AAPLDataSource_Private.h */,
				A416BC2B198C51EB00ACC39B /* AAPLDataSource.h */,
				A416BC2C198C51EB00ACC39B /* AAPLDataSource.m */,
				A416BC2D198C51EB00ACC39B /* AAPLSegmentedDataSource.h */,
				A416BC2E198C51EB00ACC39B /* AAPLSegmentedDataSource.m */,
				A416BC18198C51DA00ACC39B /* AAPLDataSource+Headers.h */,
				A416BC19198C51DA00ACC39B /* AAPLDataSource+Headers.m */,
				A416BC1A198C51DB00ACC39B /* NSObject+KVOBlock.h */,
				A416BC1B198C51DB00ACC39B /* NSObject+KVOBlock.m */,
				A416BC1C198C51DB00ACC39B /* UICollectionView+Helpers.h */,
				A416BC1D198C51DB00ACC39B /* UICollectionView+Helpers.m */,
				A416BC1E198C51DB00ACC39B /* UIView+Helpers.h */,
				A416BC1F198C51DB00ACC39B /* UIView+Helpers.m */,
				A416BBF9198C51CB00ACC39B /* AAPLAction.h */,
				A416BBFA198C51CB00ACC39B /* AAPLAction.m */,
				A416BBFB198C51CB00ACC39B /* AAPLBasicCell.h */,
				A416BBFC198C51CB00ACC39B /* AAPLBasicCell.m */,
				A416BBFD198C51CB00ACC39B /* AAPLCollectionViewCell_Private.h */,
				A416BBFE198C51CB00ACC39B /* AAPLCollectionViewCell.h */,
				A416BBFF198C51CB00ACC39B /* AAPLCollectionViewCell.m */,
				A416BC00198C51CB00ACC39B /* AAPLContentLoading.h */,
				A416BC01198C51CB00ACC39B /* AAPLContentLoading.m */,
				A416BC02198C51CB00ACC39B /* AAPLHairlineView.h */,
				A416BC03198C51CB00ACC39B /* AAPLHairlineView.m */,
				A416BC04198C51CB00ACC39B /* AAPLPinnableHeaderView.h */,
				A416BC05198C51CB00ACC39B /* AAPLPinnableHeaderView.m */,
				A416BC06198C51CB00ACC39B /* AAPLPlaceholderView.h */,
				A416BC07198C51CB00ACC39B /* AAPLPlaceholderView.m */,
				A416BC08198C51CB00ACC39B /* AAPLSectionHeaderView.h */,
				A416BC09198C51CB00ACC39B /* AAPLSectionHeaderView.m */,
				A416BC0A198C51CB00ACC39B /* AAPLSegmentedHeaderView.h */,
				A416BC0B198C51CB00ACC39B /* AAPLSegmentedHeaderView.m */,
				A416BC0C198C51CB00ACC39B /* AAPLStateMachine.h */,
				A416BC0D198C51CB00ACC39B /* AAPLStateMachine.m */,
			);
			name = "Collection View FW";
			sourceTree = "<group>";
		};
		4D9DDDEC1915AA2E006E5B03 /* Views */ = {
			isa = PBXGroup;
			children = (
				4DC1A1231912F9A200228F5A /* Main.storyboard */,
			);
			name = Views;
			sourceTree = "<group>";
		};
		4D9DDDED1915AA50006E5B03 /* Models */ = {
			isa = PBXGroup;
			children = (
				4D8B0A24198C155C001ECC83 /* APIs */,
				4D75E0C21943F71C00A25AB6 /* DataSources */,
				4D8718E519A3D1FE000DBC94 /* user */,
				4D8718E319A3D1E6000DBC94 /* dispensary */,
				4D8718E419A3D1F4000DBC94 /* menu */,
			);
			name = Models;
			sourceTree = "<group>";
		};
		4DB1757419159DD400B3A22F /* detail */ = {
			isa = PBXGroup;
			children = (
				4D09EB5D1949726E00161685 /* Cells */,
				4DD86E151959F28B002D0A3C /* EELDealViewController.h */,
				4DD86E161959F28B002D0A3C /* EELDealViewController.m */,
				4D75E0CF1943FBE200A25AB6 /* EELDetailViewController.h */,
				4D75E0D01943FBE200A25AB6 /* EELDetailViewController.m */,
				4D87F4B7194984CF00740558 /* EELMenuViewController.h */,
				4D87F4B8194984CF00740558 /* EELMenuViewController.m */,
			);
			name = detail;
			sourceTree = "<group>";
		};
		4DB1757619159E1400B3A22F /* main */ = {
			isa = PBXGroup;
			children = (
				4DD4930A1915827D001A6203 /* EELMainViewController.h */,
				4DD4930B1915827D001A6203 /* EELMainViewController.m */,
				4D09EB5C1949726300161685 /* Cells */,
				4DD1FFF6194641650072D5B4 /* EELListTableView.h */,
				4DD1FFF7194641650072D5B4 /* EELListTableView.m */,
			);
			name = main;
			sourceTree = "<group>";
		};
		4DB1757719159E1D00B3A22F /* Controllers */ = {
			isa = PBXGroup;
			children = (
				4DB1757419159DD400B3A22F /* detail */,
				4DB1757619159E1400B3A22F /* main */,
			);
			name = Controllers;
			sourceTree = "<group>";
		};
		4DC1A1051912F9A200228F5A = {
			isa = PBXGroup;
			children = (
				4D22EE1E1969DD4D00268853 /* Settings.bundle */,
				4DC1A1171912F9A200228F5A /* weedly */,
				4DC1A1361912F9A200228F5A /* weedlyTests */,
				4DC1A1101912F9A200228F5A /* Frameworks */,
				4DC1A10F1912F9A200228F5A /* Products */,
				D13BE086C5424174BDE85D1C /* Pods.xcconfig */,
			);
			sourceTree = "<group>";
		};
		4DC1A10F1912F9A200228F5A /* Products */ = {
			isa = PBXGroup;
			children = (
				4DC1A10E1912F9A200228F5A /* Weedly.app */,
				4DC1A12F1912F9A200228F5A /* weedlyTests.xctest */,
			);
			name = Products;
			sourceTree = "<group>";
		};
		4DC1A1101912F9A200228F5A /* Frameworks */ = {
			isa = PBXGroup;
			children = (
				4DC1A1461912FAA300228F5A /* MapKit.framework */,
				4DC1A1111912F9A200228F5A /* Foundation.framework */,
				4DC1A1131912F9A200228F5A /* CoreGraphics.framework */,
				4DC1A1151912F9A200228F5A /* UIKit.framework */,
				4DC1A1301912F9A200228F5A /* XCTest.framework */,
				F50009311F37485CA198D2EA /* libPods.a */,
			);
			name = Frameworks;
			sourceTree = "<group>";
		};
		4DC1A1171912F9A200228F5A /* weedly */ = {
			isa = PBXGroup;
			children = (
				4DB1757719159E1D00B3A22F /* Controllers */,
				4D9DDDED1915AA50006E5B03 /* Models */,
				4DC1A1181912F9A200228F5A /* Supporting Files */,
				4D9DDDEC1915AA2E006E5B03 /* Views */,
			);
			path = weedly;
			sourceTree = "<group>";
		};
		4DC1A1181912F9A200228F5A /* Supporting Files */ = {
			isa = PBXGroup;
			children = (
				4D8B0A2B198DDC20001ECC83 /* Collection View FW */,
				4DC1A1291912F9A200228F5A /* Images.xcassets */,
				4DC1A1201912F9A200228F5A /* EELAppDelegate.h */,
				4DC1A1211912F9A200228F5A /* EELAppDelegate.m */,
				4DC1A1481912FB6E00228F5A /* EELUsefulConstants.h */,
				4DC1A1191912F9A200228F5A /* weedly-Info.plist */,
				4DC1A11A1912F9A200228F5A /* InfoPlist.strings */,
				4DC1A11D1912F9A200228F5A /* main.m */,
				4DC1A11F1912F9A200228F5A /* weedly-Prefix.pch */,
				A40B92E4198C88EC00EB1684 /* EELYLocationManager.h */,
				A40B92E5198C88EC00EB1684 /* EELYLocationManager.m */,
			);
			name = "Supporting Files";
			sourceTree = "<group>";
		};
		4DC1A1361912F9A200228F5A /* weedlyTests */ = {
			isa = PBXGroup;
			children = (
				4DC1A13C1912F9A200228F5A /* weedlyTests.m */,
				4DC1A1371912F9A200228F5A /* Supporting Files */,
			);
			path = weedlyTests;
			sourceTree = "<group>";
		};
		4DC1A1371912F9A200228F5A /* Supporting Files */ = {
			isa = PBXGroup;
			children = (
				4DC1A1381912F9A200228F5A /* weedlyTests-Info.plist */,
				4DC1A1391912F9A200228F5A /* InfoPlist.strings */,
			);
			name = "Supporting Files";
			sourceTree = "<group>";
		};
		4DC960781948FB3900FEABB6 /* Detail sources */ = {
			isa = PBXGroup;
			children = (
				4D87F4CB19499D5200740558 /* detail data sources */,
				4D87F4CA19499D4700740558 /* menu data sources */,
			);
			name = "Detail sources";
			sourceTree = "<group>";
		};
		4DC960791948FB4800FEABB6 /* Map / list sources */ = {
			isa = PBXGroup;
			children = (
				4D9DDE091916AD74006E5B03 /* EELArrayDataSource.h */,
				4D9DDE0A1916AD74006E5B03 /* EELArrayDataSource.m */,
			);
			name = "Map / list sources";
			sourceTree = "<group>";
		};
/* End PBXGroup section */

/* Begin PBXNativeTarget section */
		4DC1A10D1912F9A200228F5A /* Weedly */ = {
			isa = PBXNativeTarget;
			buildConfigurationList = 4DC1A1401912F9A200228F5A /* Build configuration list for PBXNativeTarget "Weedly" */;
			buildPhases = (
				51D61E9C47EA452FB66F9A28 /* Check Pods Manifest.lock */,
				4DC1A10A1912F9A200228F5A /* Sources */,
				4DC1A10B1912F9A200228F5A /* Frameworks */,
				4DC1A10C1912F9A200228F5A /* Resources */,
				FFE17794F2F446F0B13AB10F /* Copy Pods Resources */,
				4D8B0A2C19942A09001ECC83 /* ShellScript */,
			);
			buildRules = (
			);
			dependencies = (
			);
			name = Weedly;
			productName = weedly;
			productReference = 4DC1A10E1912F9A200228F5A /* Weedly.app */;
			productType = "com.apple.product-type.application";
		};
		4DC1A12E1912F9A200228F5A /* weedlyTests */ = {
			isa = PBXNativeTarget;
			buildConfigurationList = 4DC1A1431912F9A200228F5A /* Build configuration list for PBXNativeTarget "weedlyTests" */;
			buildPhases = (
				4DC1A12B1912F9A200228F5A /* Sources */,
				4DC1A12C1912F9A200228F5A /* Frameworks */,
				4DC1A12D1912F9A200228F5A /* Resources */,
			);
			buildRules = (
			);
			dependencies = (
				4DC1A1351912F9A200228F5A /* PBXTargetDependency */,
			);
			name = weedlyTests;
			productName = weedlyTests;
			productReference = 4DC1A12F1912F9A200228F5A /* weedlyTests.xctest */;
			productType = "com.apple.product-type.bundle.unit-test";
		};
/* End PBXNativeTarget section */

/* Begin PBXProject section */
		4DC1A1061912F9A200228F5A /* Project object */ = {
			isa = PBXProject;
			attributes = {
				CLASSPREFIX = EEL;
				LastUpgradeCheck = 0510;
				ORGANIZATIONNAME = "Eric Lewis";
				TargetAttributes = {
					4DC1A10D1912F9A200228F5A = {
						DevelopmentTeam = 6495B95VRX;
					};
					4DC1A12E1912F9A200228F5A = {
						TestTargetID = 4DC1A10D1912F9A200228F5A;
					};
				};
			};
			buildConfigurationList = 4DC1A1091912F9A200228F5A /* Build configuration list for PBXProject "weedly" */;
			compatibilityVersion = "Xcode 3.2";
			developmentRegion = English;
			hasScannedForEncodings = 0;
			knownRegions = (
				en,
				Base,
			);
			mainGroup = 4DC1A1051912F9A200228F5A;
			productRefGroup = 4DC1A10F1912F9A200228F5A /* Products */;
			projectDirPath = "";
			projectRoot = "";
			targets = (
				4DC1A10D1912F9A200228F5A /* Weedly */,
				4DC1A12E1912F9A200228F5A /* weedlyTests */,
			);
		};
/* End PBXProject section */

/* Begin PBXResourcesBuildPhase section */
		4DC1A10C1912F9A200228F5A /* Resources */ = {
			isa = PBXResourcesBuildPhase;
			buildActionMask = 2147483647;
			files = (
				4D8718D919A3BFB2000DBC94 /* EELDetailInfoCell.xib in Resources */,
				4DC1A12A1912F9A200228F5A /* Images.xcassets in Resources */,
				4DCFE5221948C05300139D52 /* EELDetailHeader.xib in Resources */,
				4D22EE1F1969DD4D00268853 /* Settings.bundle in Resources */,
				4DC1A11C1912F9A200228F5A /* InfoPlist.strings in Resources */,
				4D87F4C41949887E00740558 /* EELMenuItemCell.xib in Resources */,
				4D37D4671949284D00034769 /* EELReviewCell.xib in Resources */,
				4DCFE51A1948BE3100139D52 /* EELDetailListCell.xib in Resources */,
				4D37D46C19494F9F00034769 /* EELListHeaderTableViewCell.xib in Resources */,
				4D37D4651949139500034769 /* EELListTableViewCell.xib in Resources */,
				4DC1A1251912F9A200228F5A /* Main.storyboard in Resources */,
			);
			runOnlyForDeploymentPostprocessing = 0;
		};
		4DC1A12D1912F9A200228F5A /* Resources */ = {
			isa = PBXResourcesBuildPhase;
			buildActionMask = 2147483647;
			files = (
				4DC1A13B1912F9A200228F5A /* InfoPlist.strings in Resources */,
			);
			runOnlyForDeploymentPostprocessing = 0;
		};
/* End PBXResourcesBuildPhase section */

/* Begin PBXShellScriptBuildPhase section */
		4D8B0A2C19942A09001ECC83 /* ShellScript */ = {
			isa = PBXShellScriptBuildPhase;
			buildActionMask = 2147483647;
			files = (
			);
			inputPaths = (
			);
			outputPaths = (
			);
			runOnlyForDeploymentPostprocessing = 0;
			shellPath = /bin/sh;
			shellScript = "./Pods/CrashlyticsFramework/Crashlytics.framework/run aa3ebef69236c7e1ec3eb569123ce003350b80c9 cdce5af07f3eb9503f64af2ac0246ed0162c9189d0d2ce37add5116010e35cbe";
		};
		51D61E9C47EA452FB66F9A28 /* Check Pods Manifest.lock */ = {
			isa = PBXShellScriptBuildPhase;
			buildActionMask = 2147483647;
			files = (
			);
			inputPaths = (
			);
			name = "Check Pods Manifest.lock";
			outputPaths = (
			);
			runOnlyForDeploymentPostprocessing = 0;
			shellPath = /bin/sh;
			shellScript = "diff \"${PODS_ROOT}/../Podfile.lock\" \"${PODS_ROOT}/Manifest.lock\" > /dev/null\nif [[ $? != 0 ]] ; then\n    cat << EOM\nerror: The sandbox is not in sync with the Podfile.lock. Run 'pod install' or update your CocoaPods installation.\nEOM\n    exit 1\nfi\n";
			showEnvVarsInLog = 0;
		};
		FFE17794F2F446F0B13AB10F /* Copy Pods Resources */ = {
			isa = PBXShellScriptBuildPhase;
			buildActionMask = 2147483647;
			files = (
			);
			inputPaths = (
			);
			name = "Copy Pods Resources";
			outputPaths = (
			);
			runOnlyForDeploymentPostprocessing = 0;
			shellPath = /bin/sh;
			shellScript = "\"${SRCROOT}/Pods/Pods-resources.sh\"\n";
			showEnvVarsInLog = 0;
		};
/* End PBXShellScriptBuildPhase section */

/* Begin PBXSourcesBuildPhase section */
		4DC1A10A1912F9A200228F5A /* Sources */ = {
			isa = PBXSourcesBuildPhase;
			buildActionMask = 2147483647;
			files = (
				4DC1A11E1912F9A200228F5A /* main.m in Sources */,
				4D544BA219441518000718D7 /* EELReviewCell.m in Sources */,
				A416BC47198C522F00ACC39B /* AAPLCollectionViewController.m in Sources */,
				4D9DDDFC1915BA81006E5B03 /* EELReview.m in Sources */,
				A416BC22198C51DB00ACC39B /* UICollectionView+Helpers.m in Sources */,
				4D75E0D41944022800A25AB6 /* EELDetailHeader.m in Sources */,
				A416BC14198C51CB00ACC39B /* AAPLPlaceholderView.m in Sources */,
				4D87F4BC1949851B00740558 /* EELMenuDataSource.m in Sources */,
				A416BC33198C51EB00ACC39B /* AAPLSegmentedDataSource.m in Sources */,
				A416BC12198C51CB00ACC39B /* AAPLHairlineView.m in Sources */,
				4D8B0A27198C2532001ECC83 /* EELWMResponse.m in Sources */,
				A416BC21198C51DB00ACC39B /* NSObject+KVOBlock.m in Sources */,
				A416BC45198C522F00ACC39B /* AAPLCollectionViewGridLayoutAttributes.m in Sources */,
				4DD1FFF8194641650072D5B4 /* EELListTableView.m in Sources */,
				A416BC48198C522F00ACC39B /* AAPLSwipeToEditStateMachine.m in Sources */,
				4D544BA61944F1E9000718D7 /* EELDispensaryInfoListDataSource.m in Sources */,
				A416BC16198C51CB00ACC39B /* AAPLSegmentedHeaderView.m in Sources */,
				4D8718E819A3DB50000DBC94 /* EELStrainInfo.m in Sources */,
				4D87F4B9194984CF00740558 /* EELMenuViewController.m in Sources */,
				A416BC23198C51DB00ACC39B /* UIView+Helpers.m in Sources */,
				4D75E0C51943F73A00A25AB6 /* EELDispensaryDetailDataSource.m in Sources */,
				4D8B0A2A198C3EE2001ECC83 /* EELStoreHours.m in Sources */,
				A416BC0E198C51CB00ACC39B /* AAPLAction.m in Sources */,
				4D37D46B19494F9F00034769 /* EELListHeaderTableViewCell.m in Sources */,
				A40B92E6198C88EC00EB1684 /* EELYLocationManager.m in Sources */,
				A416BC13198C51CB00ACC39B /* AAPLPinnableHeaderView.m in Sources */,
				4D06F69719186AF1005597F9 /* EELMenu.m in Sources */,
				A416BC11198C51CB00ACC39B /* AAPLContentLoading.m in Sources */,
				A416BC43198C522F00ACC39B /* AAPLCollectionViewGridLayout_Internal.m in Sources */,
				4D75E0CE1943F96C00A25AB6 /* EELReviewsDataSource.m in Sources */,
				4D37D4641949139500034769 /* EELListTableViewCell.m in Sources */,
				4D87F4C21949884000740558 /* EELMenuItemCell.m in Sources */,
				4D9DDE0419169629006E5B03 /* EELMenuItem.m in Sources */,
				A416BC20198C51DB00ACC39B /* AAPLDataSource+Headers.m in Sources */,
				4D8718D719A3BF89000DBC94 /* EELDetailInfoCell.m in Sources */,
				4DD4930C1915827D001A6203 /* EELMainViewController.m in Sources */,
				A416BC10198C51CB00ACC39B /* AAPLCollectionViewCell.m in Sources */,
				A416BC17198C51CB00ACC39B /* AAPLStateMachine.m in Sources */,
				A416BC46198C522F00ACC39B /* AAPLLayoutMetrics.m in Sources */,
				A416BC2F198C51EB00ACC39B /* AAPLBasicDataSource.m in Sources */,
				A416BC31198C51EB00ACC39B /* AAPLComposedDataSource.m in Sources */,
				4D9DDDF91915BA75006E5B03 /* EELAccount.m in Sources */,
				A416BC30198C51EB00ACC39B /* AAPLComposedDataSource_Private.m in Sources */,
				4D8718DC19A3D024000DBC94 /* EELLeaflyClient.m in Sources */,
				A416BC15198C51CB00ACC39B /* AAPLSectionHeaderView.m in Sources */,
				4D87F4D419499E6200740558 /* EELEdiblesMenuItemsDataSource.m in Sources */,
				4DC1A1221912F9A200228F5A /* EELAppDelegate.m in Sources */,
				4DCFE51D1948BEA500139D52 /* EELDeal.m in Sources */,
				A416BC44198C522F00ACC39B /* AAPLCollectionViewGridLayout.m in Sources */,
				4D87F4CE19499D7D00740558 /* EELFlowerMenuItemsDataSource.m in Sources */,
				A416BC32198C51EB00ACC39B /* AAPLDataSource.m in Sources */,
				4D87F4D119499D9500740558 /* EELConcentratesMenuItemsDataSource.m in Sources */,
				A416BC0F198C51CB00ACC39B /* AAPLBasicCell.m in Sources */,
				4D9DDDF01915AC89006E5B03 /* EELWMClient.m in Sources */,
				4D75E0D11943FBE200A25AB6 /* EELDetailViewController.m in Sources */,
				4D87F4BF1949865600740558 /* EELMenuItemsDataSource.m in Sources */,
				4D9DDDF61915AFEB006E5B03 /* EELDispensary.m in Sources */,
				4D8718E219A3D0E1000DBC94 /* EELStrain.m in Sources */,
				4D8718D419A2DA8C000DBC94 /* EELDispensaryMoreInfoDataSource.m in Sources */,
				4DD86E171959F28B002D0A3C /* EELDealViewController.m in Sources */,
				4D9DDE0B1916AD74006E5B03 /* EELArrayDataSource.m in Sources */,
				4DCFE5201948BF1400139D52 /* EELDetailListCell.m in Sources */,
			);
			runOnlyForDeploymentPostprocessing = 0;
		};
		4DC1A12B1912F9A200228F5A /* Sources */ = {
			isa = PBXSourcesBuildPhase;
			buildActionMask = 2147483647;
			files = (
				4DC1A13D1912F9A200228F5A /* weedlyTests.m in Sources */,
			);
			runOnlyForDeploymentPostprocessing = 0;
		};
/* End PBXSourcesBuildPhase section */

/* Begin PBXTargetDependency section */
		4DC1A1351912F9A200228F5A /* PBXTargetDependency */ = {
			isa = PBXTargetDependency;
			target = 4DC1A10D1912F9A200228F5A /* Weedly */;
			targetProxy = 4DC1A1341912F9A200228F5A /* PBXContainerItemProxy */;
		};
/* End PBXTargetDependency section */

/* Begin PBXVariantGroup section */
		4DC1A11A1912F9A200228F5A /* InfoPlist.strings */ = {
			isa = PBXVariantGroup;
			children = (
				4DC1A11B1912F9A200228F5A /* en */,
			);
			name = InfoPlist.strings;
			sourceTree = "<group>";
		};
		4DC1A1231912F9A200228F5A /* Main.storyboard */ = {
			isa = PBXVariantGroup;
			children = (
				4DC1A1241912F9A200228F5A /* Base */,
			);
			name = Main.storyboard;
			sourceTree = "<group>";
		};
		4DC1A1391912F9A200228F5A /* InfoPlist.strings */ = {
			isa = PBXVariantGroup;
			children = (
				4DC1A13A1912F9A200228F5A /* en */,
			);
			name = InfoPlist.strings;
			sourceTree = "<group>";
		};
/* End PBXVariantGroup section */

/* Begin XCBuildConfiguration section */
		4DC1A13E1912F9A200228F5A /* Debug */ = {
			isa = XCBuildConfiguration;
			buildSettings = {
				ALWAYS_SEARCH_USER_PATHS = NO;
				CLANG_CXX_LANGUAGE_STANDARD = "gnu++0x";
				CLANG_CXX_LIBRARY = "libc++";
				CLANG_ENABLE_MODULES = YES;
				CLANG_ENABLE_OBJC_ARC = YES;
				CLANG_WARN_BOOL_CONVERSION = YES;
				CLANG_WARN_CONSTANT_CONVERSION = YES;
				CLANG_WARN_DIRECT_OBJC_ISA_USAGE = YES_ERROR;
				CLANG_WARN_EMPTY_BODY = YES;
				CLANG_WARN_ENUM_CONVERSION = YES;
				CLANG_WARN_INT_CONVERSION = YES;
				CLANG_WARN_OBJC_ROOT_CLASS = YES_ERROR;
				CLANG_WARN__DUPLICATE_METHOD_MATCH = YES;
				"CODE_SIGN_IDENTITY[sdk=iphoneos*]" = "iPhone Developer";
				COPY_PHASE_STRIP = NO;
				GCC_C_LANGUAGE_STANDARD = gnu99;
				GCC_DYNAMIC_NO_PIC = NO;
				GCC_OPTIMIZATION_LEVEL = 0;
				GCC_PREPROCESSOR_DEFINITIONS = (
					"DEBUG=1",
					"$(inherited)",
				);
				GCC_SYMBOLS_PRIVATE_EXTERN = NO;
				GCC_WARN_64_TO_32_BIT_CONVERSION = YES;
				GCC_WARN_ABOUT_RETURN_TYPE = YES_ERROR;
				GCC_WARN_UNDECLARED_SELECTOR = YES;
				GCC_WARN_UNINITIALIZED_AUTOS = YES_AGGRESSIVE;
				GCC_WARN_UNUSED_FUNCTION = YES;
				GCC_WARN_UNUSED_VARIABLE = YES;
				IPHONEOS_DEPLOYMENT_TARGET = 7.1;
				ONLY_ACTIVE_ARCH = YES;
				SDKROOT = iphoneos;
			};
			name = Debug;
		};
		4DC1A13F1912F9A200228F5A /* Release */ = {
			isa = XCBuildConfiguration;
			buildSettings = {
				ALWAYS_SEARCH_USER_PATHS = NO;
				CLANG_CXX_LANGUAGE_STANDARD = "gnu++0x";
				CLANG_CXX_LIBRARY = "libc++";
				CLANG_ENABLE_MODULES = YES;
				CLANG_ENABLE_OBJC_ARC = YES;
				CLANG_WARN_BOOL_CONVERSION = YES;
				CLANG_WARN_CONSTANT_CONVERSION = YES;
				CLANG_WARN_DIRECT_OBJC_ISA_USAGE = YES_ERROR;
				CLANG_WARN_EMPTY_BODY = YES;
				CLANG_WARN_ENUM_CONVERSION = YES;
				CLANG_WARN_INT_CONVERSION = YES;
				CLANG_WARN_OBJC_ROOT_CLASS = YES_ERROR;
				CLANG_WARN__DUPLICATE_METHOD_MATCH = YES;
				"CODE_SIGN_IDENTITY[sdk=iphoneos*]" = "iPhone Developer";
				COPY_PHASE_STRIP = YES;
				ENABLE_NS_ASSERTIONS = NO;
				GCC_C_LANGUAGE_STANDARD = gnu99;
				GCC_WARN_64_TO_32_BIT_CONVERSION = YES;
				GCC_WARN_ABOUT_RETURN_TYPE = YES_ERROR;
				GCC_WARN_UNDECLARED_SELECTOR = YES;
				GCC_WARN_UNINITIALIZED_AUTOS = YES_AGGRESSIVE;
				GCC_WARN_UNUSED_FUNCTION = YES;
				GCC_WARN_UNUSED_VARIABLE = YES;
				IPHONEOS_DEPLOYMENT_TARGET = 7.1;
				SDKROOT = iphoneos;
				VALIDATE_PRODUCT = YES;
			};
			name = Release;
		};
		4DC1A1411912F9A200228F5A /* Debug */ = {
			isa = XCBuildConfiguration;
			baseConfigurationReference = D13BE086C5424174BDE85D1C /* Pods.xcconfig */;
			buildSettings = {
				ASSETCATALOG_COMPILER_APPICON_NAME = AppIcon;
				ASSETCATALOG_COMPILER_LAUNCHIMAGE_NAME = LaunchImage;
				CODE_SIGN_IDENTITY = "iPhone Developer";
				GCC_PRECOMPILE_PREFIX_HEADER = YES;
				GCC_PREFIX_HEADER = "weedly/weedly-Prefix.pch";
				INFOPLIST_FILE = "weedly/weedly-Info.plist";
				IPHONEOS_DEPLOYMENT_TARGET = 7.0;
				PRODUCT_NAME = "$(TARGET_NAME)";
				WRAPPER_EXTENSION = app;
			};
			name = Debug;
		};
		4DC1A1421912F9A200228F5A /* Release */ = {
			isa = XCBuildConfiguration;
			baseConfigurationReference = D13BE086C5424174BDE85D1C /* Pods.xcconfig */;
			buildSettings = {
				ASSETCATALOG_COMPILER_APPICON_NAME = AppIcon;
				ASSETCATALOG_COMPILER_LAUNCHIMAGE_NAME = LaunchImage;
				CODE_SIGN_IDENTITY = "iPhone Developer";
				GCC_PRECOMPILE_PREFIX_HEADER = YES;
				GCC_PREFIX_HEADER = "weedly/weedly-Prefix.pch";
				INFOPLIST_FILE = "weedly/weedly-Info.plist";
				IPHONEOS_DEPLOYMENT_TARGET = 7.0;
				PRODUCT_NAME = "$(TARGET_NAME)";
				WRAPPER_EXTENSION = app;
			};
			name = Release;
		};
		4DC1A1441912F9A200228F5A /* Debug */ = {
			isa = XCBuildConfiguration;
			buildSettings = {
				BUNDLE_LOADER = "$(BUILT_PRODUCTS_DIR)/weedly.app/weedly";
				FRAMEWORK_SEARCH_PATHS = (
					"$(SDKROOT)/Developer/Library/Frameworks",
					"$(inherited)",
					"$(DEVELOPER_FRAMEWORKS_DIR)",
				);
				GCC_PRECOMPILE_PREFIX_HEADER = YES;
				GCC_PREFIX_HEADER = "weedly/weedly-Prefix.pch";
				GCC_PREPROCESSOR_DEFINITIONS = (
					"DEBUG=1",
					"$(inherited)",
				);
				INFOPLIST_FILE = "weedlyTests/weedlyTests-Info.plist";
				PRODUCT_NAME = "$(TARGET_NAME)";
				TEST_HOST = "$(BUNDLE_LOADER)";
				WRAPPER_EXTENSION = xctest;
			};
			name = Debug;
		};
		4DC1A1451912F9A200228F5A /* Release */ = {
			isa = XCBuildConfiguration;
			buildSettings = {
				BUNDLE_LOADER = "$(BUILT_PRODUCTS_DIR)/weedly.app/weedly";
				FRAMEWORK_SEARCH_PATHS = (
					"$(SDKROOT)/Developer/Library/Frameworks",
					"$(inherited)",
					"$(DEVELOPER_FRAMEWORKS_DIR)",
				);
				GCC_PRECOMPILE_PREFIX_HEADER = YES;
				GCC_PREFIX_HEADER = "weedly/weedly-Prefix.pch";
				INFOPLIST_FILE = "weedlyTests/weedlyTests-Info.plist";
				PRODUCT_NAME = "$(TARGET_NAME)";
				TEST_HOST = "$(BUNDLE_LOADER)";
				WRAPPER_EXTENSION = xctest;
			};
			name = Release;
		};
/* End XCBuildConfiguration section */

/* Begin XCConfigurationList section */
		4DC1A1091912F9A200228F5A /* Build configuration list for PBXProject "weedly" */ = {
			isa = XCConfigurationList;
			buildConfigurations = (
				4DC1A13E1912F9A200228F5A /* Debug */,
				4DC1A13F1912F9A200228F5A /* Release */,
			);
			defaultConfigurationIsVisible = 0;
			defaultConfigurationName = Release;
		};
		4DC1A1401912F9A200228F5A /* Build configuration list for PBXNativeTarget "Weedly" */ = {
			isa = XCConfigurationList;
			buildConfigurations = (
				4DC1A1411912F9A200228F5A /* Debug */,
				4DC1A1421912F9A200228F5A /* Release */,
			);
			defaultConfigurationIsVisible = 0;
			defaultConfigurationName = Release;
		};
		4DC1A1431912F9A200228F5A /* Build configuration list for PBXNativeTarget "weedlyTests" */ = {
			isa = XCConfigurationList;
			buildConfigurations = (
				4DC1A1441912F9A200228F5A /* Debug */,
				4DC1A1451912F9A200228F5A /* Release */,
			);
			defaultConfigurationIsVisible = 0;
			defaultConfigurationName = Release;
		};
/* End XCConfigurationList section */
	};
	rootObject = 4DC1A1061912F9A200228F5A /* Project object */;
}
