<?xml version="1.0" encoding="UTF-8"?>
<!DOCTYPE plist PUBLIC "-//Apple//DTD PLIST 1.0//EN" "http://www.apple.com/DTDs/PropertyList-1.0.dtd">
<plist version="1.0">
<dict>
	<key>archiveVersion</key>
	<string>1</string>
	<key>classes</key>
	<dict/>
	<key>objectVersion</key>
	<string>46</string>
	<key>objects</key>
	<dict>
		<key>4DB1757419159DD400B3A22F</key>
		<dict>
			<key>children</key>
			<array>
				<string>4DD4933719159A96001A6203</string>
				<string>4DD4933819159A96001A6203</string>
				<string>4DD4933119159A66001A6203</string>
				<string>4DD4933219159A66001A6203</string>
			</array>
			<key>isa</key>
			<string>PBXGroup</string>
			<key>name</key>
			<string>detail controllers</string>
			<key>sourceTree</key>
			<string>&lt;group&gt;</string>
		</dict>
		<key>4DB1757519159DEE00B3A22F</key>
		<dict>
			<key>children</key>
			<array>
				<string>4DD4933D19159B63001A6203</string>
				<string>4DD4933E19159B63001A6203</string>
				<string>4DD4933A19159B18001A6203</string>
				<string>4DD4933B19159B18001A6203</string>
				<string>4DD4932B1915980C001A6203</string>
				<string>4DD4932C1915980C001A6203</string>
				<string>4DD4932E19159845001A6203</string>
				<string>4DD4932F19159845001A6203</string>
			</array>
			<key>isa</key>
			<string>PBXGroup</string>
			<key>name</key>
			<string>sidebar controllers</string>
			<key>sourceTree</key>
			<string>&lt;group&gt;</string>
		</dict>
		<key>4DB1757619159E1400B3A22F</key>
		<dict>
			<key>children</key>
			<array>
				<string>4DD4930A1915827D001A6203</string>
				<string>4DD4930B1915827D001A6203</string>
				<string>4DD4932719159554001A6203</string>
				<string>4DD4932819159554001A6203</string>
				<string>4DD4932119158DBC001A6203</string>
				<string>4DD4932219158DBC001A6203</string>
				<string>4DD493241915951E001A6203</string>
				<string>4DD493251915951E001A6203</string>
			</array>
			<key>isa</key>
			<string>PBXGroup</string>
			<key>name</key>
			<string>main view controllers</string>
			<key>sourceTree</key>
			<string>&lt;group&gt;</string>
		</dict>
		<key>4DB1757719159E1D00B3A22F</key>
		<dict>
			<key>children</key>
			<array>
				<string>4DB1757519159DEE00B3A22F</string>
				<string>4DB1757419159DD400B3A22F</string>
				<string>4DB1757619159E1400B3A22F</string>
			</array>
			<key>isa</key>
			<string>PBXGroup</string>
			<key>name</key>
			<string>controllers</string>
			<key>sourceTree</key>
			<string>&lt;group&gt;</string>
		</dict>
		<key>4DC1A1051912F9A200228F5A</key>
		<dict>
			<key>children</key>
			<array>
				<string>4DC1A1171912F9A200228F5A</string>
				<string>4DC1A1361912F9A200228F5A</string>
				<string>4DC1A1101912F9A200228F5A</string>
				<string>4DC1A10F1912F9A200228F5A</string>
				<string>D13BE086C5424174BDE85D1C</string>
			</array>
			<key>isa</key>
			<string>PBXGroup</string>
			<key>sourceTree</key>
			<string>&lt;group&gt;</string>
		</dict>
		<key>4DC1A1061912F9A200228F5A</key>
		<dict>
			<key>attributes</key>
			<dict>
				<key>CLASSPREFIX</key>
				<string>EEL</string>
				<key>LastUpgradeCheck</key>
				<string>0510</string>
				<key>ORGANIZATIONNAME</key>
				<string>Eric Lewis</string>
				<key>TargetAttributes</key>
				<dict>
					<key>4DC1A12E1912F9A200228F5A</key>
					<dict>
						<key>TestTargetID</key>
						<string>4DC1A10D1912F9A200228F5A</string>
					</dict>
				</dict>
			</dict>
			<key>buildConfigurationList</key>
			<string>4DC1A1091912F9A200228F5A</string>
			<key>compatibilityVersion</key>
			<string>Xcode 3.2</string>
			<key>developmentRegion</key>
			<string>English</string>
			<key>hasScannedForEncodings</key>
			<string>0</string>
			<key>isa</key>
			<string>PBXProject</string>
			<key>knownRegions</key>
			<array>
				<string>en</string>
				<string>Base</string>
			</array>
			<key>mainGroup</key>
			<string>4DC1A1051912F9A200228F5A</string>
			<key>productRefGroup</key>
			<string>4DC1A10F1912F9A200228F5A</string>
			<key>projectDirPath</key>
			<string></string>
			<key>projectReferences</key>
			<array/>
			<key>projectRoot</key>
			<string></string>
			<key>targets</key>
			<array>
				<string>4DC1A10D1912F9A200228F5A</string>
				<string>4DC1A12E1912F9A200228F5A</string>
			</array>
		</dict>
		<key>4DC1A1091912F9A200228F5A</key>
		<dict>
			<key>buildConfigurations</key>
			<array>
				<string>4DC1A13E1912F9A200228F5A</string>
				<string>4DC1A13F1912F9A200228F5A</string>
			</array>
			<key>defaultConfigurationIsVisible</key>
			<string>0</string>
			<key>defaultConfigurationName</key>
			<string>Release</string>
			<key>isa</key>
			<string>XCConfigurationList</string>
		</dict>
		<key>4DC1A10A1912F9A200228F5A</key>
		<dict>
			<key>buildActionMask</key>
			<string>2147483647</string>
			<key>files</key>
			<array>
				<string>4DD4932D1915980C001A6203</string>
				<string>4DD493261915951E001A6203</string>
				<string>4DD4933319159A66001A6203</string>
				<string>4DC1A11E1912F9A200228F5A</string>
				<string>4DD4933F19159B63001A6203</string>
				<string>4DD4932319158DBC001A6203</string>
				<string>4DD4933019159845001A6203</string>
				<string>4DD4933919159A96001A6203</string>
				<string>4DD4930C1915827D001A6203</string>
				<string>4DC1A1221912F9A200228F5A</string>
				<string>4DD4933C19159B18001A6203</string>
				<string>4DD4932919159554001A6203</string>
			</array>
			<key>isa</key>
			<string>PBXSourcesBuildPhase</string>
			<key>runOnlyForDeploymentPostprocessing</key>
			<string>0</string>
		</dict>
		<key>4DC1A10B1912F9A200228F5A</key>
		<dict>
			<key>buildActionMask</key>
			<string>2147483647</string>
			<key>files</key>
			<array>
				<string>4DC1A1471912FAA300228F5A</string>
				<string>4DC1A1141912F9A200228F5A</string>
				<string>4DC1A1161912F9A200228F5A</string>
				<string>4DC1A1121912F9A200228F5A</string>
				<string>BE8BDD8F4BD4453BBD4478C3</string>
			</array>
			<key>isa</key>
			<string>PBXFrameworksBuildPhase</string>
			<key>runOnlyForDeploymentPostprocessing</key>
			<string>0</string>
		</dict>
		<key>4DC1A10C1912F9A200228F5A</key>
		<dict>
			<key>buildActionMask</key>
			<string>2147483647</string>
			<key>files</key>
			<array>
				<string>4DC1A12A1912F9A200228F5A</string>
				<string>4DC1A11C1912F9A200228F5A</string>
				<string>4DC1A1251912F9A200228F5A</string>
			</array>
			<key>isa</key>
			<string>PBXResourcesBuildPhase</string>
			<key>runOnlyForDeploymentPostprocessing</key>
			<string>0</string>
		</dict>
		<key>4DC1A10D1912F9A200228F5A</key>
		<dict>
			<key>buildConfigurationList</key>
			<string>4DC1A1401912F9A200228F5A</string>
			<key>buildPhases</key>
			<array>
				<string>51D61E9C47EA452FB66F9A28</string>
				<string>4DC1A10A1912F9A200228F5A</string>
				<string>4DC1A10B1912F9A200228F5A</string>
				<string>4DC1A10C1912F9A200228F5A</string>
				<string>FFE17794F2F446F0B13AB10F</string>
			</array>
			<key>buildRules</key>
			<array/>
			<key>dependencies</key>
			<array/>
			<key>isa</key>
			<string>PBXNativeTarget</string>
			<key>name</key>
			<string>weedly</string>
			<key>productName</key>
			<string>weedly</string>
			<key>productReference</key>
			<string>4DC1A10E1912F9A200228F5A</string>
			<key>productType</key>
			<string>com.apple.product-type.application</string>
		</dict>
		<key>4DC1A10E1912F9A200228F5A</key>
		<dict>
			<key>explicitFileType</key>
			<string>wrapper.application</string>
			<key>includeInIndex</key>
			<string>0</string>
			<key>isa</key>
			<string>PBXFileReference</string>
			<key>path</key>
			<string>weedly.app</string>
			<key>sourceTree</key>
			<string>BUILT_PRODUCTS_DIR</string>
		</dict>
		<key>4DC1A10F1912F9A200228F5A</key>
		<dict>
			<key>children</key>
			<array>
				<string>4DC1A10E1912F9A200228F5A</string>
				<string>4DC1A12F1912F9A200228F5A</string>
			</array>
			<key>isa</key>
			<string>PBXGroup</string>
			<key>name</key>
			<string>Products</string>
			<key>sourceTree</key>
			<string>&lt;group&gt;</string>
		</dict>
		<key>4DC1A1101912F9A200228F5A</key>
		<dict>
			<key>children</key>
			<array>
				<string>4DC1A1461912FAA300228F5A</string>
				<string>4DC1A1111912F9A200228F5A</string>
				<string>4DC1A1131912F9A200228F5A</string>
				<string>4DC1A1151912F9A200228F5A</string>
				<string>4DC1A1301912F9A200228F5A</string>
				<string>F50009311F37485CA198D2EA</string>
			</array>
			<key>isa</key>
			<string>PBXGroup</string>
			<key>name</key>
			<string>Frameworks</string>
			<key>sourceTree</key>
			<string>&lt;group&gt;</string>
		</dict>
		<key>4DC1A1111912F9A200228F5A</key>
		<dict>
			<key>isa</key>
			<string>PBXFileReference</string>
			<key>lastKnownFileType</key>
			<string>wrapper.framework</string>
			<key>name</key>
			<string>Foundation.framework</string>
			<key>path</key>
			<string>System/Library/Frameworks/Foundation.framework</string>
			<key>sourceTree</key>
			<string>SDKROOT</string>
		</dict>
		<key>4DC1A1121912F9A200228F5A</key>
		<dict>
			<key>fileRef</key>
			<string>4DC1A1111912F9A200228F5A</string>
			<key>isa</key>
			<string>PBXBuildFile</string>
		</dict>
		<key>4DC1A1131912F9A200228F5A</key>
		<dict>
			<key>isa</key>
			<string>PBXFileReference</string>
			<key>lastKnownFileType</key>
			<string>wrapper.framework</string>
			<key>name</key>
			<string>CoreGraphics.framework</string>
			<key>path</key>
			<string>System/Library/Frameworks/CoreGraphics.framework</string>
			<key>sourceTree</key>
			<string>SDKROOT</string>
		</dict>
		<key>4DC1A1141912F9A200228F5A</key>
		<dict>
			<key>fileRef</key>
			<string>4DC1A1131912F9A200228F5A</string>
			<key>isa</key>
			<string>PBXBuildFile</string>
		</dict>
		<key>4DC1A1151912F9A200228F5A</key>
		<dict>
			<key>isa</key>
			<string>PBXFileReference</string>
			<key>lastKnownFileType</key>
			<string>wrapper.framework</string>
			<key>name</key>
			<string>UIKit.framework</string>
			<key>path</key>
			<string>System/Library/Frameworks/UIKit.framework</string>
			<key>sourceTree</key>
			<string>SDKROOT</string>
		</dict>
		<key>4DC1A1161912F9A200228F5A</key>
		<dict>
			<key>fileRef</key>
			<string>4DC1A1151912F9A200228F5A</string>
			<key>isa</key>
			<string>PBXBuildFile</string>
		</dict>
		<key>4DC1A1171912F9A200228F5A</key>
		<dict>
			<key>children</key>
			<array>
				<string>4DC1A1201912F9A200228F5A</string>
				<string>4DC1A1211912F9A200228F5A</string>
				<string>4DC1A1481912FB6E00228F5A</string>
				<string>4DC1A1231912F9A200228F5A</string>
				<string>4DB1757719159E1D00B3A22F</string>
				<string>4DC1A1291912F9A200228F5A</string>
				<string>4DC1A1181912F9A200228F5A</string>
			</array>
			<key>isa</key>
			<string>PBXGroup</string>
			<key>path</key>
			<string>weedly</string>
			<key>sourceTree</key>
			<string>&lt;group&gt;</string>
		</dict>
		<key>4DC1A1181912F9A200228F5A</key>
		<dict>
			<key>children</key>
			<array>
				<string>4DC1A1191912F9A200228F5A</string>
				<string>4DC1A11A1912F9A200228F5A</string>
				<string>4DC1A11D1912F9A200228F5A</string>
				<string>4DC1A11F1912F9A200228F5A</string>
			</array>
			<key>isa</key>
			<string>PBXGroup</string>
			<key>name</key>
			<string>Supporting Files</string>
			<key>sourceTree</key>
			<string>&lt;group&gt;</string>
		</dict>
		<key>4DC1A1191912F9A200228F5A</key>
		<dict>
			<key>isa</key>
			<string>PBXFileReference</string>
			<key>lastKnownFileType</key>
			<string>text.plist.xml</string>
			<key>path</key>
			<string>weedly-Info.plist</string>
			<key>sourceTree</key>
			<string>&lt;group&gt;</string>
		</dict>
		<key>4DC1A11A1912F9A200228F5A</key>
		<dict>
			<key>children</key>
			<array>
				<string>4DC1A11B1912F9A200228F5A</string>
			</array>
			<key>isa</key>
			<string>PBXVariantGroup</string>
			<key>name</key>
			<string>InfoPlist.strings</string>
			<key>sourceTree</key>
			<string>&lt;group&gt;</string>
		</dict>
		<key>4DC1A11B1912F9A200228F5A</key>
		<dict>
			<key>isa</key>
			<string>PBXFileReference</string>
			<key>lastKnownFileType</key>
			<string>text.plist.strings</string>
			<key>name</key>
			<string>en</string>
			<key>path</key>
			<string>en.lproj/InfoPlist.strings</string>
			<key>sourceTree</key>
			<string>&lt;group&gt;</string>
		</dict>
		<key>4DC1A11C1912F9A200228F5A</key>
		<dict>
			<key>fileRef</key>
			<string>4DC1A11A1912F9A200228F5A</string>
			<key>isa</key>
			<string>PBXBuildFile</string>
		</dict>
		<key>4DC1A11D1912F9A200228F5A</key>
		<dict>
			<key>isa</key>
			<string>PBXFileReference</string>
			<key>lastKnownFileType</key>
			<string>sourcecode.c.objc</string>
			<key>path</key>
			<string>main.m</string>
			<key>sourceTree</key>
			<string>&lt;group&gt;</string>
		</dict>
		<key>4DC1A11E1912F9A200228F5A</key>
		<dict>
			<key>fileRef</key>
			<string>4DC1A11D1912F9A200228F5A</string>
			<key>isa</key>
			<string>PBXBuildFile</string>
		</dict>
		<key>4DC1A11F1912F9A200228F5A</key>
		<dict>
			<key>isa</key>
			<string>PBXFileReference</string>
			<key>lastKnownFileType</key>
			<string>sourcecode.c.h</string>
			<key>path</key>
			<string>weedly-Prefix.pch</string>
			<key>sourceTree</key>
			<string>&lt;group&gt;</string>
		</dict>
		<key>4DC1A1201912F9A200228F5A</key>
		<dict>
			<key>isa</key>
			<string>PBXFileReference</string>
			<key>lastKnownFileType</key>
			<string>sourcecode.c.h</string>
			<key>path</key>
			<string>EELAppDelegate.h</string>
			<key>sourceTree</key>
			<string>&lt;group&gt;</string>
		</dict>
		<key>4DC1A1211912F9A200228F5A</key>
		<dict>
			<key>isa</key>
			<string>PBXFileReference</string>
			<key>lastKnownFileType</key>
			<string>sourcecode.c.objc</string>
			<key>path</key>
			<string>EELAppDelegate.m</string>
			<key>sourceTree</key>
			<string>&lt;group&gt;</string>
		</dict>
		<key>4DC1A1221912F9A200228F5A</key>
		<dict>
			<key>fileRef</key>
			<string>4DC1A1211912F9A200228F5A</string>
			<key>isa</key>
			<string>PBXBuildFile</string>
		</dict>
		<key>4DC1A1231912F9A200228F5A</key>
		<dict>
			<key>children</key>
			<array>
				<string>4DC1A1241912F9A200228F5A</string>
			</array>
			<key>isa</key>
			<string>PBXVariantGroup</string>
			<key>name</key>
			<string>Main.storyboard</string>
			<key>sourceTree</key>
			<string>&lt;group&gt;</string>
		</dict>
		<key>4DC1A1241912F9A200228F5A</key>
		<dict>
			<key>isa</key>
			<string>PBXFileReference</string>
			<key>lastKnownFileType</key>
			<string>file.storyboard</string>
			<key>name</key>
			<string>Base</string>
			<key>path</key>
			<string>Base.lproj/Main.storyboard</string>
			<key>sourceTree</key>
			<string>&lt;group&gt;</string>
		</dict>
		<key>4DC1A1251912F9A200228F5A</key>
		<dict>
			<key>fileRef</key>
			<string>4DC1A1231912F9A200228F5A</string>
			<key>isa</key>
			<string>PBXBuildFile</string>
		</dict>
		<key>4DC1A1291912F9A200228F5A</key>
		<dict>
			<key>isa</key>
			<string>PBXFileReference</string>
			<key>lastKnownFileType</key>
			<string>folder.assetcatalog</string>
			<key>path</key>
			<string>Images.xcassets</string>
			<key>sourceTree</key>
			<string>&lt;group&gt;</string>
		</dict>
		<key>4DC1A12A1912F9A200228F5A</key>
		<dict>
			<key>fileRef</key>
			<string>4DC1A1291912F9A200228F5A</string>
			<key>isa</key>
			<string>PBXBuildFile</string>
		</dict>
		<key>4DC1A12B1912F9A200228F5A</key>
		<dict>
			<key>buildActionMask</key>
			<string>2147483647</string>
			<key>files</key>
			<array>
				<string>4DC1A13D1912F9A200228F5A</string>
			</array>
			<key>isa</key>
			<string>PBXSourcesBuildPhase</string>
			<key>runOnlyForDeploymentPostprocessing</key>
			<string>0</string>
		</dict>
		<key>4DC1A12C1912F9A200228F5A</key>
		<dict>
			<key>buildActionMask</key>
			<string>2147483647</string>
			<key>files</key>
			<array>
				<string>4DC1A1311912F9A200228F5A</string>
				<string>4DC1A1331912F9A200228F5A</string>
				<string>4DC1A1321912F9A200228F5A</string>
			</array>
			<key>isa</key>
			<string>PBXFrameworksBuildPhase</string>
			<key>runOnlyForDeploymentPostprocessing</key>
			<string>0</string>
		</dict>
		<key>4DC1A12D1912F9A200228F5A</key>
		<dict>
			<key>buildActionMask</key>
			<string>2147483647</string>
			<key>files</key>
			<array>
				<string>4DC1A13B1912F9A200228F5A</string>
			</array>
			<key>isa</key>
			<string>PBXResourcesBuildPhase</string>
			<key>runOnlyForDeploymentPostprocessing</key>
			<string>0</string>
		</dict>
		<key>4DC1A12E1912F9A200228F5A</key>
		<dict>
			<key>buildConfigurationList</key>
			<string>4DC1A1431912F9A200228F5A</string>
			<key>buildPhases</key>
			<array>
				<string>4DC1A12B1912F9A200228F5A</string>
				<string>4DC1A12C1912F9A200228F5A</string>
				<string>4DC1A12D1912F9A200228F5A</string>
			</array>
			<key>buildRules</key>
			<array/>
			<key>dependencies</key>
			<array>
				<string>4DC1A1351912F9A200228F5A</string>
			</array>
			<key>isa</key>
			<string>PBXNativeTarget</string>
			<key>name</key>
			<string>weedlyTests</string>
			<key>productName</key>
			<string>weedlyTests</string>
			<key>productReference</key>
			<string>4DC1A12F1912F9A200228F5A</string>
			<key>productType</key>
			<string>com.apple.product-type.bundle.unit-test</string>
		</dict>
		<key>4DC1A12F1912F9A200228F5A</key>
		<dict>
			<key>explicitFileType</key>
			<string>wrapper.cfbundle</string>
			<key>includeInIndex</key>
			<string>0</string>
			<key>isa</key>
			<string>PBXFileReference</string>
			<key>path</key>
			<string>weedlyTests.xctest</string>
			<key>sourceTree</key>
			<string>BUILT_PRODUCTS_DIR</string>
		</dict>
		<key>4DC1A1301912F9A200228F5A</key>
		<dict>
			<key>isa</key>
			<string>PBXFileReference</string>
			<key>lastKnownFileType</key>
			<string>wrapper.framework</string>
			<key>name</key>
			<string>XCTest.framework</string>
			<key>path</key>
			<string>Library/Frameworks/XCTest.framework</string>
			<key>sourceTree</key>
			<string>DEVELOPER_DIR</string>
		</dict>
		<key>4DC1A1311912F9A200228F5A</key>
		<dict>
			<key>fileRef</key>
			<string>4DC1A1301912F9A200228F5A</string>
			<key>isa</key>
			<string>PBXBuildFile</string>
		</dict>
		<key>4DC1A1321912F9A200228F5A</key>
		<dict>
			<key>fileRef</key>
			<string>4DC1A1111912F9A200228F5A</string>
			<key>isa</key>
			<string>PBXBuildFile</string>
		</dict>
		<key>4DC1A1331912F9A200228F5A</key>
		<dict>
			<key>fileRef</key>
			<string>4DC1A1151912F9A200228F5A</string>
			<key>isa</key>
			<string>PBXBuildFile</string>
		</dict>
		<key>4DC1A1341912F9A200228F5A</key>
		<dict>
			<key>containerPortal</key>
			<string>4DC1A1061912F9A200228F5A</string>
			<key>isa</key>
			<string>PBXContainerItemProxy</string>
			<key>proxyType</key>
			<string>1</string>
			<key>remoteGlobalIDString</key>
			<string>4DC1A10D1912F9A200228F5A</string>
			<key>remoteInfo</key>
			<string>weedly</string>
		</dict>
		<key>4DC1A1351912F9A200228F5A</key>
		<dict>
			<key>isa</key>
			<string>PBXTargetDependency</string>
			<key>target</key>
			<string>4DC1A10D1912F9A200228F5A</string>
			<key>targetProxy</key>
			<string>4DC1A1341912F9A200228F5A</string>
		</dict>
		<key>4DC1A1361912F9A200228F5A</key>
		<dict>
			<key>children</key>
			<array>
				<string>4DC1A13C1912F9A200228F5A</string>
				<string>4DC1A1371912F9A200228F5A</string>
			</array>
			<key>isa</key>
			<string>PBXGroup</string>
			<key>path</key>
			<string>weedlyTests</string>
			<key>sourceTree</key>
			<string>&lt;group&gt;</string>
		</dict>
		<key>4DC1A1371912F9A200228F5A</key>
		<dict>
			<key>children</key>
			<array>
				<string>4DC1A1381912F9A200228F5A</string>
				<string>4DC1A1391912F9A200228F5A</string>
			</array>
			<key>isa</key>
			<string>PBXGroup</string>
			<key>name</key>
			<string>Supporting Files</string>
			<key>sourceTree</key>
			<string>&lt;group&gt;</string>
		</dict>
		<key>4DC1A1381912F9A200228F5A</key>
		<dict>
			<key>isa</key>
			<string>PBXFileReference</string>
			<key>lastKnownFileType</key>
			<string>text.plist.xml</string>
			<key>path</key>
			<string>weedlyTests-Info.plist</string>
			<key>sourceTree</key>
			<string>&lt;group&gt;</string>
		</dict>
		<key>4DC1A1391912F9A200228F5A</key>
		<dict>
			<key>children</key>
			<array>
				<string>4DC1A13A1912F9A200228F5A</string>
			</array>
			<key>isa</key>
			<string>PBXVariantGroup</string>
			<key>name</key>
			<string>InfoPlist.strings</string>
			<key>sourceTree</key>
			<string>&lt;group&gt;</string>
		</dict>
		<key>4DC1A13A1912F9A200228F5A</key>
		<dict>
			<key>isa</key>
			<string>PBXFileReference</string>
			<key>lastKnownFileType</key>
			<string>text.plist.strings</string>
			<key>name</key>
			<string>en</string>
			<key>path</key>
			<string>en.lproj/InfoPlist.strings</string>
			<key>sourceTree</key>
			<string>&lt;group&gt;</string>
		</dict>
		<key>4DC1A13B1912F9A200228F5A</key>
		<dict>
			<key>fileRef</key>
			<string>4DC1A1391912F9A200228F5A</string>
			<key>isa</key>
			<string>PBXBuildFile</string>
		</dict>
		<key>4DC1A13C1912F9A200228F5A</key>
		<dict>
			<key>isa</key>
			<string>PBXFileReference</string>
			<key>lastKnownFileType</key>
			<string>sourcecode.c.objc</string>
			<key>path</key>
			<string>weedlyTests.m</string>
			<key>sourceTree</key>
			<string>&lt;group&gt;</string>
		</dict>
		<key>4DC1A13D1912F9A200228F5A</key>
		<dict>
			<key>fileRef</key>
			<string>4DC1A13C1912F9A200228F5A</string>
			<key>isa</key>
			<string>PBXBuildFile</string>
		</dict>
		<key>4DC1A13E1912F9A200228F5A</key>
		<dict>
			<key>buildSettings</key>
			<dict>
				<key>ALWAYS_SEARCH_USER_PATHS</key>
				<string>NO</string>
				<key>CLANG_CXX_LANGUAGE_STANDARD</key>
				<string>gnu++0x</string>
				<key>CLANG_CXX_LIBRARY</key>
				<string>libc++</string>
				<key>CLANG_ENABLE_MODULES</key>
				<string>YES</string>
				<key>CLANG_ENABLE_OBJC_ARC</key>
				<string>YES</string>
				<key>CLANG_WARN_BOOL_CONVERSION</key>
				<string>YES</string>
				<key>CLANG_WARN_CONSTANT_CONVERSION</key>
				<string>YES</string>
				<key>CLANG_WARN_DIRECT_OBJC_ISA_USAGE</key>
				<string>YES_ERROR</string>
				<key>CLANG_WARN_EMPTY_BODY</key>
				<string>YES</string>
				<key>CLANG_WARN_ENUM_CONVERSION</key>
				<string>YES</string>
				<key>CLANG_WARN_INT_CONVERSION</key>
				<string>YES</string>
				<key>CLANG_WARN_OBJC_ROOT_CLASS</key>
				<string>YES_ERROR</string>
				<key>CLANG_WARN__DUPLICATE_METHOD_MATCH</key>
				<string>YES</string>
				<key>CODE_SIGN_IDENTITY[sdk=iphoneos*]</key>
				<string>iPhone Developer</string>
				<key>COPY_PHASE_STRIP</key>
				<string>NO</string>
				<key>GCC_C_LANGUAGE_STANDARD</key>
				<string>gnu99</string>
				<key>GCC_DYNAMIC_NO_PIC</key>
				<string>NO</string>
				<key>GCC_OPTIMIZATION_LEVEL</key>
				<string>0</string>
				<key>GCC_PREPROCESSOR_DEFINITIONS</key>
				<array>
					<string>DEBUG=1</string>
					<string>$(inherited)</string>
				</array>
				<key>GCC_SYMBOLS_PRIVATE_EXTERN</key>
				<string>NO</string>
				<key>GCC_WARN_64_TO_32_BIT_CONVERSION</key>
				<string>YES</string>
				<key>GCC_WARN_ABOUT_RETURN_TYPE</key>
				<string>YES_ERROR</string>
				<key>GCC_WARN_UNDECLARED_SELECTOR</key>
				<string>YES</string>
				<key>GCC_WARN_UNINITIALIZED_AUTOS</key>
				<string>YES_AGGRESSIVE</string>
				<key>GCC_WARN_UNUSED_FUNCTION</key>
				<string>YES</string>
				<key>GCC_WARN_UNUSED_VARIABLE</key>
				<string>YES</string>
				<key>IPHONEOS_DEPLOYMENT_TARGET</key>
				<string>7.1</string>
				<key>ONLY_ACTIVE_ARCH</key>
				<string>YES</string>
				<key>SDKROOT</key>
				<string>iphoneos</string>
			</dict>
			<key>isa</key>
			<string>XCBuildConfiguration</string>
			<key>name</key>
			<string>Debug</string>
		</dict>
		<key>4DC1A13F1912F9A200228F5A</key>
		<dict>
			<key>buildSettings</key>
			<dict>
				<key>ALWAYS_SEARCH_USER_PATHS</key>
				<string>NO</string>
				<key>CLANG_CXX_LANGUAGE_STANDARD</key>
				<string>gnu++0x</string>
				<key>CLANG_CXX_LIBRARY</key>
				<string>libc++</string>
				<key>CLANG_ENABLE_MODULES</key>
				<string>YES</string>
				<key>CLANG_ENABLE_OBJC_ARC</key>
				<string>YES</string>
				<key>CLANG_WARN_BOOL_CONVERSION</key>
				<string>YES</string>
				<key>CLANG_WARN_CONSTANT_CONVERSION</key>
				<string>YES</string>
				<key>CLANG_WARN_DIRECT_OBJC_ISA_USAGE</key>
				<string>YES_ERROR</string>
				<key>CLANG_WARN_EMPTY_BODY</key>
				<string>YES</string>
				<key>CLANG_WARN_ENUM_CONVERSION</key>
				<string>YES</string>
				<key>CLANG_WARN_INT_CONVERSION</key>
				<string>YES</string>
				<key>CLANG_WARN_OBJC_ROOT_CLASS</key>
				<string>YES_ERROR</string>
				<key>CLANG_WARN__DUPLICATE_METHOD_MATCH</key>
				<string>YES</string>
				<key>CODE_SIGN_IDENTITY[sdk=iphoneos*]</key>
				<string>iPhone Developer</string>
				<key>COPY_PHASE_STRIP</key>
				<string>YES</string>
				<key>ENABLE_NS_ASSERTIONS</key>
				<string>NO</string>
				<key>GCC_C_LANGUAGE_STANDARD</key>
				<string>gnu99</string>
				<key>GCC_WARN_64_TO_32_BIT_CONVERSION</key>
				<string>YES</string>
				<key>GCC_WARN_ABOUT_RETURN_TYPE</key>
				<string>YES_ERROR</string>
				<key>GCC_WARN_UNDECLARED_SELECTOR</key>
				<string>YES</string>
				<key>GCC_WARN_UNINITIALIZED_AUTOS</key>
				<string>YES_AGGRESSIVE</string>
				<key>GCC_WARN_UNUSED_FUNCTION</key>
				<string>YES</string>
				<key>GCC_WARN_UNUSED_VARIABLE</key>
				<string>YES</string>
				<key>IPHONEOS_DEPLOYMENT_TARGET</key>
				<string>7.1</string>
				<key>SDKROOT</key>
				<string>iphoneos</string>
				<key>VALIDATE_PRODUCT</key>
				<string>YES</string>
			</dict>
			<key>isa</key>
			<string>XCBuildConfiguration</string>
			<key>name</key>
			<string>Release</string>
		</dict>
		<key>4DC1A1401912F9A200228F5A</key>
		<dict>
			<key>buildConfigurations</key>
			<array>
				<string>4DC1A1411912F9A200228F5A</string>
				<string>4DC1A1421912F9A200228F5A</string>
			</array>
			<key>defaultConfigurationIsVisible</key>
			<string>0</string>
			<key>defaultConfigurationName</key>
			<string>Release</string>
			<key>isa</key>
			<string>XCConfigurationList</string>
		</dict>
		<key>4DC1A1411912F9A200228F5A</key>
		<dict>
			<key>baseConfigurationReference</key>
			<string>D13BE086C5424174BDE85D1C</string>
			<key>buildSettings</key>
			<dict>
				<key>ASSETCATALOG_COMPILER_APPICON_NAME</key>
				<string>AppIcon</string>
				<key>ASSETCATALOG_COMPILER_LAUNCHIMAGE_NAME</key>
				<string>LaunchImage</string>
				<key>GCC_PRECOMPILE_PREFIX_HEADER</key>
				<string>YES</string>
				<key>GCC_PREFIX_HEADER</key>
				<string>weedly/weedly-Prefix.pch</string>
				<key>INFOPLIST_FILE</key>
				<string>weedly/weedly-Info.plist</string>
				<key>PRODUCT_NAME</key>
				<string>$(TARGET_NAME)</string>
				<key>WRAPPER_EXTENSION</key>
				<string>app</string>
			</dict>
			<key>isa</key>
			<string>XCBuildConfiguration</string>
			<key>name</key>
			<string>Debug</string>
		</dict>
		<key>4DC1A1421912F9A200228F5A</key>
		<dict>
			<key>baseConfigurationReference</key>
			<string>D13BE086C5424174BDE85D1C</string>
			<key>buildSettings</key>
			<dict>
				<key>ASSETCATALOG_COMPILER_APPICON_NAME</key>
				<string>AppIcon</string>
				<key>ASSETCATALOG_COMPILER_LAUNCHIMAGE_NAME</key>
				<string>LaunchImage</string>
				<key>GCC_PRECOMPILE_PREFIX_HEADER</key>
				<string>YES</string>
				<key>GCC_PREFIX_HEADER</key>
				<string>weedly/weedly-Prefix.pch</string>
				<key>INFOPLIST_FILE</key>
				<string>weedly/weedly-Info.plist</string>
				<key>PRODUCT_NAME</key>
				<string>$(TARGET_NAME)</string>
				<key>WRAPPER_EXTENSION</key>
				<string>app</string>
			</dict>
			<key>isa</key>
			<string>XCBuildConfiguration</string>
			<key>name</key>
			<string>Release</string>
		</dict>
		<key>4DC1A1431912F9A200228F5A</key>
		<dict>
			<key>buildConfigurations</key>
			<array>
				<string>4DC1A1441912F9A200228F5A</string>
				<string>4DC1A1451912F9A200228F5A</string>
			</array>
			<key>defaultConfigurationIsVisible</key>
			<string>0</string>
			<key>defaultConfigurationName</key>
			<string>Release</string>
			<key>isa</key>
			<string>XCConfigurationList</string>
		</dict>
		<key>4DC1A1441912F9A200228F5A</key>
		<dict>
			<key>buildSettings</key>
			<dict>
				<key>BUNDLE_LOADER</key>
				<string>$(BUILT_PRODUCTS_DIR)/weedly.app/weedly</string>
				<key>FRAMEWORK_SEARCH_PATHS</key>
				<array>
					<string>$(SDKROOT)/Developer/Library/Frameworks</string>
					<string>$(inherited)</string>
					<string>$(DEVELOPER_FRAMEWORKS_DIR)</string>
				</array>
				<key>GCC_PRECOMPILE_PREFIX_HEADER</key>
				<string>YES</string>
				<key>GCC_PREFIX_HEADER</key>
				<string>weedly/weedly-Prefix.pch</string>
				<key>GCC_PREPROCESSOR_DEFINITIONS</key>
				<array>
					<string>DEBUG=1</string>
					<string>$(inherited)</string>
				</array>
				<key>INFOPLIST_FILE</key>
				<string>weedlyTests/weedlyTests-Info.plist</string>
				<key>PRODUCT_NAME</key>
				<string>$(TARGET_NAME)</string>
				<key>TEST_HOST</key>
				<string>$(BUNDLE_LOADER)</string>
				<key>WRAPPER_EXTENSION</key>
				<string>xctest</string>
			</dict>
			<key>isa</key>
			<string>XCBuildConfiguration</string>
			<key>name</key>
			<string>Debug</string>
		</dict>
		<key>4DC1A1451912F9A200228F5A</key>
		<dict>
			<key>buildSettings</key>
			<dict>
				<key>BUNDLE_LOADER</key>
				<string>$(BUILT_PRODUCTS_DIR)/weedly.app/weedly</string>
				<key>FRAMEWORK_SEARCH_PATHS</key>
				<array>
					<string>$(SDKROOT)/Developer/Library/Frameworks</string>
					<string>$(inherited)</string>
					<string>$(DEVELOPER_FRAMEWORKS_DIR)</string>
				</array>
				<key>GCC_PRECOMPILE_PREFIX_HEADER</key>
				<string>YES</string>
				<key>GCC_PREFIX_HEADER</key>
				<string>weedly/weedly-Prefix.pch</string>
				<key>INFOPLIST_FILE</key>
				<string>weedlyTests/weedlyTests-Info.plist</string>
				<key>PRODUCT_NAME</key>
				<string>$(TARGET_NAME)</string>
				<key>TEST_HOST</key>
				<string>$(BUNDLE_LOADER)</string>
				<key>WRAPPER_EXTENSION</key>
				<string>xctest</string>
			</dict>
			<key>isa</key>
			<string>XCBuildConfiguration</string>
			<key>name</key>
			<string>Release</string>
		</dict>
		<key>4DC1A1461912FAA300228F5A</key>
		<dict>
			<key>isa</key>
			<string>PBXFileReference</string>
			<key>lastKnownFileType</key>
			<string>wrapper.framework</string>
			<key>name</key>
			<string>MapKit.framework</string>
			<key>path</key>
			<string>System/Library/Frameworks/MapKit.framework</string>
			<key>sourceTree</key>
			<string>SDKROOT</string>
		</dict>
		<key>4DC1A1471912FAA300228F5A</key>
		<dict>
			<key>fileRef</key>
			<string>4DC1A1461912FAA300228F5A</string>
			<key>isa</key>
			<string>PBXBuildFile</string>
		</dict>
		<key>4DC1A1481912FB6E00228F5A</key>
		<dict>
			<key>fileEncoding</key>
			<string>4</string>
			<key>isa</key>
			<string>PBXFileReference</string>
			<key>lastKnownFileType</key>
			<string>sourcecode.c.h</string>
			<key>path</key>
			<string>EELUsefulConstants.h</string>
			<key>sourceTree</key>
			<string>&lt;group&gt;</string>
		</dict>
		<key>4DD4930A1915827D001A6203</key>
		<dict>
			<key>fileEncoding</key>
			<string>4</string>
			<key>isa</key>
			<string>PBXFileReference</string>
			<key>lastKnownFileType</key>
			<string>sourcecode.c.h</string>
			<key>name</key>
			<string>EELMainViewController.h</string>
			<key>path</key>
			<string>controllers/EELMainViewController.h</string>
			<key>sourceTree</key>
			<string>&lt;group&gt;</string>
		</dict>
		<key>4DD4930B1915827D001A6203</key>
		<dict>
			<key>fileEncoding</key>
			<string>4</string>
			<key>isa</key>
			<string>PBXFileReference</string>
			<key>lastKnownFileType</key>
			<string>sourcecode.c.objc</string>
			<key>name</key>
			<string>EELMainViewController.m</string>
			<key>path</key>
			<string>controllers/EELMainViewController.m</string>
			<key>sourceTree</key>
			<string>&lt;group&gt;</string>
		</dict>
		<key>4DD4930C1915827D001A6203</key>
		<dict>
			<key>fileRef</key>
			<string>4DD4930B1915827D001A6203</string>
			<key>isa</key>
			<string>PBXBuildFile</string>
		</dict>
		<key>4DD4932119158DBC001A6203</key>
		<dict>
			<key>fileEncoding</key>
			<string>4</string>
			<key>isa</key>
			<string>PBXFileReference</string>
			<key>lastKnownFileType</key>
			<string>sourcecode.c.h</string>
			<key>name</key>
			<string>EELDealsViewController.h</string>
			<key>path</key>
			<string>controllers/EELDealsViewController.h</string>
			<key>sourceTree</key>
			<string>&lt;group&gt;</string>
		</dict>
		<key>4DD4932219158DBC001A6203</key>
		<dict>
			<key>fileEncoding</key>
			<string>4</string>
			<key>isa</key>
			<string>PBXFileReference</string>
			<key>lastKnownFileType</key>
			<string>sourcecode.c.objc</string>
			<key>name</key>
			<string>EELDealsViewController.m</string>
			<key>path</key>
			<string>controllers/EELDealsViewController.m</string>
			<key>sourceTree</key>
			<string>&lt;group&gt;</string>
		</dict>
		<key>4DD4932319158DBC001A6203</key>
		<dict>
			<key>fileRef</key>
			<string>4DD4932219158DBC001A6203</string>
			<key>isa</key>
			<string>PBXBuildFile</string>
		</dict>
		<key>4DD493241915951E001A6203</key>
		<dict>
			<key>fileEncoding</key>
			<string>4</string>
			<key>isa</key>
			<string>PBXFileReference</string>
			<key>lastKnownFileType</key>
			<string>sourcecode.c.h</string>
			<key>name</key>
			<string>EELFavoritesTableViewController.h</string>
			<key>path</key>
			<string>controllers/EELFavoritesTableViewController.h</string>
			<key>sourceTree</key>
			<string>&lt;group&gt;</string>
		</dict>
		<key>4DD493251915951E001A6203</key>
		<dict>
			<key>fileEncoding</key>
			<string>4</string>
			<key>isa</key>
			<string>PBXFileReference</string>
			<key>lastKnownFileType</key>
			<string>sourcecode.c.objc</string>
			<key>name</key>
			<string>EELFavoritesTableViewController.m</string>
			<key>path</key>
			<string>controllers/EELFavoritesTableViewController.m</string>
			<key>sourceTree</key>
			<string>&lt;group&gt;</string>
		</dict>
		<key>4DD493261915951E001A6203</key>
		<dict>
			<key>fileRef</key>
			<string>4DD493251915951E001A6203</string>
			<key>isa</key>
			<string>PBXBuildFile</string>
		</dict>
		<key>4DD4932719159554001A6203</key>
		<dict>
			<key>fileEncoding</key>
			<string>4</string>
			<key>isa</key>
			<string>PBXFileReference</string>
			<key>lastKnownFileType</key>
			<string>sourcecode.c.h</string>
			<key>name</key>
			<string>EELMainTableViewController.h</string>
			<key>path</key>
			<string>controllers/EELMainTableViewController.h</string>
			<key>sourceTree</key>
			<string>&lt;group&gt;</string>
		</dict>
		<key>4DD4932819159554001A6203</key>
		<dict>
			<key>fileEncoding</key>
			<string>4</string>
			<key>isa</key>
			<string>PBXFileReference</string>
			<key>lastKnownFileType</key>
			<string>sourcecode.c.objc</string>
			<key>name</key>
			<string>EELMainTableViewController.m</string>
			<key>path</key>
			<string>controllers/EELMainTableViewController.m</string>
			<key>sourceTree</key>
			<string>&lt;group&gt;</string>
		</dict>
		<key>4DD4932919159554001A6203</key>
		<dict>
			<key>fileRef</key>
			<string>4DD4932819159554001A6203</string>
			<key>isa</key>
			<string>PBXBuildFile</string>
		</dict>
		<key>4DD4932B1915980C001A6203</key>
		<dict>
			<key>fileEncoding</key>
			<string>4</string>
			<key>isa</key>
			<string>PBXFileReference</string>
			<key>lastKnownFileType</key>
			<string>sourcecode.c.h</string>
			<key>name</key>
			<string>EELSidebarTableViewController.h</string>
			<key>path</key>
			<string>controllers/EELSidebarTableViewController.h</string>
			<key>sourceTree</key>
			<string>&lt;group&gt;</string>
		</dict>
		<key>4DD4932C1915980C001A6203</key>
		<dict>
			<key>fileEncoding</key>
			<string>4</string>
			<key>isa</key>
			<string>PBXFileReference</string>
			<key>lastKnownFileType</key>
			<string>sourcecode.c.objc</string>
			<key>name</key>
			<string>EELSidebarTableViewController.m</string>
			<key>path</key>
			<string>controllers/EELSidebarTableViewController.m</string>
			<key>sourceTree</key>
			<string>&lt;group&gt;</string>
		</dict>
		<key>4DD4932D1915980C001A6203</key>
		<dict>
			<key>fileRef</key>
			<string>4DD4932C1915980C001A6203</string>
			<key>isa</key>
			<string>PBXBuildFile</string>
		</dict>
		<key>4DD4932E19159845001A6203</key>
		<dict>
			<key>fileEncoding</key>
			<string>4</string>
			<key>isa</key>
			<string>PBXFileReference</string>
			<key>lastKnownFileType</key>
			<string>sourcecode.c.h</string>
			<key>name</key>
			<string>EELSmokinOnTableViewController.h</string>
			<key>path</key>
			<string>controllers/EELSmokinOnTableViewController.h</string>
			<key>sourceTree</key>
			<string>&lt;group&gt;</string>
		</dict>
		<key>4DD4932F19159845001A6203</key>
		<dict>
			<key>fileEncoding</key>
			<string>4</string>
			<key>isa</key>
			<string>PBXFileReference</string>
			<key>lastKnownFileType</key>
			<string>sourcecode.c.objc</string>
			<key>name</key>
			<string>EELSmokinOnTableViewController.m</string>
			<key>path</key>
			<string>controllers/EELSmokinOnTableViewController.m</string>
			<key>sourceTree</key>
			<string>&lt;group&gt;</string>
		</dict>
		<key>4DD4933019159845001A6203</key>
		<dict>
			<key>fileRef</key>
			<string>4DD4932F19159845001A6203</string>
			<key>isa</key>
			<string>PBXBuildFile</string>
		</dict>
		<key>4DD4933119159A66001A6203</key>
		<dict>
			<key>fileEncoding</key>
			<string>4</string>
			<key>isa</key>
			<string>PBXFileReference</string>
			<key>lastKnownFileType</key>
			<string>sourcecode.c.h</string>
			<key>name</key>
			<string>EELDetailTableViewController.h</string>
			<key>path</key>
			<string>controllers/EELDetailTableViewController.h</string>
			<key>sourceTree</key>
			<string>&lt;group&gt;</string>
		</dict>
		<key>4DD4933219159A66001A6203</key>
		<dict>
			<key>fileEncoding</key>
			<string>4</string>
			<key>isa</key>
			<string>PBXFileReference</string>
			<key>lastKnownFileType</key>
			<string>sourcecode.c.objc</string>
			<key>name</key>
			<string>EELDetailTableViewController.m</string>
			<key>path</key>
			<string>controllers/EELDetailTableViewController.m</string>
			<key>sourceTree</key>
			<string>&lt;group&gt;</string>
		</dict>
		<key>4DD4933319159A66001A6203</key>
		<dict>
			<key>fileRef</key>
			<string>4DD4933219159A66001A6203</string>
			<key>isa</key>
			<string>PBXBuildFile</string>
		</dict>
		<key>4DD4933719159A96001A6203</key>
		<dict>
			<key>fileEncoding</key>
			<string>4</string>
			<key>isa</key>
			<string>PBXFileReference</string>
			<key>lastKnownFileType</key>
			<string>sourcecode.c.h</string>
			<key>name</key>
			<string>EELMenuViewController.h</string>
			<key>path</key>
			<string>controllers/EELMenuViewController.h</string>
			<key>sourceTree</key>
			<string>&lt;group&gt;</string>
		</dict>
		<key>4DD4933819159A96001A6203</key>
		<dict>
			<key>fileEncoding</key>
			<string>4</string>
			<key>isa</key>
			<string>PBXFileReference</string>
			<key>lastKnownFileType</key>
			<string>sourcecode.c.objc</string>
			<key>name</key>
			<string>EELMenuViewController.m</string>
			<key>path</key>
			<string>controllers/EELMenuViewController.m</string>
			<key>sourceTree</key>
			<string>&lt;group&gt;</string>
		</dict>
		<key>4DD4933919159A96001A6203</key>
		<dict>
			<key>fileRef</key>
			<string>4DD4933819159A96001A6203</string>
			<key>isa</key>
			<string>PBXBuildFile</string>
		</dict>
		<key>4DD4933A19159B18001A6203</key>
		<dict>
			<key>fileEncoding</key>
			<string>4</string>
			<key>isa</key>
			<string>PBXFileReference</string>
			<key>lastKnownFileType</key>
			<string>sourcecode.c.h</string>
			<key>name</key>
			<string>EELLoginViewController.h</string>
			<key>path</key>
			<string>controllers/EELLoginViewController.h</string>
			<key>sourceTree</key>
			<string>&lt;group&gt;</string>
		</dict>
		<key>4DD4933B19159B18001A6203</key>
		<dict>
			<key>fileEncoding</key>
			<string>4</string>
			<key>isa</key>
			<string>PBXFileReference</string>
			<key>lastKnownFileType</key>
			<string>sourcecode.c.objc</string>
			<key>name</key>
			<string>EELLoginViewController.m</string>
			<key>path</key>
			<string>controllers/EELLoginViewController.m</string>
			<key>sourceTree</key>
			<string>&lt;group&gt;</string>
		</dict>
		<key>4DD4933C19159B18001A6203</key>
		<dict>
			<key>fileRef</key>
			<string>4DD4933B19159B18001A6203</string>
			<key>isa</key>
			<string>PBXBuildFile</string>
		</dict>
		<key>4DD4933D19159B63001A6203</key>
		<dict>
			<key>fileEncoding</key>
			<string>4</string>
			<key>isa</key>
			<string>PBXFileReference</string>
			<key>lastKnownFileType</key>
			<string>sourcecode.c.h</string>
			<key>name</key>
			<string>EELAccountTableViewController.h</string>
			<key>path</key>
			<string>controllers/EELAccountTableViewController.h</string>
			<key>sourceTree</key>
			<string>&lt;group&gt;</string>
		</dict>
		<key>4DD4933E19159B63001A6203</key>
		<dict>
			<key>fileEncoding</key>
			<string>4</string>
			<key>isa</key>
			<string>PBXFileReference</string>
			<key>lastKnownFileType</key>
			<string>sourcecode.c.objc</string>
			<key>name</key>
			<string>EELAccountTableViewController.m</string>
			<key>path</key>
			<string>controllers/EELAccountTableViewController.m</string>
			<key>sourceTree</key>
			<string>&lt;group&gt;</string>
		</dict>
		<key>4DD4933F19159B63001A6203</key>
		<dict>
			<key>fileRef</key>
			<string>4DD4933E19159B63001A6203</string>
			<key>isa</key>
			<string>PBXBuildFile</string>
		</dict>
		<key>51D61E9C47EA452FB66F9A28</key>
		<dict>
			<key>buildActionMask</key>
			<string>2147483647</string>
			<key>files</key>
			<array/>
			<key>inputPaths</key>
			<array/>
			<key>isa</key>
			<string>PBXShellScriptBuildPhase</string>
			<key>name</key>
			<string>Check Pods Manifest.lock</string>
			<key>outputPaths</key>
			<array/>
			<key>runOnlyForDeploymentPostprocessing</key>
			<string>0</string>
			<key>shellPath</key>
			<string>/bin/sh</string>
			<key>shellScript</key>
			<string>diff "${PODS_ROOT}/../Podfile.lock" "${PODS_ROOT}/Manifest.lock" &gt; /dev/null
if [[ $? != 0 ]] ; then
    cat &lt;&lt; EOM
error: The sandbox is not in sync with the Podfile.lock. Run 'pod install' or update your CocoaPods installation.
EOM
    exit 1
fi
</string>
			<key>showEnvVarsInLog</key>
			<string>0</string>
		</dict>
		<key>BE8BDD8F4BD4453BBD4478C3</key>
		<dict>
			<key>fileRef</key>
			<string>F50009311F37485CA198D2EA</string>
			<key>isa</key>
			<string>PBXBuildFile</string>
		</dict>
		<key>D13BE086C5424174BDE85D1C</key>
		<dict>
			<key>includeInIndex</key>
			<string>1</string>
			<key>isa</key>
			<string>PBXFileReference</string>
			<key>lastKnownFileType</key>
			<string>text.xcconfig</string>
			<key>name</key>
			<string>Pods.xcconfig</string>
			<key>path</key>
			<string>Pods/Pods.xcconfig</string>
			<key>sourceTree</key>
			<string>&lt;group&gt;</string>
		</dict>
		<key>F50009311F37485CA198D2EA</key>
		<dict>
			<key>explicitFileType</key>
			<string>archive.ar</string>
			<key>includeInIndex</key>
			<string>0</string>
			<key>isa</key>
			<string>PBXFileReference</string>
			<key>path</key>
			<string>libPods.a</string>
			<key>sourceTree</key>
			<string>BUILT_PRODUCTS_DIR</string>
		</dict>
		<key>FFE17794F2F446F0B13AB10F</key>
		<dict>
			<key>buildActionMask</key>
			<string>2147483647</string>
			<key>files</key>
			<array/>
			<key>inputPaths</key>
			<array/>
			<key>isa</key>
			<string>PBXShellScriptBuildPhase</string>
			<key>name</key>
			<string>Copy Pods Resources</string>
			<key>outputPaths</key>
			<array/>
			<key>runOnlyForDeploymentPostprocessing</key>
			<string>0</string>
			<key>shellPath</key>
			<string>/bin/sh</string>
			<key>shellScript</key>
			<string>"${SRCROOT}/Pods/Pods-resources.sh"
</string>
			<key>showEnvVarsInLog</key>
			<string>0</string>
		</dict>
	</dict>
	<key>rootObject</key>
	<string>4DC1A1061912F9A200228F5A</string>
</dict>
</plist>
