// !$*UTF8*$!
{
	archiveVersion = 1;
	classes = {
	};
	objectVersion = 46;
	objects = {

/* Begin PBXBuildFile section */
		4D06F69719186AF1005597F9 /* EELMenu.m in Sources */ = {isa = PBXBuildFile; fileRef = 4D06F69619186AF1005597F9 /* EELMenu.m */; };
		4D37D4641949139500034769 /* EELListTableViewCell.m in Sources */ = {isa = PBXBuildFile; fileRef = 4D37D4621949139500034769 /* EELListTableViewCell.m */; };
		4D37D4651949139500034769 /* EELListTableViewCell.xib in Resources */ = {isa = PBXBuildFile; fileRef = 4D37D4631949139500034769 /* EELListTableViewCell.xib */; };
		4D37D4671949284D00034769 /* EELReviewCell.xib in Resources */ = {isa = PBXBuildFile; fileRef = 4D37D4661949284D00034769 /* EELReviewCell.xib */; };
		4D37D46B19494F9F00034769 /* EELListHeaderTableViewCell.m in Sources */ = {isa = PBXBuildFile; fileRef = 4D37D46919494F9F00034769 /* EELListHeaderTableViewCell.m */; };
		4D37D46C19494F9F00034769 /* EELListHeaderTableViewCell.xib in Resources */ = {isa = PBXBuildFile; fileRef = 4D37D46A19494F9F00034769 /* EELListHeaderTableViewCell.xib */; };
		4D544BA219441518000718D7 /* EELReviewCell.m in Sources */ = {isa = PBXBuildFile; fileRef = 4D544BA119441518000718D7 /* EELReviewCell.m */; };
		4D544BA61944F1E9000718D7 /* EELDispensaryInfoListDataSource.m in Sources */ = {isa = PBXBuildFile; fileRef = 4D544BA51944F1E9000718D7 /* EELDispensaryInfoListDataSource.m */; };
		4D75E0991943F42200A25AB6 /* AAPLAction.m in Sources */ = {isa = PBXBuildFile; fileRef = 4D75E06E1943F42200A25AB6 /* AAPLAction.m */; };
		4D75E09A1943F42200A25AB6 /* AAPLContentLoading.m in Sources */ = {isa = PBXBuildFile; fileRef = 4D75E0701943F42200A25AB6 /* AAPLContentLoading.m */; };
		4D75E09B1943F42200A25AB6 /* AAPLStateMachine.m in Sources */ = {isa = PBXBuildFile; fileRef = 4D75E0721943F42200A25AB6 /* AAPLStateMachine.m */; };
		4D75E09C1943F42200A25AB6 /* AAPLDataSource+Headers.m in Sources */ = {isa = PBXBuildFile; fileRef = 4D75E0751943F42200A25AB6 /* AAPLDataSource+Headers.m */; };
		4D75E09D1943F42200A25AB6 /* NSObject+KVOBlock.m in Sources */ = {isa = PBXBuildFile; fileRef = 4D75E0771943F42200A25AB6 /* NSObject+KVOBlock.m */; };
		4D75E09E1943F42200A25AB6 /* UICollectionView+Helpers.m in Sources */ = {isa = PBXBuildFile; fileRef = 4D75E0791943F42200A25AB6 /* UICollectionView+Helpers.m */; };
		4D75E09F1943F42200A25AB6 /* UIView+Helpers.m in Sources */ = {isa = PBXBuildFile; fileRef = 4D75E07B1943F42200A25AB6 /* UIView+Helpers.m */; };
		4D75E0A01943F42200A25AB6 /* AAPLBasicDataSource.m in Sources */ = {isa = PBXBuildFile; fileRef = 4D75E07E1943F42200A25AB6 /* AAPLBasicDataSource.m */; };
		4D75E0A11943F42200A25AB6 /* AAPLComposedDataSource.m in Sources */ = {isa = PBXBuildFile; fileRef = 4D75E0801943F42200A25AB6 /* AAPLComposedDataSource.m */; };
		4D75E0A21943F42200A25AB6 /* AAPLComposedDataSource_Private.m in Sources */ = {isa = PBXBuildFile; fileRef = 4D75E0821943F42200A25AB6 /* AAPLComposedDataSource_Private.m */; };
		4D75E0A31943F42200A25AB6 /* AAPLDataSource.m in Sources */ = {isa = PBXBuildFile; fileRef = 4D75E0841943F42200A25AB6 /* AAPLDataSource.m */; };
		4D75E0A41943F42200A25AB6 /* AAPLSegmentedDataSource.m in Sources */ = {isa = PBXBuildFile; fileRef = 4D75E0871943F42200A25AB6 /* AAPLSegmentedDataSource.m */; };
		4D75E0A51943F42200A25AB6 /* AAPLCollectionViewGridLayout.m in Sources */ = {isa = PBXBuildFile; fileRef = 4D75E08A1943F42200A25AB6 /* AAPLCollectionViewGridLayout.m */; };
		4D75E0A61943F42200A25AB6 /* AAPLCollectionViewGridLayout_Internal.m in Sources */ = {isa = PBXBuildFile; fileRef = 4D75E08C1943F42200A25AB6 /* AAPLCollectionViewGridLayout_Internal.m */; };
		4D75E0A71943F42200A25AB6 /* AAPLCollectionViewGridLayoutAttributes.m in Sources */ = {isa = PBXBuildFile; fileRef = 4D75E08F1943F42200A25AB6 /* AAPLCollectionViewGridLayoutAttributes.m */; };
		4D75E0A81943F42200A25AB6 /* AAPLLayoutMetrics.m in Sources */ = {isa = PBXBuildFile; fileRef = 4D75E0921943F42200A25AB6 /* AAPLLayoutMetrics.m */; };
		4D75E0A91943F42200A25AB6 /* AAPLCollectionViewController.m in Sources */ = {isa = PBXBuildFile; fileRef = 4D75E0961943F42200A25AB6 /* AAPLCollectionViewController.m */; };
		4D75E0AA1943F42200A25AB6 /* AAPLSwipeToEditStateMachine.m in Sources */ = {isa = PBXBuildFile; fileRef = 4D75E0981943F42200A25AB6 /* AAPLSwipeToEditStateMachine.m */; };
		4D75E0BB1943F44800A25AB6 /* AAPLBasicCell.m in Sources */ = {isa = PBXBuildFile; fileRef = 4D75E0AD1943F44800A25AB6 /* AAPLBasicCell.m */; };
		4D75E0BC1943F44800A25AB6 /* AAPLCollectionViewCell.m in Sources */ = {isa = PBXBuildFile; fileRef = 4D75E0B01943F44800A25AB6 /* AAPLCollectionViewCell.m */; };
		4D75E0BD1943F44800A25AB6 /* AAPLHairlineView.m in Sources */ = {isa = PBXBuildFile; fileRef = 4D75E0B21943F44800A25AB6 /* AAPLHairlineView.m */; };
		4D75E0BE1943F44800A25AB6 /* AAPLPinnableHeaderView.m in Sources */ = {isa = PBXBuildFile; fileRef = 4D75E0B41943F44800A25AB6 /* AAPLPinnableHeaderView.m */; };
		4D75E0BF1943F44800A25AB6 /* AAPLPlaceholderView.m in Sources */ = {isa = PBXBuildFile; fileRef = 4D75E0B61943F44800A25AB6 /* AAPLPlaceholderView.m */; };
		4D75E0C01943F44800A25AB6 /* AAPLSectionHeaderView.m in Sources */ = {isa = PBXBuildFile; fileRef = 4D75E0B81943F44800A25AB6 /* AAPLSectionHeaderView.m */; };
		4D75E0C11943F44800A25AB6 /* AAPLSegmentedHeaderView.m in Sources */ = {isa = PBXBuildFile; fileRef = 4D75E0BA1943F44800A25AB6 /* AAPLSegmentedHeaderView.m */; };
		4D75E0C51943F73A00A25AB6 /* EELDispensaryDetailDataSource.m in Sources */ = {isa = PBXBuildFile; fileRef = 4D75E0C41943F73A00A25AB6 /* EELDispensaryDetailDataSource.m */; };
		4D75E0CE1943F96C00A25AB6 /* EELReviewsDataSource.m in Sources */ = {isa = PBXBuildFile; fileRef = 4D75E0CD1943F96C00A25AB6 /* EELReviewsDataSource.m */; };
		4D75E0D11943FBE200A25AB6 /* EELDetailViewController.m in Sources */ = {isa = PBXBuildFile; fileRef = 4D75E0D01943FBE200A25AB6 /* EELDetailViewController.m */; };
		4D75E0D41944022800A25AB6 /* EELDetailHeader.m in Sources */ = {isa = PBXBuildFile; fileRef = 4D75E0D31944022800A25AB6 /* EELDetailHeader.m */; };
		4D87F4B9194984CF00740558 /* EELMenuViewController.m in Sources */ = {isa = PBXBuildFile; fileRef = 4D87F4B8194984CF00740558 /* EELMenuViewController.m */; };
		4D87F4BC1949851B00740558 /* EELMenuDataSource.m in Sources */ = {isa = PBXBuildFile; fileRef = 4D87F4BB1949851B00740558 /* EELMenuDataSource.m */; };
		4D87F4BF1949865600740558 /* EELMenuItemsDataSource.m in Sources */ = {isa = PBXBuildFile; fileRef = 4D87F4BE1949865600740558 /* EELMenuItemsDataSource.m */; };
		4D87F4C21949884000740558 /* EELMenuItemCell.m in Sources */ = {isa = PBXBuildFile; fileRef = 4D87F4C11949884000740558 /* EELMenuItemCell.m */; };
		4D87F4C41949887E00740558 /* EELMenuItemCell.xib in Resources */ = {isa = PBXBuildFile; fileRef = 4D87F4C31949887E00740558 /* EELMenuItemCell.xib */; };
		4D9DDDF01915AC89006E5B03 /* EELWMClient.m in Sources */ = {isa = PBXBuildFile; fileRef = 4D9DDDEF1915AC89006E5B03 /* EELWMClient.m */; };
		4D9DDDF61915AFEB006E5B03 /* EELDispensary.m in Sources */ = {isa = PBXBuildFile; fileRef = 4D9DDDF51915AFEB006E5B03 /* EELDispensary.m */; };
		4D9DDDF91915BA75006E5B03 /* EELAccount.m in Sources */ = {isa = PBXBuildFile; fileRef = 4D9DDDF81915BA75006E5B03 /* EELAccount.m */; };
		4D9DDDFC1915BA81006E5B03 /* EELReview.m in Sources */ = {isa = PBXBuildFile; fileRef = 4D9DDDFB1915BA81006E5B03 /* EELReview.m */; };
		4D9DDDFF1915BAA4006E5B03 /* EELSmokinOn.m in Sources */ = {isa = PBXBuildFile; fileRef = 4D9DDDFE1915BAA4006E5B03 /* EELSmokinOn.m */; };
		4D9DDE0419169629006E5B03 /* EELMenuItem.m in Sources */ = {isa = PBXBuildFile; fileRef = 4D9DDE0319169629006E5B03 /* EELMenuItem.m */; };
		4D9DDE0B1916AD74006E5B03 /* EELArrayDataSource.m in Sources */ = {isa = PBXBuildFile; fileRef = 4D9DDE0A1916AD74006E5B03 /* EELArrayDataSource.m */; };
		4DC1A1121912F9A200228F5A /* Foundation.framework in Frameworks */ = {isa = PBXBuildFile; fileRef = 4DC1A1111912F9A200228F5A /* Foundation.framework */; };
		4DC1A1141912F9A200228F5A /* CoreGraphics.framework in Frameworks */ = {isa = PBXBuildFile; fileRef = 4DC1A1131912F9A200228F5A /* CoreGraphics.framework */; };
		4DC1A1161912F9A200228F5A /* UIKit.framework in Frameworks */ = {isa = PBXBuildFile; fileRef = 4DC1A1151912F9A200228F5A /* UIKit.framework */; };
		4DC1A11C1912F9A200228F5A /* InfoPlist.strings in Resources */ = {isa = PBXBuildFile; fileRef = 4DC1A11A1912F9A200228F5A /* InfoPlist.strings */; };
		4DC1A11E1912F9A200228F5A /* main.m in Sources */ = {isa = PBXBuildFile; fileRef = 4DC1A11D1912F9A200228F5A /* main.m */; };
		4DC1A1221912F9A200228F5A /* EELAppDelegate.m in Sources */ = {isa = PBXBuildFile; fileRef = 4DC1A1211912F9A200228F5A /* EELAppDelegate.m */; };
		4DC1A1251912F9A200228F5A /* Main.storyboard in Resources */ = {isa = PBXBuildFile; fileRef = 4DC1A1231912F9A200228F5A /* Main.storyboard */; };
		4DC1A12A1912F9A200228F5A /* Images.xcassets in Resources */ = {isa = PBXBuildFile; fileRef = 4DC1A1291912F9A200228F5A /* Images.xcassets */; };
		4DC1A1311912F9A200228F5A /* XCTest.framework in Frameworks */ = {isa = PBXBuildFile; fileRef = 4DC1A1301912F9A200228F5A /* XCTest.framework */; };
		4DC1A1321912F9A200228F5A /* Foundation.framework in Frameworks */ = {isa = PBXBuildFile; fileRef = 4DC1A1111912F9A200228F5A /* Foundation.framework */; };
		4DC1A1331912F9A200228F5A /* UIKit.framework in Frameworks */ = {isa = PBXBuildFile; fileRef = 4DC1A1151912F9A200228F5A /* UIKit.framework */; };
		4DC1A13B1912F9A200228F5A /* InfoPlist.strings in Resources */ = {isa = PBXBuildFile; fileRef = 4DC1A1391912F9A200228F5A /* InfoPlist.strings */; };
		4DC1A13D1912F9A200228F5A /* weedlyTests.m in Sources */ = {isa = PBXBuildFile; fileRef = 4DC1A13C1912F9A200228F5A /* weedlyTests.m */; };
		4DC1A1471912FAA300228F5A /* MapKit.framework in Frameworks */ = {isa = PBXBuildFile; fileRef = 4DC1A1461912FAA300228F5A /* MapKit.framework */; };
		4DCFE51A1948BE3100139D52 /* EELDetailListCell.xib in Resources */ = {isa = PBXBuildFile; fileRef = 4DCFE5191948BE3100139D52 /* EELDetailListCell.xib */; };
		4DCFE51D1948BEA500139D52 /* EELDeal.m in Sources */ = {isa = PBXBuildFile; fileRef = 4DCFE51C1948BEA500139D52 /* EELDeal.m */; };
		4DCFE5201948BF1400139D52 /* EELDetailListCell.m in Sources */ = {isa = PBXBuildFile; fileRef = 4DCFE51F1948BF1400139D52 /* EELDetailListCell.m */; };
		4DCFE5221948C05300139D52 /* EELDetailHeader.xib in Resources */ = {isa = PBXBuildFile; fileRef = 4DCFE5211948C05300139D52 /* EELDetailHeader.xib */; };
		4DD1FFF519461E7E0072D5B4 /* DKScrollingTabController.m in Sources */ = {isa = PBXBuildFile; fileRef = 4DD1FFF419461E7E0072D5B4 /* DKScrollingTabController.m */; };
		4DD1FFF8194641650072D5B4 /* EELListTableView.m in Sources */ = {isa = PBXBuildFile; fileRef = 4DD1FFF7194641650072D5B4 /* EELListTableView.m */; };
		4DD4930C1915827D001A6203 /* EELMainViewController.m in Sources */ = {isa = PBXBuildFile; fileRef = 4DD4930B1915827D001A6203 /* EELMainViewController.m */; };
		BE8BDD8F4BD4453BBD4478C3 /* libPods.a in Frameworks */ = {isa = PBXBuildFile; fileRef = F50009311F37485CA198D2EA /* libPods.a */; };
/* End PBXBuildFile section */

/* Begin PBXContainerItemProxy section */
		4DC1A1341912F9A200228F5A /* PBXContainerItemProxy */ = {
			isa = PBXContainerItemProxy;
			containerPortal = 4DC1A1061912F9A200228F5A /* Project object */;
			proxyType = 1;
			remoteGlobalIDString = 4DC1A10D1912F9A200228F5A;
			remoteInfo = weedly;
		};
/* End PBXContainerItemProxy section */

/* Begin PBXFileReference section */
		4D06F69519186AF1005597F9 /* EELMenu.h */ = {isa = PBXFileReference; fileEncoding = 4; lastKnownFileType = sourcecode.c.h; name = EELMenu.h; path = models/EELMenu.h; sourceTree = "<group>"; };
		4D06F69619186AF1005597F9 /* EELMenu.m */ = {isa = PBXFileReference; fileEncoding = 4; lastKnownFileType = sourcecode.c.objc; name = EELMenu.m; path = models/EELMenu.m; sourceTree = "<group>"; };
		4D37D4611949139500034769 /* EELListTableViewCell.h */ = {isa = PBXFileReference; fileEncoding = 4; lastKnownFileType = sourcecode.c.h; name = EELListTableViewCell.h; path = views/EELListTableViewCell.h; sourceTree = "<group>"; };
		4D37D4621949139500034769 /* EELListTableViewCell.m */ = {isa = PBXFileReference; fileEncoding = 4; lastKnownFileType = sourcecode.c.objc; name = EELListTableViewCell.m; path = views/EELListTableViewCell.m; sourceTree = "<group>"; };
		4D37D4631949139500034769 /* EELListTableViewCell.xib */ = {isa = PBXFileReference; fileEncoding = 4; lastKnownFileType = file.xib; name = EELListTableViewCell.xib; path = views/EELListTableViewCell.xib; sourceTree = "<group>"; };
		4D37D4661949284D00034769 /* EELReviewCell.xib */ = {isa = PBXFileReference; fileEncoding = 4; lastKnownFileType = file.xib; name = EELReviewCell.xib; path = views/EELReviewCell.xib; sourceTree = "<group>"; };
		4D37D46819494F9F00034769 /* EELListHeaderTableViewCell.h */ = {isa = PBXFileReference; fileEncoding = 4; lastKnownFileType = sourcecode.c.h; name = EELListHeaderTableViewCell.h; path = views/EELListHeaderTableViewCell.h; sourceTree = "<group>"; };
		4D37D46919494F9F00034769 /* EELListHeaderTableViewCell.m */ = {isa = PBXFileReference; fileEncoding = 4; lastKnownFileType = sourcecode.c.objc; name = EELListHeaderTableViewCell.m; path = views/EELListHeaderTableViewCell.m; sourceTree = "<group>"; };
		4D37D46A19494F9F00034769 /* EELListHeaderTableViewCell.xib */ = {isa = PBXFileReference; fileEncoding = 4; lastKnownFileType = file.xib; name = EELListHeaderTableViewCell.xib; path = views/EELListHeaderTableViewCell.xib; sourceTree = "<group>"; };
		4D544BA019441518000718D7 /* EELReviewCell.h */ = {isa = PBXFileReference; fileEncoding = 4; lastKnownFileType = sourcecode.c.h; path = EELReviewCell.h; sourceTree = "<group>"; };
		4D544BA119441518000718D7 /* EELReviewCell.m */ = {isa = PBXFileReference; fileEncoding = 4; lastKnownFileType = sourcecode.c.objc; path = EELReviewCell.m; sourceTree = "<group>"; };
		4D544BA41944F1E9000718D7 /* EELDispensaryInfoListDataSource.h */ = {isa = PBXFileReference; fileEncoding = 4; lastKnownFileType = sourcecode.c.h; path = EELDispensaryInfoListDataSource.h; sourceTree = "<group>"; };
		4D544BA51944F1E9000718D7 /* EELDispensaryInfoListDataSource.m */ = {isa = PBXFileReference; fileEncoding = 4; lastKnownFileType = sourcecode.c.objc; path = EELDispensaryInfoListDataSource.m; sourceTree = "<group>"; };
		4D75E06D1943F42200A25AB6 /* AAPLAction.h */ = {isa = PBXFileReference; fileEncoding = 4; lastKnownFileType = sourcecode.c.h; name = AAPLAction.h; path = ../../../Downloads/AdvancedUserInterfacesUsingCollectionView/AdvancedCollectionView/AAPLAction.h; sourceTree = "<group>"; };
		4D75E06E1943F42200A25AB6 /* AAPLAction.m */ = {isa = PBXFileReference; fileEncoding = 4; lastKnownFileType = sourcecode.c.objc; name = AAPLAction.m; path = ../../../Downloads/AdvancedUserInterfacesUsingCollectionView/AdvancedCollectionView/AAPLAction.m; sourceTree = "<group>"; };
		4D75E06F1943F42200A25AB6 /* AAPLContentLoading.h */ = {isa = PBXFileReference; fileEncoding = 4; lastKnownFileType = sourcecode.c.h; name = AAPLContentLoading.h; path = ../../../Downloads/AdvancedUserInterfacesUsingCollectionView/AdvancedCollectionView/AAPLContentLoading.h; sourceTree = "<group>"; };
		4D75E0701943F42200A25AB6 /* AAPLContentLoading.m */ = {isa = PBXFileReference; fileEncoding = 4; lastKnownFileType = sourcecode.c.objc; name = AAPLContentLoading.m; path = ../../../Downloads/AdvancedUserInterfacesUsingCollectionView/AdvancedCollectionView/AAPLContentLoading.m; sourceTree = "<group>"; };
		4D75E0711943F42200A25AB6 /* AAPLStateMachine.h */ = {isa = PBXFileReference; fileEncoding = 4; lastKnownFileType = sourcecode.c.h; name = AAPLStateMachine.h; path = ../../../Downloads/AdvancedUserInterfacesUsingCollectionView/AdvancedCollectionView/AAPLStateMachine.h; sourceTree = "<group>"; };
		4D75E0721943F42200A25AB6 /* AAPLStateMachine.m */ = {isa = PBXFileReference; fileEncoding = 4; lastKnownFileType = sourcecode.c.objc; name = AAPLStateMachine.m; path = ../../../Downloads/AdvancedUserInterfacesUsingCollectionView/AdvancedCollectionView/AAPLStateMachine.m; sourceTree = "<group>"; };
		4D75E0741943F42200A25AB6 /* AAPLDataSource+Headers.h */ = {isa = PBXFileReference; fileEncoding = 4; lastKnownFileType = sourcecode.c.h; path = "AAPLDataSource+Headers.h"; sourceTree = "<group>"; };
		4D75E0751943F42200A25AB6 /* AAPLDataSource+Headers.m */ = {isa = PBXFileReference; fileEncoding = 4; lastKnownFileType = sourcecode.c.objc; path = "AAPLDataSource+Headers.m"; sourceTree = "<group>"; };
		4D75E0761943F42200A25AB6 /* NSObject+KVOBlock.h */ = {isa = PBXFileReference; fileEncoding = 4; lastKnownFileType = sourcecode.c.h; path = "NSObject+KVOBlock.h"; sourceTree = "<group>"; };
		4D75E0771943F42200A25AB6 /* NSObject+KVOBlock.m */ = {isa = PBXFileReference; fileEncoding = 4; lastKnownFileType = sourcecode.c.objc; path = "NSObject+KVOBlock.m"; sourceTree = "<group>"; };
		4D75E0781943F42200A25AB6 /* UICollectionView+Helpers.h */ = {isa = PBXFileReference; fileEncoding = 4; lastKnownFileType = sourcecode.c.h; path = "UICollectionView+Helpers.h"; sourceTree = "<group>"; };
		4D75E0791943F42200A25AB6 /* UICollectionView+Helpers.m */ = {isa = PBXFileReference; fileEncoding = 4; lastKnownFileType = sourcecode.c.objc; path = "UICollectionView+Helpers.m"; sourceTree = "<group>"; };
		4D75E07A1943F42200A25AB6 /* UIView+Helpers.h */ = {isa = PBXFileReference; fileEncoding = 4; lastKnownFileType = sourcecode.c.h; path = "UIView+Helpers.h"; sourceTree = "<group>"; };
		4D75E07B1943F42200A25AB6 /* UIView+Helpers.m */ = {isa = PBXFileReference; fileEncoding = 4; lastKnownFileType = sourcecode.c.objc; path = "UIView+Helpers.m"; sourceTree = "<group>"; };
		4D75E07D1943F42200A25AB6 /* AAPLBasicDataSource.h */ = {isa = PBXFileReference; fileEncoding = 4; lastKnownFileType = sourcecode.c.h; path = AAPLBasicDataSource.h; sourceTree = "<group>"; };
		4D75E07E1943F42200A25AB6 /* AAPLBasicDataSource.m */ = {isa = PBXFileReference; fileEncoding = 4; lastKnownFileType = sourcecode.c.objc; path = AAPLBasicDataSource.m; sourceTree = "<group>"; };
		4D75E07F1943F42200A25AB6 /* AAPLComposedDataSource.h */ = {isa = PBXFileReference; fileEncoding = 4; lastKnownFileType = sourcecode.c.h; path = AAPLComposedDataSource.h; sourceTree = "<group>"; };
		4D75E0801943F42200A25AB6 /* AAPLComposedDataSource.m */ = {isa = PBXFileReference; fileEncoding = 4; lastKnownFileType = sourcecode.c.objc; path = AAPLComposedDataSource.m; sourceTree = "<group>"; };
		4D75E0811943F42200A25AB6 /* AAPLComposedDataSource_Private.h */ = {isa = PBXFileReference; fileEncoding = 4; lastKnownFileType = sourcecode.c.h; path = AAPLComposedDataSource_Private.h; sourceTree = "<group>"; };
		4D75E0821943F42200A25AB6 /* AAPLComposedDataSource_Private.m */ = {isa = PBXFileReference; fileEncoding = 4; lastKnownFileType = sourcecode.c.objc; path = AAPLComposedDataSource_Private.m; sourceTree = "<group>"; };
		4D75E0831943F42200A25AB6 /* AAPLDataSource.h */ = {isa = PBXFileReference; fileEncoding = 4; lastKnownFileType = sourcecode.c.h; path = AAPLDataSource.h; sourceTree = "<group>"; };
		4D75E0841943F42200A25AB6 /* AAPLDataSource.m */ = {isa = PBXFileReference; fileEncoding = 4; lastKnownFileType = sourcecode.c.objc; path = AAPLDataSource.m; sourceTree = "<group>"; };
		4D75E0851943F42200A25AB6 /* AAPLDataSource_Private.h */ = {isa = PBXFileReference; fileEncoding = 4; lastKnownFileType = sourcecode.c.h; path = AAPLDataSource_Private.h; sourceTree = "<group>"; };
		4D75E0861943F42200A25AB6 /* AAPLSegmentedDataSource.h */ = {isa = PBXFileReference; fileEncoding = 4; lastKnownFileType = sourcecode.c.h; path = AAPLSegmentedDataSource.h; sourceTree = "<group>"; };
		4D75E0871943F42200A25AB6 /* AAPLSegmentedDataSource.m */ = {isa = PBXFileReference; fileEncoding = 4; lastKnownFileType = sourcecode.c.objc; path = AAPLSegmentedDataSource.m; sourceTree = "<group>"; };
		4D75E0891943F42200A25AB6 /* AAPLCollectionViewGridLayout.h */ = {isa = PBXFileReference; fileEncoding = 4; lastKnownFileType = sourcecode.c.h; path = AAPLCollectionViewGridLayout.h; sourceTree = "<group>"; };
		4D75E08A1943F42200A25AB6 /* AAPLCollectionViewGridLayout.m */ = {isa = PBXFileReference; fileEncoding = 4; lastKnownFileType = sourcecode.c.objc; path = AAPLCollectionViewGridLayout.m; sourceTree = "<group>"; };
		4D75E08B1943F42200A25AB6 /* AAPLCollectionViewGridLayout_Internal.h */ = {isa = PBXFileReference; fileEncoding = 4; lastKnownFileType = sourcecode.c.h; path = AAPLCollectionViewGridLayout_Internal.h; sourceTree = "<group>"; };
		4D75E08C1943F42200A25AB6 /* AAPLCollectionViewGridLayout_Internal.m */ = {isa = PBXFileReference; fileEncoding = 4; lastKnownFileType = sourcecode.c.objc; path = AAPLCollectionViewGridLayout_Internal.m; sourceTree = "<group>"; };
		4D75E08D1943F42200A25AB6 /* AAPLCollectionViewGridLayout_Private.h */ = {isa = PBXFileReference; fileEncoding = 4; lastKnownFileType = sourcecode.c.h; path = AAPLCollectionViewGridLayout_Private.h; sourceTree = "<group>"; };
		4D75E08E1943F42200A25AB6 /* AAPLCollectionViewGridLayoutAttributes.h */ = {isa = PBXFileReference; fileEncoding = 4; lastKnownFileType = sourcecode.c.h; path = AAPLCollectionViewGridLayoutAttributes.h; sourceTree = "<group>"; };
		4D75E08F1943F42200A25AB6 /* AAPLCollectionViewGridLayoutAttributes.m */ = {isa = PBXFileReference; fileEncoding = 4; lastKnownFileType = sourcecode.c.objc; path = AAPLCollectionViewGridLayoutAttributes.m; sourceTree = "<group>"; };
		4D75E0901943F42200A25AB6 /* AAPLCollectionViewGridLayoutAttributes_Private.h */ = {isa = PBXFileReference; fileEncoding = 4; lastKnownFileType = sourcecode.c.h; path = AAPLCollectionViewGridLayoutAttributes_Private.h; sourceTree = "<group>"; };
		4D75E0911943F42200A25AB6 /* AAPLLayoutMetrics.h */ = {isa = PBXFileReference; fileEncoding = 4; lastKnownFileType = sourcecode.c.h; path = AAPLLayoutMetrics.h; sourceTree = "<group>"; };
		4D75E0921943F42200A25AB6 /* AAPLLayoutMetrics.m */ = {isa = PBXFileReference; fileEncoding = 4; lastKnownFileType = sourcecode.c.objc; path = AAPLLayoutMetrics.m; sourceTree = "<group>"; };
		4D75E0931943F42200A25AB6 /* AAPLLayoutMetrics_Private.h */ = {isa = PBXFileReference; fileEncoding = 4; lastKnownFileType = sourcecode.c.h; path = AAPLLayoutMetrics_Private.h; sourceTree = "<group>"; };
		4D75E0951943F42200A25AB6 /* AAPLCollectionViewController.h */ = {isa = PBXFileReference; fileEncoding = 4; lastKnownFileType = sourcecode.c.h; path = AAPLCollectionViewController.h; sourceTree = "<group>"; };
		4D75E0961943F42200A25AB6 /* AAPLCollectionViewController.m */ = {isa = PBXFileReference; fileEncoding = 4; lastKnownFileType = sourcecode.c.objc; path = AAPLCollectionViewController.m; sourceTree = "<group>"; };
		4D75E0971943F42200A25AB6 /* AAPLSwipeToEditStateMachine.h */ = {isa = PBXFileReference; fileEncoding = 4; lastKnownFileType = sourcecode.c.h; path = AAPLSwipeToEditStateMachine.h; sourceTree = "<group>"; };
		4D75E0981943F42200A25AB6 /* AAPLSwipeToEditStateMachine.m */ = {isa = PBXFileReference; fileEncoding = 4; lastKnownFileType = sourcecode.c.objc; path = AAPLSwipeToEditStateMachine.m; sourceTree = "<group>"; };
		4D75E0AC1943F44800A25AB6 /* AAPLBasicCell.h */ = {isa = PBXFileReference; fileEncoding = 4; lastKnownFileType = sourcecode.c.h; path = AAPLBasicCell.h; sourceTree = "<group>"; };
		4D75E0AD1943F44800A25AB6 /* AAPLBasicCell.m */ = {isa = PBXFileReference; fileEncoding = 4; lastKnownFileType = sourcecode.c.objc; path = AAPLBasicCell.m; sourceTree = "<group>"; };
		4D75E0AE1943F44800A25AB6 /* AAPLCollectionViewCell_Private.h */ = {isa = PBXFileReference; fileEncoding = 4; lastKnownFileType = sourcecode.c.h; path = AAPLCollectionViewCell_Private.h; sourceTree = "<group>"; };
		4D75E0AF1943F44800A25AB6 /* AAPLCollectionViewCell.h */ = {isa = PBXFileReference; fileEncoding = 4; lastKnownFileType = sourcecode.c.h; path = AAPLCollectionViewCell.h; sourceTree = "<group>"; };
		4D75E0B01943F44800A25AB6 /* AAPLCollectionViewCell.m */ = {isa = PBXFileReference; fileEncoding = 4; lastKnownFileType = sourcecode.c.objc; path = AAPLCollectionViewCell.m; sourceTree = "<group>"; };
		4D75E0B11943F44800A25AB6 /* AAPLHairlineView.h */ = {isa = PBXFileReference; fileEncoding = 4; lastKnownFileType = sourcecode.c.h; path = AAPLHairlineView.h; sourceTree = "<group>"; };
		4D75E0B21943F44800A25AB6 /* AAPLHairlineView.m */ = {isa = PBXFileReference; fileEncoding = 4; lastKnownFileType = sourcecode.c.objc; path = AAPLHairlineView.m; sourceTree = "<group>"; };
		4D75E0B31943F44800A25AB6 /* AAPLPinnableHeaderView.h */ = {isa = PBXFileReference; fileEncoding = 4; lastKnownFileType = sourcecode.c.h; path = AAPLPinnableHeaderView.h; sourceTree = "<group>"; };
		4D75E0B41943F44800A25AB6 /* AAPLPinnableHeaderView.m */ = {isa = PBXFileReference; fileEncoding = 4; lastKnownFileType = sourcecode.c.objc; path = AAPLPinnableHeaderView.m; sourceTree = "<group>"; };
		4D75E0B51943F44800A25AB6 /* AAPLPlaceholderView.h */ = {isa = PBXFileReference; fileEncoding = 4; lastKnownFileType = sourcecode.c.h; path = AAPLPlaceholderView.h; sourceTree = "<group>"; };
		4D75E0B61943F44800A25AB6 /* AAPLPlaceholderView.m */ = {isa = PBXFileReference; fileEncoding = 4; lastKnownFileType = sourcecode.c.objc; path = AAPLPlaceholderView.m; sourceTree = "<group>"; };
		4D75E0B71943F44800A25AB6 /* AAPLSectionHeaderView.h */ = {isa = PBXFileReference; fileEncoding = 4; lastKnownFileType = sourcecode.c.h; path = AAPLSectionHeaderView.h; sourceTree = "<group>"; };
		4D75E0B81943F44800A25AB6 /* AAPLSectionHeaderView.m */ = {isa = PBXFileReference; fileEncoding = 4; lastKnownFileType = sourcecode.c.objc; path = AAPLSectionHeaderView.m; sourceTree = "<group>"; };
		4D75E0B91943F44800A25AB6 /* AAPLSegmentedHeaderView.h */ = {isa = PBXFileReference; fileEncoding = 4; lastKnownFileType = sourcecode.c.h; path = AAPLSegmentedHeaderView.h; sourceTree = "<group>"; };
		4D75E0BA1943F44800A25AB6 /* AAPLSegmentedHeaderView.m */ = {isa = PBXFileReference; fileEncoding = 4; lastKnownFileType = sourcecode.c.objc; path = AAPLSegmentedHeaderView.m; sourceTree = "<group>"; };
		4D75E0C31943F73A00A25AB6 /* EELDispensaryDetailDataSource.h */ = {isa = PBXFileReference; fileEncoding = 4; lastKnownFileType = sourcecode.c.h; path = EELDispensaryDetailDataSource.h; sourceTree = "<group>"; };
		4D75E0C41943F73A00A25AB6 /* EELDispensaryDetailDataSource.m */ = {isa = PBXFileReference; fileEncoding = 4; lastKnownFileType = sourcecode.c.objc; path = EELDispensaryDetailDataSource.m; sourceTree = "<group>"; };
		4D75E0CC1943F96C00A25AB6 /* EELReviewsDataSource.h */ = {isa = PBXFileReference; fileEncoding = 4; lastKnownFileType = sourcecode.c.h; path = EELReviewsDataSource.h; sourceTree = "<group>"; };
		4D75E0CD1943F96C00A25AB6 /* EELReviewsDataSource.m */ = {isa = PBXFileReference; fileEncoding = 4; lastKnownFileType = sourcecode.c.objc; path = EELReviewsDataSource.m; sourceTree = "<group>"; };
		4D75E0CF1943FBE200A25AB6 /* EELDetailViewController.h */ = {isa = PBXFileReference; fileEncoding = 4; lastKnownFileType = sourcecode.c.h; name = EELDetailViewController.h; path = controllers/EELDetailViewController.h; sourceTree = "<group>"; };
		4D75E0D01943FBE200A25AB6 /* EELDetailViewController.m */ = {isa = PBXFileReference; fileEncoding = 4; lastKnownFileType = sourcecode.c.objc; name = EELDetailViewController.m; path = controllers/EELDetailViewController.m; sourceTree = "<group>"; };
		4D75E0D21944022800A25AB6 /* EELDetailHeader.h */ = {isa = PBXFileReference; fileEncoding = 4; lastKnownFileType = sourcecode.c.h; path = EELDetailHeader.h; sourceTree = "<group>"; };
		4D75E0D31944022800A25AB6 /* EELDetailHeader.m */ = {isa = PBXFileReference; fileEncoding = 4; lastKnownFileType = sourcecode.c.objc; path = EELDetailHeader.m; sourceTree = "<group>"; };
		4D87F4B7194984CF00740558 /* EELMenuViewController.h */ = {isa = PBXFileReference; fileEncoding = 4; lastKnownFileType = sourcecode.c.h; name = EELMenuViewController.h; path = controllers/EELMenuViewController.h; sourceTree = "<group>"; };
		4D87F4B8194984CF00740558 /* EELMenuViewController.m */ = {isa = PBXFileReference; fileEncoding = 4; lastKnownFileType = sourcecode.c.objc; name = EELMenuViewController.m; path = controllers/EELMenuViewController.m; sourceTree = "<group>"; };
		4D87F4BA1949851B00740558 /* EELMenuDataSource.h */ = {isa = PBXFileReference; fileEncoding = 4; lastKnownFileType = sourcecode.c.h; path = EELMenuDataSource.h; sourceTree = "<group>"; };
		4D87F4BB1949851B00740558 /* EELMenuDataSource.m */ = {isa = PBXFileReference; fileEncoding = 4; lastKnownFileType = sourcecode.c.objc; path = EELMenuDataSource.m; sourceTree = "<group>"; };
		4D87F4BD1949865600740558 /* EELMenuItemsDataSource.h */ = {isa = PBXFileReference; fileEncoding = 4; lastKnownFileType = sourcecode.c.h; path = EELMenuItemsDataSource.h; sourceTree = "<group>"; };
		4D87F4BE1949865600740558 /* EELMenuItemsDataSource.m */ = {isa = PBXFileReference; fileEncoding = 4; lastKnownFileType = sourcecode.c.objc; path = EELMenuItemsDataSource.m; sourceTree = "<group>"; };
		4D87F4C01949884000740558 /* EELMenuItemCell.h */ = {isa = PBXFileReference; fileEncoding = 4; lastKnownFileType = sourcecode.c.h; path = EELMenuItemCell.h; sourceTree = "<group>"; };
		4D87F4C11949884000740558 /* EELMenuItemCell.m */ = {isa = PBXFileReference; fileEncoding = 4; lastKnownFileType = sourcecode.c.objc; path = EELMenuItemCell.m; sourceTree = "<group>"; };
		4D87F4C31949887E00740558 /* EELMenuItemCell.xib */ = {isa = PBXFileReference; fileEncoding = 4; lastKnownFileType = file.xib; name = EELMenuItemCell.xib; path = views/EELMenuItemCell.xib; sourceTree = "<group>"; };
		4D9DDDEE1915AC89006E5B03 /* EELWMClient.h */ = {isa = PBXFileReference; fileEncoding = 4; lastKnownFileType = sourcecode.c.h; name = EELWMClient.h; path = models/EELWMClient.h; sourceTree = "<group>"; };
		4D9DDDEF1915AC89006E5B03 /* EELWMClient.m */ = {isa = PBXFileReference; fileEncoding = 4; lastKnownFileType = sourcecode.c.objc; name = EELWMClient.m; path = models/EELWMClient.m; sourceTree = "<group>"; };
		4D9DDDF41915AFEB006E5B03 /* EELDispensary.h */ = {isa = PBXFileReference; fileEncoding = 4; lastKnownFileType = sourcecode.c.h; name = EELDispensary.h; path = models/EELDispensary.h; sourceTree = "<group>"; };
		4D9DDDF51915AFEB006E5B03 /* EELDispensary.m */ = {isa = PBXFileReference; fileEncoding = 4; lastKnownFileType = sourcecode.c.objc; name = EELDispensary.m; path = models/EELDispensary.m; sourceTree = "<group>"; };
		4D9DDDF71915BA75006E5B03 /* EELAccount.h */ = {isa = PBXFileReference; fileEncoding = 4; lastKnownFileType = sourcecode.c.h; name = EELAccount.h; path = models/EELAccount.h; sourceTree = "<group>"; };
		4D9DDDF81915BA75006E5B03 /* EELAccount.m */ = {isa = PBXFileReference; fileEncoding = 4; lastKnownFileType = sourcecode.c.objc; name = EELAccount.m; path = models/EELAccount.m; sourceTree = "<group>"; };
		4D9DDDFA1915BA81006E5B03 /* EELReview.h */ = {isa = PBXFileReference; fileEncoding = 4; lastKnownFileType = sourcecode.c.h; name = EELReview.h; path = models/EELReview.h; sourceTree = "<group>"; };
		4D9DDDFB1915BA81006E5B03 /* EELReview.m */ = {isa = PBXFileReference; fileEncoding = 4; lastKnownFileType = sourcecode.c.objc; name = EELReview.m; path = models/EELReview.m; sourceTree = "<group>"; };
		4D9DDDFD1915BAA4006E5B03 /* EELSmokinOn.h */ = {isa = PBXFileReference; fileEncoding = 4; lastKnownFileType = sourcecode.c.h; name = EELSmokinOn.h; path = models/EELSmokinOn.h; sourceTree = "<group>"; };
		4D9DDDFE1915BAA4006E5B03 /* EELSmokinOn.m */ = {isa = PBXFileReference; fileEncoding = 4; lastKnownFileType = sourcecode.c.objc; name = EELSmokinOn.m; path = models/EELSmokinOn.m; sourceTree = "<group>"; };
		4D9DDE0219169629006E5B03 /* EELMenuItem.h */ = {isa = PBXFileReference; fileEncoding = 4; lastKnownFileType = sourcecode.c.h; name = EELMenuItem.h; path = models/EELMenuItem.h; sourceTree = "<group>"; };
		4D9DDE0319169629006E5B03 /* EELMenuItem.m */ = {isa = PBXFileReference; fileEncoding = 4; lastKnownFileType = sourcecode.c.objc; name = EELMenuItem.m; path = models/EELMenuItem.m; sourceTree = "<group>"; };
		4D9DDE091916AD74006E5B03 /* EELArrayDataSource.h */ = {isa = PBXFileReference; fileEncoding = 4; lastKnownFileType = sourcecode.c.h; name = EELArrayDataSource.h; path = "data sources/EELArrayDataSource.h"; sourceTree = "<group>"; };
		4D9DDE0A1916AD74006E5B03 /* EELArrayDataSource.m */ = {isa = PBXFileReference; fileEncoding = 4; lastKnownFileType = sourcecode.c.objc; name = EELArrayDataSource.m; path = "data sources/EELArrayDataSource.m"; sourceTree = "<group>"; };
		4DC1A10E1912F9A200228F5A /* Weedly.app */ = {isa = PBXFileReference; explicitFileType = wrapper.application; includeInIndex = 0; path = Weedly.app; sourceTree = BUILT_PRODUCTS_DIR; };
		4DC1A1111912F9A200228F5A /* Foundation.framework */ = {isa = PBXFileReference; lastKnownFileType = wrapper.framework; name = Foundation.framework; path = System/Library/Frameworks/Foundation.framework; sourceTree = SDKROOT; };
		4DC1A1131912F9A200228F5A /* CoreGraphics.framework */ = {isa = PBXFileReference; lastKnownFileType = wrapper.framework; name = CoreGraphics.framework; path = System/Library/Frameworks/CoreGraphics.framework; sourceTree = SDKROOT; };
		4DC1A1151912F9A200228F5A /* UIKit.framework */ = {isa = PBXFileReference; lastKnownFileType = wrapper.framework; name = UIKit.framework; path = System/Library/Frameworks/UIKit.framework; sourceTree = SDKROOT; };
		4DC1A1191912F9A200228F5A /* weedly-Info.plist */ = {isa = PBXFileReference; lastKnownFileType = text.plist.xml; path = "weedly-Info.plist"; sourceTree = "<group>"; };
		4DC1A11B1912F9A200228F5A /* en */ = {isa = PBXFileReference; lastKnownFileType = text.plist.strings; name = en; path = en.lproj/InfoPlist.strings; sourceTree = "<group>"; };
		4DC1A11D1912F9A200228F5A /* main.m */ = {isa = PBXFileReference; lastKnownFileType = sourcecode.c.objc; path = main.m; sourceTree = "<group>"; };
		4DC1A11F1912F9A200228F5A /* weedly-Prefix.pch */ = {isa = PBXFileReference; lastKnownFileType = sourcecode.c.h; path = "weedly-Prefix.pch"; sourceTree = "<group>"; };
		4DC1A1201912F9A200228F5A /* EELAppDelegate.h */ = {isa = PBXFileReference; lastKnownFileType = sourcecode.c.h; path = EELAppDelegate.h; sourceTree = "<group>"; };
		4DC1A1211912F9A200228F5A /* EELAppDelegate.m */ = {isa = PBXFileReference; lastKnownFileType = sourcecode.c.objc; path = EELAppDelegate.m; sourceTree = "<group>"; };
		4DC1A1241912F9A200228F5A /* Base */ = {isa = PBXFileReference; lastKnownFileType = file.storyboard; name = Base; path = Base.lproj/Main.storyboard; sourceTree = "<group>"; };
		4DC1A1291912F9A200228F5A /* Images.xcassets */ = {isa = PBXFileReference; lastKnownFileType = folder.assetcatalog; path = Images.xcassets; sourceTree = "<group>"; };
		4DC1A12F1912F9A200228F5A /* weedlyTests.xctest */ = {isa = PBXFileReference; explicitFileType = wrapper.cfbundle; includeInIndex = 0; path = weedlyTests.xctest; sourceTree = BUILT_PRODUCTS_DIR; };
		4DC1A1301912F9A200228F5A /* XCTest.framework */ = {isa = PBXFileReference; lastKnownFileType = wrapper.framework; name = XCTest.framework; path = Library/Frameworks/XCTest.framework; sourceTree = DEVELOPER_DIR; };
		4DC1A1381912F9A200228F5A /* weedlyTests-Info.plist */ = {isa = PBXFileReference; lastKnownFileType = text.plist.xml; path = "weedlyTests-Info.plist"; sourceTree = "<group>"; };
		4DC1A13A1912F9A200228F5A /* en */ = {isa = PBXFileReference; lastKnownFileType = text.plist.strings; name = en; path = en.lproj/InfoPlist.strings; sourceTree = "<group>"; };
		4DC1A13C1912F9A200228F5A /* weedlyTests.m */ = {isa = PBXFileReference; lastKnownFileType = sourcecode.c.objc; path = weedlyTests.m; sourceTree = "<group>"; };
		4DC1A1461912FAA300228F5A /* MapKit.framework */ = {isa = PBXFileReference; lastKnownFileType = wrapper.framework; name = MapKit.framework; path = System/Library/Frameworks/MapKit.framework; sourceTree = SDKROOT; };
		4DC1A1481912FB6E00228F5A /* EELUsefulConstants.h */ = {isa = PBXFileReference; fileEncoding = 4; lastKnownFileType = sourcecode.c.h; path = EELUsefulConstants.h; sourceTree = "<group>"; };
		4DCFE5191948BE3100139D52 /* EELDetailListCell.xib */ = {isa = PBXFileReference; fileEncoding = 4; lastKnownFileType = file.xib; name = EELDetailListCell.xib; path = views/EELDetailListCell.xib; sourceTree = "<group>"; };
		4DCFE51B1948BEA500139D52 /* EELDeal.h */ = {isa = PBXFileReference; fileEncoding = 4; lastKnownFileType = sourcecode.c.h; name = EELDeal.h; path = models/EELDeal.h; sourceTree = "<group>"; };
		4DCFE51C1948BEA500139D52 /* EELDeal.m */ = {isa = PBXFileReference; fileEncoding = 4; lastKnownFileType = sourcecode.c.objc; name = EELDeal.m; path = models/EELDeal.m; sourceTree = "<group>"; };
		4DCFE51E1948BF1400139D52 /* EELDetailListCell.h */ = {isa = PBXFileReference; fileEncoding = 4; lastKnownFileType = sourcecode.c.h; name = EELDetailListCell.h; path = views/EELDetailListCell.h; sourceTree = "<group>"; };
		4DCFE51F1948BF1400139D52 /* EELDetailListCell.m */ = {isa = PBXFileReference; fileEncoding = 4; lastKnownFileType = sourcecode.c.objc; name = EELDetailListCell.m; path = views/EELDetailListCell.m; sourceTree = "<group>"; };
		4DCFE5211948C05300139D52 /* EELDetailHeader.xib */ = {isa = PBXFileReference; fileEncoding = 4; lastKnownFileType = file.xib; name = EELDetailHeader.xib; path = views/EELDetailHeader.xib; sourceTree = "<group>"; };
		4DD1FFF319461E7E0072D5B4 /* DKScrollingTabController.h */ = {isa = PBXFileReference; fileEncoding = 4; lastKnownFileType = sourcecode.c.h; path = DKScrollingTabController.h; sourceTree = "<group>"; };
		4DD1FFF419461E7E0072D5B4 /* DKScrollingTabController.m */ = {isa = PBXFileReference; fileEncoding = 4; lastKnownFileType = sourcecode.c.objc; path = DKScrollingTabController.m; sourceTree = "<group>"; };
		4DD1FFF6194641650072D5B4 /* EELListTableView.h */ = {isa = PBXFileReference; fileEncoding = 4; lastKnownFileType = sourcecode.c.h; path = EELListTableView.h; sourceTree = "<group>"; };
		4DD1FFF7194641650072D5B4 /* EELListTableView.m */ = {isa = PBXFileReference; fileEncoding = 4; lastKnownFileType = sourcecode.c.objc; path = EELListTableView.m; sourceTree = "<group>"; };
		4DD4930A1915827D001A6203 /* EELMainViewController.h */ = {isa = PBXFileReference; fileEncoding = 4; lastKnownFileType = sourcecode.c.h; name = EELMainViewController.h; path = controllers/EELMainViewController.h; sourceTree = "<group>"; };
		4DD4930B1915827D001A6203 /* EELMainViewController.m */ = {isa = PBXFileReference; fileEncoding = 4; lastKnownFileType = sourcecode.c.objc; name = EELMainViewController.m; path = controllers/EELMainViewController.m; sourceTree = "<group>"; };
		D13BE086C5424174BDE85D1C /* Pods.xcconfig */ = {isa = PBXFileReference; includeInIndex = 1; lastKnownFileType = text.xcconfig; name = Pods.xcconfig; path = Pods/Pods.xcconfig; sourceTree = "<group>"; };
		F50009311F37485CA198D2EA /* libPods.a */ = {isa = PBXFileReference; explicitFileType = archive.ar; includeInIndex = 0; path = libPods.a; sourceTree = BUILT_PRODUCTS_DIR; };
/* End PBXFileReference section */

/* Begin PBXFrameworksBuildPhase section */
		4DC1A10B1912F9A200228F5A /* Frameworks */ = {
			isa = PBXFrameworksBuildPhase;
			buildActionMask = 2147483647;
			files = (
				4DC1A1471912FAA300228F5A /* MapKit.framework in Frameworks */,
				4DC1A1141912F9A200228F5A /* CoreGraphics.framework in Frameworks */,
				4DC1A1161912F9A200228F5A /* UIKit.framework in Frameworks */,
				4DC1A1121912F9A200228F5A /* Foundation.framework in Frameworks */,
				BE8BDD8F4BD4453BBD4478C3 /* libPods.a in Frameworks */,
			);
			runOnlyForDeploymentPostprocessing = 0;
		};
		4DC1A12C1912F9A200228F5A /* Frameworks */ = {
			isa = PBXFrameworksBuildPhase;
			buildActionMask = 2147483647;
			files = (
				4DC1A1311912F9A200228F5A /* XCTest.framework in Frameworks */,
				4DC1A1331912F9A200228F5A /* UIKit.framework in Frameworks */,
				4DC1A1321912F9A200228F5A /* Foundation.framework in Frameworks */,
			);
			runOnlyForDeploymentPostprocessing = 0;
		};
/* End PBXFrameworksBuildPhase section */

/* Begin PBXGroup section */
		4D09EB5C1949726300161685 /* Cells */ = {
			isa = PBXGroup;
			children = (
				4D37D46819494F9F00034769 /* EELListHeaderTableViewCell.h */,
				4D37D46919494F9F00034769 /* EELListHeaderTableViewCell.m */,
				4D37D46A19494F9F00034769 /* EELListHeaderTableViewCell.xib */,
				4D37D4611949139500034769 /* EELListTableViewCell.h */,
				4D37D4621949139500034769 /* EELListTableViewCell.m */,
				4D37D4631949139500034769 /* EELListTableViewCell.xib */,
			);
			name = Cells;
			sourceTree = "<group>";
		};
		4D09EB5D1949726E00161685 /* Cells */ = {
			isa = PBXGroup;
			children = (
				4D87F4C5194988C600740558 /* detail cells */,
				4D87F4C6194988D200740558 /* menu cells */,
			);
			name = Cells;
			sourceTree = "<group>";
		};
		4D75E06C1943F3D700A25AB6 /* Framework */ = {
			isa = PBXGroup;
			children = (
				4D75E06D1943F42200A25AB6 /* AAPLAction.h */,
				4D75E06E1943F42200A25AB6 /* AAPLAction.m */,
				4D75E06F1943F42200A25AB6 /* AAPLContentLoading.h */,
				4D75E0701943F42200A25AB6 /* AAPLContentLoading.m */,
				4D75E0711943F42200A25AB6 /* AAPLStateMachine.h */,
				4D75E0721943F42200A25AB6 /* AAPLStateMachine.m */,
				4D75E0731943F42200A25AB6 /* Categories */,
				4D75E07C1943F42200A25AB6 /* DataSources */,
				4D75E0881943F42200A25AB6 /* Layouts */,
				4D75E0941943F42200A25AB6 /* ViewControllers */,
				4D75E0AB1943F43C00A25AB6 /* Views */,
			);
			name = Framework;
			sourceTree = "<group>";
		};
		4D75E0731943F42200A25AB6 /* Categories */ = {
			isa = PBXGroup;
			children = (
				4D75E0741943F42200A25AB6 /* AAPLDataSource+Headers.h */,
				4D75E0751943F42200A25AB6 /* AAPLDataSource+Headers.m */,
				4D75E0761943F42200A25AB6 /* NSObject+KVOBlock.h */,
				4D75E0771943F42200A25AB6 /* NSObject+KVOBlock.m */,
				4D75E0781943F42200A25AB6 /* UICollectionView+Helpers.h */,
				4D75E0791943F42200A25AB6 /* UICollectionView+Helpers.m */,
				4D75E07A1943F42200A25AB6 /* UIView+Helpers.h */,
				4D75E07B1943F42200A25AB6 /* UIView+Helpers.m */,
			);
			name = Categories;
			path = ../../../Downloads/AdvancedUserInterfacesUsingCollectionView/AdvancedCollectionView/Categories;
			sourceTree = "<group>";
		};
		4D75E07C1943F42200A25AB6 /* DataSources */ = {
			isa = PBXGroup;
			children = (
				4D75E07D1943F42200A25AB6 /* AAPLBasicDataSource.h */,
				4D75E07E1943F42200A25AB6 /* AAPLBasicDataSource.m */,
				4D75E07F1943F42200A25AB6 /* AAPLComposedDataSource.h */,
				4D75E0801943F42200A25AB6 /* AAPLComposedDataSource.m */,
				4D75E0811943F42200A25AB6 /* AAPLComposedDataSource_Private.h */,
				4D75E0821943F42200A25AB6 /* AAPLComposedDataSource_Private.m */,
				4D75E0831943F42200A25AB6 /* AAPLDataSource.h */,
				4D75E0841943F42200A25AB6 /* AAPLDataSource.m */,
				4D75E0851943F42200A25AB6 /* AAPLDataSource_Private.h */,
				4D75E0861943F42200A25AB6 /* AAPLSegmentedDataSource.h */,
				4D75E0871943F42200A25AB6 /* AAPLSegmentedDataSource.m */,
			);
			name = DataSources;
			path = ../../../Downloads/AdvancedUserInterfacesUsingCollectionView/AdvancedCollectionView/DataSources;
			sourceTree = "<group>";
		};
		4D75E0881943F42200A25AB6 /* Layouts */ = {
			isa = PBXGroup;
			children = (
				4D75E0891943F42200A25AB6 /* AAPLCollectionViewGridLayout.h */,
				4D75E08A1943F42200A25AB6 /* AAPLCollectionViewGridLayout.m */,
				4D75E08B1943F42200A25AB6 /* AAPLCollectionViewGridLayout_Internal.h */,
				4D75E08C1943F42200A25AB6 /* AAPLCollectionViewGridLayout_Internal.m */,
				4D75E08D1943F42200A25AB6 /* AAPLCollectionViewGridLayout_Private.h */,
				4D75E08E1943F42200A25AB6 /* AAPLCollectionViewGridLayoutAttributes.h */,
				4D75E08F1943F42200A25AB6 /* AAPLCollectionViewGridLayoutAttributes.m */,
				4D75E0901943F42200A25AB6 /* AAPLCollectionViewGridLayoutAttributes_Private.h */,
				4D75E0911943F42200A25AB6 /* AAPLLayoutMetrics.h */,
				4D75E0921943F42200A25AB6 /* AAPLLayoutMetrics.m */,
				4D75E0931943F42200A25AB6 /* AAPLLayoutMetrics_Private.h */,
			);
			name = Layouts;
			path = ../../../Downloads/AdvancedUserInterfacesUsingCollectionView/AdvancedCollectionView/Layouts;
			sourceTree = "<group>";
		};
		4D75E0941943F42200A25AB6 /* ViewControllers */ = {
			isa = PBXGroup;
			children = (
				4D75E0951943F42200A25AB6 /* AAPLCollectionViewController.h */,
				4D75E0961943F42200A25AB6 /* AAPLCollectionViewController.m */,
				4D75E0971943F42200A25AB6 /* AAPLSwipeToEditStateMachine.h */,
				4D75E0981943F42200A25AB6 /* AAPLSwipeToEditStateMachine.m */,
			);
			name = ViewControllers;
			path = ../../../Downloads/AdvancedUserInterfacesUsingCollectionView/AdvancedCollectionView/ViewControllers;
			sourceTree = "<group>";
		};
		4D75E0AB1943F43C00A25AB6 /* Views */ = {
			isa = PBXGroup;
			children = (
				4D75E0AC1943F44800A25AB6 /* AAPLBasicCell.h */,
				4D75E0AD1943F44800A25AB6 /* AAPLBasicCell.m */,
				4D75E0AE1943F44800A25AB6 /* AAPLCollectionViewCell_Private.h */,
				4D75E0AF1943F44800A25AB6 /* AAPLCollectionViewCell.h */,
				4D75E0B01943F44800A25AB6 /* AAPLCollectionViewCell.m */,
				4D75E0B11943F44800A25AB6 /* AAPLHairlineView.h */,
				4D75E0B21943F44800A25AB6 /* AAPLHairlineView.m */,
				4D75E0B31943F44800A25AB6 /* AAPLPinnableHeaderView.h */,
				4D75E0B41943F44800A25AB6 /* AAPLPinnableHeaderView.m */,
				4D75E0B51943F44800A25AB6 /* AAPLPlaceholderView.h */,
				4D75E0B61943F44800A25AB6 /* AAPLPlaceholderView.m */,
				4D75E0B71943F44800A25AB6 /* AAPLSectionHeaderView.h */,
				4D75E0B81943F44800A25AB6 /* AAPLSectionHeaderView.m */,
				4D75E0B91943F44800A25AB6 /* AAPLSegmentedHeaderView.h */,
				4D75E0BA1943F44800A25AB6 /* AAPLSegmentedHeaderView.m */,
			);
			name = Views;
			sourceTree = "<group>";
		};
		4D75E0C21943F71C00A25AB6 /* DataSources */ = {
			isa = PBXGroup;
			children = (
				4DC960791948FB4800FEABB6 /* Map / list sources */,
				4DC960781948FB3900FEABB6 /* Detail sources */,
			);
			name = DataSources;
			sourceTree = "<group>";
		};
		4D87F4C5194988C600740558 /* detail cells */ = {
			isa = PBXGroup;
			children = (
				4D75E0D21944022800A25AB6 /* EELDetailHeader.h */,
				4D75E0D31944022800A25AB6 /* EELDetailHeader.m */,
				4DCFE5211948C05300139D52 /* EELDetailHeader.xib */,
				4D544BA019441518000718D7 /* EELReviewCell.h */,
				4D544BA119441518000718D7 /* EELReviewCell.m */,
				4D37D4661949284D00034769 /* EELReviewCell.xib */,
				4DCFE5191948BE3100139D52 /* EELDetailListCell.xib */,
				4DCFE51E1948BF1400139D52 /* EELDetailListCell.h */,
				4DCFE51F1948BF1400139D52 /* EELDetailListCell.m */,
			);
			name = "detail cells";
			sourceTree = "<group>";
		};
		4D87F4C6194988D200740558 /* menu cells */ = {
			isa = PBXGroup;
			children = (
				4D87F4C01949884000740558 /* EELMenuItemCell.h */,
				4D87F4C11949884000740558 /* EELMenuItemCell.m */,
				4D87F4C31949887E00740558 /* EELMenuItemCell.xib */,
			);
			name = "menu cells";
			sourceTree = "<group>";
		};
		4D9DDDEC1915AA2E006E5B03 /* Views */ = {
			isa = PBXGroup;
			children = (
				4DC1A1231912F9A200228F5A /* Main.storyboard */,
			);
			name = Views;
			sourceTree = "<group>";
		};
		4D9DDDED1915AA50006E5B03 /* Models */ = {
			isa = PBXGroup;
			children = (
				4D75E0C21943F71C00A25AB6 /* DataSources */,
				4DCFE51B1948BEA500139D52 /* EELDeal.h */,
				4DCFE51C1948BEA500139D52 /* EELDeal.m */,
				4D9DDDEE1915AC89006E5B03 /* EELWMClient.h */,
				4D9DDDEF1915AC89006E5B03 /* EELWMClient.m */,
				4D06F69519186AF1005597F9 /* EELMenu.h */,
				4D06F69619186AF1005597F9 /* EELMenu.m */,
				4D9DDE0219169629006E5B03 /* EELMenuItem.h */,
				4D9DDE0319169629006E5B03 /* EELMenuItem.m */,
				4D9DDDFA1915BA81006E5B03 /* EELReview.h */,
				4D9DDDFB1915BA81006E5B03 /* EELReview.m */,
				4D9DDDFD1915BAA4006E5B03 /* EELSmokinOn.h */,
				4D9DDDFE1915BAA4006E5B03 /* EELSmokinOn.m */,
				4D9DDDF71915BA75006E5B03 /* EELAccount.h */,
				4D9DDDF81915BA75006E5B03 /* EELAccount.m */,
				4D9DDDF41915AFEB006E5B03 /* EELDispensary.h */,
				4D9DDDF51915AFEB006E5B03 /* EELDispensary.m */,
			);
			name = Models;
			sourceTree = "<group>";
		};
		4DB1757419159DD400B3A22F /* detail controllers */ = {
			isa = PBXGroup;
			children = (
				4D87F4B7194984CF00740558 /* EELMenuViewController.h */,
				4D87F4B8194984CF00740558 /* EELMenuViewController.m */,
				4D75E0CF1943FBE200A25AB6 /* EELDetailViewController.h */,
				4D75E0D01943FBE200A25AB6 /* EELDetailViewController.m */,
				4D09EB5D1949726E00161685 /* Cells */,
			);
			name = "detail controllers";
			sourceTree = "<group>";
		};
		4DB1757619159E1400B3A22F /* main view controllers */ = {
			isa = PBXGroup;
			children = (
				4DD4930A1915827D001A6203 /* EELMainViewController.h */,
				4DD4930B1915827D001A6203 /* EELMainViewController.m */,
				4D09EB5C1949726300161685 /* Cells */,
				4DD1FFF6194641650072D5B4 /* EELListTableView.h */,
				4DD1FFF7194641650072D5B4 /* EELListTableView.m */,
			);
			name = "main view controllers";
			sourceTree = "<group>";
		};
		4DB1757719159E1D00B3A22F /* Controllers */ = {
			isa = PBXGroup;
			children = (
				4DB1757419159DD400B3A22F /* detail controllers */,
				4DB1757619159E1400B3A22F /* main view controllers */,
			);
			name = Controllers;
			sourceTree = "<group>";
		};
		4DC1A1051912F9A200228F5A = {
			isa = PBXGroup;
			children = (
				4DC1A1171912F9A200228F5A /* weedly */,
				4DC1A1361912F9A200228F5A /* weedlyTests */,
				4DC1A1101912F9A200228F5A /* Frameworks */,
				4DC1A10F1912F9A200228F5A /* Products */,
				D13BE086C5424174BDE85D1C /* Pods.xcconfig */,
			);
			sourceTree = "<group>";
		};
		4DC1A10F1912F9A200228F5A /* Products */ = {
			isa = PBXGroup;
			children = (
				4DC1A10E1912F9A200228F5A /* Weedly.app */,
				4DC1A12F1912F9A200228F5A /* weedlyTests.xctest */,
			);
			name = Products;
			sourceTree = "<group>";
		};
		4DC1A1101912F9A200228F5A /* Frameworks */ = {
			isa = PBXGroup;
			children = (
				4DC1A1461912FAA300228F5A /* MapKit.framework */,
				4DC1A1111912F9A200228F5A /* Foundation.framework */,
				4DC1A1131912F9A200228F5A /* CoreGraphics.framework */,
				4DC1A1151912F9A200228F5A /* UIKit.framework */,
				4DC1A1301912F9A200228F5A /* XCTest.framework */,
				F50009311F37485CA198D2EA /* libPods.a */,
			);
			name = Frameworks;
			sourceTree = "<group>";
		};
		4DC1A1171912F9A200228F5A /* weedly */ = {
			isa = PBXGroup;
			children = (
				4D75E06C1943F3D700A25AB6 /* Framework */,
				4D9DDDED1915AA50006E5B03 /* Models */,
				4D9DDDEC1915AA2E006E5B03 /* Views */,
				4DB1757719159E1D00B3A22F /* Controllers */,
				4DC1A1181912F9A200228F5A /* Supporting Files */,
			);
			path = weedly;
			sourceTree = "<group>";
		};
		4DC1A1181912F9A200228F5A /* Supporting Files */ = {
			isa = PBXGroup;
			children = (
				4DD1FFF119461E730072D5B4 /* 3rd Party */,
				4DC1A1291912F9A200228F5A /* Images.xcassets */,
				4DC1A1201912F9A200228F5A /* EELAppDelegate.h */,
				4DC1A1211912F9A200228F5A /* EELAppDelegate.m */,
				4DC1A1481912FB6E00228F5A /* EELUsefulConstants.h */,
				4DC1A1191912F9A200228F5A /* weedly-Info.plist */,
				4DC1A11A1912F9A200228F5A /* InfoPlist.strings */,
				4DC1A11D1912F9A200228F5A /* main.m */,
				4DC1A11F1912F9A200228F5A /* weedly-Prefix.pch */,
			);
			name = "Supporting Files";
			sourceTree = "<group>";
		};
		4DC1A1361912F9A200228F5A /* weedlyTests */ = {
			isa = PBXGroup;
			children = (
				4DC1A13C1912F9A200228F5A /* weedlyTests.m */,
				4DC1A1371912F9A200228F5A /* Supporting Files */,
			);
			path = weedlyTests;
			sourceTree = "<group>";
		};
		4DC1A1371912F9A200228F5A /* Supporting Files */ = {
			isa = PBXGroup;
			children = (
				4DC1A1381912F9A200228F5A /* weedlyTests-Info.plist */,
				4DC1A1391912F9A200228F5A /* InfoPlist.strings */,
			);
			name = "Supporting Files";
			sourceTree = "<group>";
		};
		4DC960781948FB3900FEABB6 /* Detail sources */ = {
			isa = PBXGroup;
			children = (
				4D75E0C31943F73A00A25AB6 /* EELDispensaryDetailDataSource.h */,
				4D75E0C41943F73A00A25AB6 /* EELDispensaryDetailDataSource.m */,
				4D544BA41944F1E9000718D7 /* EELDispensaryInfoListDataSource.h */,
				4D544BA51944F1E9000718D7 /* EELDispensaryInfoListDataSource.m */,
				4D75E0CC1943F96C00A25AB6 /* EELReviewsDataSource.h */,
				4D75E0CD1943F96C00A25AB6 /* EELReviewsDataSource.m */,
				4D87F4BA1949851B00740558 /* EELMenuDataSource.h */,
				4D87F4BB1949851B00740558 /* EELMenuDataSource.m */,
				4D87F4BD1949865600740558 /* EELMenuItemsDataSource.h */,
				4D87F4BE1949865600740558 /* EELMenuItemsDataSource.m */,
			);
			name = "Detail sources";
			sourceTree = "<group>";
		};
		4DC960791948FB4800FEABB6 /* Map / list sources */ = {
			isa = PBXGroup;
			children = (
				4D9DDE091916AD74006E5B03 /* EELArrayDataSource.h */,
				4D9DDE0A1916AD74006E5B03 /* EELArrayDataSource.m */,
			);
			name = "Map / list sources";
			sourceTree = "<group>";
		};
		4DD1FFF119461E730072D5B4 /* 3rd Party */ = {
			isa = PBXGroup;
			children = (
				4DD1FFF219461E7E0072D5B4 /* DKScrollingTabController */,
			);
			name = "3rd Party";
			sourceTree = "<group>";
		};
		4DD1FFF219461E7E0072D5B4 /* DKScrollingTabController */ = {
			isa = PBXGroup;
			children = (
				4DD1FFF319461E7E0072D5B4 /* DKScrollingTabController.h */,
				4DD1FFF419461E7E0072D5B4 /* DKScrollingTabController.m */,
			);
			path = DKScrollingTabController;
			sourceTree = "<group>";
		};
/* End PBXGroup section */

/* Begin PBXNativeTarget section */
		4DC1A10D1912F9A200228F5A /* Weedly */ = {
			isa = PBXNativeTarget;
			buildConfigurationList = 4DC1A1401912F9A200228F5A /* Build configuration list for PBXNativeTarget "Weedly" */;
			buildPhases = (
				51D61E9C47EA452FB66F9A28 /* Check Pods Manifest.lock */,
				4DC1A10A1912F9A200228F5A /* Sources */,
				4DC1A10B1912F9A200228F5A /* Frameworks */,
				4DC1A10C1912F9A200228F5A /* Resources */,
				FFE17794F2F446F0B13AB10F /* Copy Pods Resources */,
			);
			buildRules = (
			);
			dependencies = (
			);
			name = Weedly;
			productName = weedly;
			productReference = 4DC1A10E1912F9A200228F5A /* Weedly.app */;
			productType = "com.apple.product-type.application";
		};
		4DC1A12E1912F9A200228F5A /* weedlyTests */ = {
			isa = PBXNativeTarget;
			buildConfigurationList = 4DC1A1431912F9A200228F5A /* Build configuration list for PBXNativeTarget "weedlyTests" */;
			buildPhases = (
				4DC1A12B1912F9A200228F5A /* Sources */,
				4DC1A12C1912F9A200228F5A /* Frameworks */,
				4DC1A12D1912F9A200228F5A /* Resources */,
			);
			buildRules = (
			);
			dependencies = (
				4DC1A1351912F9A200228F5A /* PBXTargetDependency */,
			);
			name = weedlyTests;
			productName = weedlyTests;
			productReference = 4DC1A12F1912F9A200228F5A /* weedlyTests.xctest */;
			productType = "com.apple.product-type.bundle.unit-test";
		};
/* End PBXNativeTarget section */

/* Begin PBXProject section */
		4DC1A1061912F9A200228F5A /* Project object */ = {
			isa = PBXProject;
			attributes = {
				CLASSPREFIX = EEL;
				LastUpgradeCheck = 0510;
				ORGANIZATIONNAME = "Eric Lewis";
				TargetAttributes = {
					4DC1A10D1912F9A200228F5A = {
						DevelopmentTeam = 6495B95VRX;
					};
					4DC1A12E1912F9A200228F5A = {
						TestTargetID = 4DC1A10D1912F9A200228F5A;
					};
				};
			};
			buildConfigurationList = 4DC1A1091912F9A200228F5A /* Build configuration list for PBXProject "weedly" */;
			compatibilityVersion = "Xcode 3.2";
			developmentRegion = English;
			hasScannedForEncodings = 0;
			knownRegions = (
				en,
				Base,
			);
			mainGroup = 4DC1A1051912F9A200228F5A;
			productRefGroup = 4DC1A10F1912F9A200228F5A /* Products */;
			projectDirPath = "";
			projectRoot = "";
			targets = (
				4DC1A10D1912F9A200228F5A /* Weedly */,
				4DC1A12E1912F9A200228F5A /* weedlyTests */,
			);
		};
/* End PBXProject section */

/* Begin PBXResourcesBuildPhase section */
		4DC1A10C1912F9A200228F5A /* Resources */ = {
			isa = PBXResourcesBuildPhase;
			buildActionMask = 2147483647;
			files = (
				4DC1A12A1912F9A200228F5A /* Images.xcassets in Resources */,
				4DCFE5221948C05300139D52 /* EELDetailHeader.xib in Resources */,
				4DC1A11C1912F9A200228F5A /* InfoPlist.strings in Resources */,
				4D87F4C41949887E00740558 /* EELMenuItemCell.xib in Resources */,
				4D37D4671949284D00034769 /* EELReviewCell.xib in Resources */,
				4DCFE51A1948BE3100139D52 /* EELDetailListCell.xib in Resources */,
				4D37D46C19494F9F00034769 /* EELListHeaderTableViewCell.xib in Resources */,
				4D37D4651949139500034769 /* EELListTableViewCell.xib in Resources */,
				4DC1A1251912F9A200228F5A /* Main.storyboard in Resources */,
			);
			runOnlyForDeploymentPostprocessing = 0;
		};
		4DC1A12D1912F9A200228F5A /* Resources */ = {
			isa = PBXResourcesBuildPhase;
			buildActionMask = 2147483647;
			files = (
				4DC1A13B1912F9A200228F5A /* InfoPlist.strings in Resources */,
			);
			runOnlyForDeploymentPostprocessing = 0;
		};
/* End PBXResourcesBuildPhase section */

/* Begin PBXShellScriptBuildPhase section */
		51D61E9C47EA452FB66F9A28 /* Check Pods Manifest.lock */ = {
			isa = PBXShellScriptBuildPhase;
			buildActionMask = 2147483647;
			files = (
			);
			inputPaths = (
			);
			name = "Check Pods Manifest.lock";
			outputPaths = (
			);
			runOnlyForDeploymentPostprocessing = 0;
			shellPath = /bin/sh;
			shellScript = "diff \"${PODS_ROOT}/../Podfile.lock\" \"${PODS_ROOT}/Manifest.lock\" > /dev/null\nif [[ $? != 0 ]] ; then\n    cat << EOM\nerror: The sandbox is not in sync with the Podfile.lock. Run 'pod install' or update your CocoaPods installation.\nEOM\n    exit 1\nfi\n";
			showEnvVarsInLog = 0;
		};
		FFE17794F2F446F0B13AB10F /* Copy Pods Resources */ = {
			isa = PBXShellScriptBuildPhase;
			buildActionMask = 2147483647;
			files = (
			);
			inputPaths = (
			);
			name = "Copy Pods Resources";
			outputPaths = (
			);
			runOnlyForDeploymentPostprocessing = 0;
			shellPath = /bin/sh;
			shellScript = "\"${SRCROOT}/Pods/Pods-resources.sh\"\n";
			showEnvVarsInLog = 0;
		};
/* End PBXShellScriptBuildPhase section */

/* Begin PBXSourcesBuildPhase section */
		4DC1A10A1912F9A200228F5A /* Sources */ = {
			isa = PBXSourcesBuildPhase;
			buildActionMask = 2147483647;
			files = (
				4D75E0BB1943F44800A25AB6 /* AAPLBasicCell.m in Sources */,
				4DC1A11E1912F9A200228F5A /* main.m in Sources */,
				4D544BA219441518000718D7 /* EELReviewCell.m in Sources */,
				4D9DDDFC1915BA81006E5B03 /* EELReview.m in Sources */,
				4D75E09F1943F42200A25AB6 /* UIView+Helpers.m in Sources */,
				4D75E0A41943F42200A25AB6 /* AAPLSegmentedDataSource.m in Sources */,
				4D75E0D41944022800A25AB6 /* EELDetailHeader.m in Sources */,
				4D75E0A91943F42200A25AB6 /* AAPLCollectionViewController.m in Sources */,
				4D75E0BF1943F44800A25AB6 /* AAPLPlaceholderView.m in Sources */,
				4D87F4BC1949851B00740558 /* EELMenuDataSource.m in Sources */,
				4D75E0A71943F42200A25AB6 /* AAPLCollectionViewGridLayoutAttributes.m in Sources */,
				4D75E09B1943F42200A25AB6 /* AAPLStateMachine.m in Sources */,
				4D75E09E1943F42200A25AB6 /* UICollectionView+Helpers.m in Sources */,
				4D75E0AA1943F42200A25AB6 /* AAPLSwipeToEditStateMachine.m in Sources */,
				4DD1FFF8194641650072D5B4 /* EELListTableView.m in Sources */,
				4D544BA61944F1E9000718D7 /* EELDispensaryInfoListDataSource.m in Sources */,
				4D75E09D1943F42200A25AB6 /* NSObject+KVOBlock.m in Sources */,
				4D87F4B9194984CF00740558 /* EELMenuViewController.m in Sources */,
				4D75E0C51943F73A00A25AB6 /* EELDispensaryDetailDataSource.m in Sources */,
				4D75E09C1943F42200A25AB6 /* AAPLDataSource+Headers.m in Sources */,
				4D37D46B19494F9F00034769 /* EELListHeaderTableViewCell.m in Sources */,
				4D75E0C11943F44800A25AB6 /* AAPLSegmentedHeaderView.m in Sources */,
				4D06F69719186AF1005597F9 /* EELMenu.m in Sources */,
				4D75E0CE1943F96C00A25AB6 /* EELReviewsDataSource.m in Sources */,
				4D75E0A11943F42200A25AB6 /* AAPLComposedDataSource.m in Sources */,
				4D37D4641949139500034769 /* EELListTableViewCell.m in Sources */,
				4D87F4C21949884000740558 /* EELMenuItemCell.m in Sources */,
				4D75E0BD1943F44800A25AB6 /* AAPLHairlineView.m in Sources */,
				4D75E0A21943F42200A25AB6 /* AAPLComposedDataSource_Private.m in Sources */,
				4D9DDE0419169629006E5B03 /* EELMenuItem.m in Sources */,
				4DD4930C1915827D001A6203 /* EELMainViewController.m in Sources */,
				4D75E0991943F42200A25AB6 /* AAPLAction.m in Sources */,
				4D75E0C01943F44800A25AB6 /* AAPLSectionHeaderView.m in Sources */,
				4D75E0BE1943F44800A25AB6 /* AAPLPinnableHeaderView.m in Sources */,
				4D9DDDF91915BA75006E5B03 /* EELAccount.m in Sources */,
				4D75E0A01943F42200A25AB6 /* AAPLBasicDataSource.m in Sources */,
				4D75E09A1943F42200A25AB6 /* AAPLContentLoading.m in Sources */,
				4DC1A1221912F9A200228F5A /* EELAppDelegate.m in Sources */,
				4DCFE51D1948BEA500139D52 /* EELDeal.m in Sources */,
				4D9DDDFF1915BAA4006E5B03 /* EELSmokinOn.m in Sources */,
				4DD1FFF519461E7E0072D5B4 /* DKScrollingTabController.m in Sources */,
				4D75E0A81943F42200A25AB6 /* AAPLLayoutMetrics.m in Sources */,
				4D75E0A51943F42200A25AB6 /* AAPLCollectionViewGridLayout.m in Sources */,
				4D75E0A31943F42200A25AB6 /* AAPLDataSource.m in Sources */,
				4D75E0A61943F42200A25AB6 /* AAPLCollectionViewGridLayout_Internal.m in Sources */,
				4D9DDDF01915AC89006E5B03 /* EELWMClient.m in Sources */,
				4D75E0D11943FBE200A25AB6 /* EELDetailViewController.m in Sources */,
				4D87F4BF1949865600740558 /* EELMenuItemsDataSource.m in Sources */,
				4D9DDDF61915AFEB006E5B03 /* EELDispensary.m in Sources */,
				4D75E0BC1943F44800A25AB6 /* AAPLCollectionViewCell.m in Sources */,
				4D9DDE0B1916AD74006E5B03 /* EELArrayDataSource.m in Sources */,
				4DCFE5201948BF1400139D52 /* EELDetailListCell.m in Sources */,
			);
			runOnlyForDeploymentPostprocessing = 0;
		};
		4DC1A12B1912F9A200228F5A /* Sources */ = {
			isa = PBXSourcesBuildPhase;
			buildActionMask = 2147483647;
			files = (
				4DC1A13D1912F9A200228F5A /* weedlyTests.m in Sources */,
			);
			runOnlyForDeploymentPostprocessing = 0;
		};
/* End PBXSourcesBuildPhase section */

/* Begin PBXTargetDependency section */
		4DC1A1351912F9A200228F5A /* PBXTargetDependency */ = {
			isa = PBXTargetDependency;
			target = 4DC1A10D1912F9A200228F5A /* Weedly */;
			targetProxy = 4DC1A1341912F9A200228F5A /* PBXContainerItemProxy */;
		};
/* End PBXTargetDependency section */

/* Begin PBXVariantGroup section */
		4DC1A11A1912F9A200228F5A /* InfoPlist.strings */ = {
			isa = PBXVariantGroup;
			children = (
				4DC1A11B1912F9A200228F5A /* en */,
			);
			name = InfoPlist.strings;
			sourceTree = "<group>";
		};
		4DC1A1231912F9A200228F5A /* Main.storyboard */ = {
			isa = PBXVariantGroup;
			children = (
				4DC1A1241912F9A200228F5A /* Base */,
			);
			name = Main.storyboard;
			sourceTree = "<group>";
		};
		4DC1A1391912F9A200228F5A /* InfoPlist.strings */ = {
			isa = PBXVariantGroup;
			children = (
				4DC1A13A1912F9A200228F5A /* en */,
			);
			name = InfoPlist.strings;
			sourceTree = "<group>";
		};
/* End PBXVariantGroup section */

/* Begin XCBuildConfiguration section */
		4DC1A13E1912F9A200228F5A /* Debug */ = {
			isa = XCBuildConfiguration;
			buildSettings = {
				ALWAYS_SEARCH_USER_PATHS = NO;
				CLANG_CXX_LANGUAGE_STANDARD = "gnu++0x";
				CLANG_CXX_LIBRARY = "libc++";
				CLANG_ENABLE_MODULES = YES;
				CLANG_ENABLE_OBJC_ARC = YES;
				CLANG_WARN_BOOL_CONVERSION = YES;
				CLANG_WARN_CONSTANT_CONVERSION = YES;
				CLANG_WARN_DIRECT_OBJC_ISA_USAGE = YES_ERROR;
				CLANG_WARN_EMPTY_BODY = YES;
				CLANG_WARN_ENUM_CONVERSION = YES;
				CLANG_WARN_INT_CONVERSION = YES;
				CLANG_WARN_OBJC_ROOT_CLASS = YES_ERROR;
				CLANG_WARN__DUPLICATE_METHOD_MATCH = YES;
				"CODE_SIGN_IDENTITY[sdk=iphoneos*]" = "iPhone Developer";
				COPY_PHASE_STRIP = NO;
				GCC_C_LANGUAGE_STANDARD = gnu99;
				GCC_DYNAMIC_NO_PIC = NO;
				GCC_OPTIMIZATION_LEVEL = 0;
				GCC_PREPROCESSOR_DEFINITIONS = (
					"DEBUG=1",
					"$(inherited)",
				);
				GCC_SYMBOLS_PRIVATE_EXTERN = NO;
				GCC_WARN_64_TO_32_BIT_CONVERSION = YES;
				GCC_WARN_ABOUT_RETURN_TYPE = YES_ERROR;
				GCC_WARN_UNDECLARED_SELECTOR = YES;
				GCC_WARN_UNINITIALIZED_AUTOS = YES_AGGRESSIVE;
				GCC_WARN_UNUSED_FUNCTION = YES;
				GCC_WARN_UNUSED_VARIABLE = YES;
				IPHONEOS_DEPLOYMENT_TARGET = 7.1;
				ONLY_ACTIVE_ARCH = YES;
				SDKROOT = iphoneos;
			};
			name = Debug;
		};
		4DC1A13F1912F9A200228F5A /* Release */ = {
			isa = XCBuildConfiguration;
			buildSettings = {
				ALWAYS_SEARCH_USER_PATHS = NO;
				CLANG_CXX_LANGUAGE_STANDARD = "gnu++0x";
				CLANG_CXX_LIBRARY = "libc++";
				CLANG_ENABLE_MODULES = YES;
				CLANG_ENABLE_OBJC_ARC = YES;
				CLANG_WARN_BOOL_CONVERSION = YES;
				CLANG_WARN_CONSTANT_CONVERSION = YES;
				CLANG_WARN_DIRECT_OBJC_ISA_USAGE = YES_ERROR;
				CLANG_WARN_EMPTY_BODY = YES;
				CLANG_WARN_ENUM_CONVERSION = YES;
				CLANG_WARN_INT_CONVERSION = YES;
				CLANG_WARN_OBJC_ROOT_CLASS = YES_ERROR;
				CLANG_WARN__DUPLICATE_METHOD_MATCH = YES;
				"CODE_SIGN_IDENTITY[sdk=iphoneos*]" = "iPhone Developer";
				COPY_PHASE_STRIP = YES;
				ENABLE_NS_ASSERTIONS = NO;
				GCC_C_LANGUAGE_STANDARD = gnu99;
				GCC_WARN_64_TO_32_BIT_CONVERSION = YES;
				GCC_WARN_ABOUT_RETURN_TYPE = YES_ERROR;
				GCC_WARN_UNDECLARED_SELECTOR = YES;
				GCC_WARN_UNINITIALIZED_AUTOS = YES_AGGRESSIVE;
				GCC_WARN_UNUSED_FUNCTION = YES;
				GCC_WARN_UNUSED_VARIABLE = YES;
				IPHONEOS_DEPLOYMENT_TARGET = 7.1;
				SDKROOT = iphoneos;
				VALIDATE_PRODUCT = YES;
			};
			name = Release;
		};
		4DC1A1411912F9A200228F5A /* Debug */ = {
			isa = XCBuildConfiguration;
			baseConfigurationReference = D13BE086C5424174BDE85D1C /* Pods.xcconfig */;
			buildSettings = {
				ASSETCATALOG_COMPILER_APPICON_NAME = AppIcon;
				ASSETCATALOG_COMPILER_LAUNCHIMAGE_NAME = LaunchImage;
				CODE_SIGN_IDENTITY = "iPhone Developer";
				GCC_PRECOMPILE_PREFIX_HEADER = YES;
				GCC_PREFIX_HEADER = "weedly/weedly-Prefix.pch";
				INFOPLIST_FILE = "weedly/weedly-Info.plist";
				IPHONEOS_DEPLOYMENT_TARGET = 7.0;
				PRODUCT_NAME = "$(TARGET_NAME)";
				WRAPPER_EXTENSION = app;
			};
			name = Debug;
		};
		4DC1A1421912F9A200228F5A /* Release */ = {
			isa = XCBuildConfiguration;
			baseConfigurationReference = D13BE086C5424174BDE85D1C /* Pods.xcconfig */;
			buildSettings = {
				ASSETCATALOG_COMPILER_APPICON_NAME = AppIcon;
				ASSETCATALOG_COMPILER_LAUNCHIMAGE_NAME = LaunchImage;
				CODE_SIGN_IDENTITY = "iPhone Developer";
				GCC_PRECOMPILE_PREFIX_HEADER = YES;
				GCC_PREFIX_HEADER = "weedly/weedly-Prefix.pch";
				INFOPLIST_FILE = "weedly/weedly-Info.plist";
				IPHONEOS_DEPLOYMENT_TARGET = 7.0;
				PRODUCT_NAME = "$(TARGET_NAME)";
				WRAPPER_EXTENSION = app;
			};
			name = Release;
		};
		4DC1A1441912F9A200228F5A /* Debug */ = {
			isa = XCBuildConfiguration;
			buildSettings = {
				BUNDLE_LOADER = "$(BUILT_PRODUCTS_DIR)/weedly.app/weedly";
				FRAMEWORK_SEARCH_PATHS = (
					"$(SDKROOT)/Developer/Library/Frameworks",
					"$(inherited)",
					"$(DEVELOPER_FRAMEWORKS_DIR)",
				);
				GCC_PRECOMPILE_PREFIX_HEADER = YES;
				GCC_PREFIX_HEADER = "weedly/weedly-Prefix.pch";
				GCC_PREPROCESSOR_DEFINITIONS = (
					"DEBUG=1",
					"$(inherited)",
				);
				INFOPLIST_FILE = "weedlyTests/weedlyTests-Info.plist";
				PRODUCT_NAME = "$(TARGET_NAME)";
				TEST_HOST = "$(BUNDLE_LOADER)";
				WRAPPER_EXTENSION = xctest;
			};
			name = Debug;
		};
		4DC1A1451912F9A200228F5A /* Release */ = {
			isa = XCBuildConfiguration;
			buildSettings = {
				BUNDLE_LOADER = "$(BUILT_PRODUCTS_DIR)/weedly.app/weedly";
				FRAMEWORK_SEARCH_PATHS = (
					"$(SDKROOT)/Developer/Library/Frameworks",
					"$(inherited)",
					"$(DEVELOPER_FRAMEWORKS_DIR)",
				);
				GCC_PRECOMPILE_PREFIX_HEADER = YES;
				GCC_PREFIX_HEADER = "weedly/weedly-Prefix.pch";
				INFOPLIST_FILE = "weedlyTests/weedlyTests-Info.plist";
				PRODUCT_NAME = "$(TARGET_NAME)";
				TEST_HOST = "$(BUNDLE_LOADER)";
				WRAPPER_EXTENSION = xctest;
			};
			name = Release;
		};
/* End XCBuildConfiguration section */

/* Begin XCConfigurationList section */
		4DC1A1091912F9A200228F5A /* Build configuration list for PBXProject "weedly" */ = {
			isa = XCConfigurationList;
			buildConfigurations = (
				4DC1A13E1912F9A200228F5A /* Debug */,
				4DC1A13F1912F9A200228F5A /* Release */,
			);
			defaultConfigurationIsVisible = 0;
			defaultConfigurationName = Release;
		};
		4DC1A1401912F9A200228F5A /* Build configuration list for PBXNativeTarget "Weedly" */ = {
			isa = XCConfigurationList;
			buildConfigurations = (
				4DC1A1411912F9A200228F5A /* Debug */,
				4DC1A1421912F9A200228F5A /* Release */,
			);
			defaultConfigurationIsVisible = 0;
			defaultConfigurationName = Release;
		};
		4DC1A1431912F9A200228F5A /* Build configuration list for PBXNativeTarget "weedlyTests" */ = {
			isa = XCConfigurationList;
			buildConfigurations = (
				4DC1A1441912F9A200228F5A /* Debug */,
				4DC1A1451912F9A200228F5A /* Release */,
			);
			defaultConfigurationIsVisible = 0;
			defaultConfigurationName = Release;
		};
/* End XCConfigurationList section */
	};
	rootObject = 4DC1A1061912F9A200228F5A /* Project object */;
}
